{
  "version": 4,
  "terraform_version": "0.12.28",
  "serial": 46,
  "lineage": "fcdc4839-665d-aa8b-fe5b-6932da0fe876",
  "outputs": {
    "fip": {
      "value": "192.168.97.250",
      "type": "string"
    }
  },
  "resources": [
    {
      "mode": "data",
      "type": "openstack_compute_keypair_v2",
      "name": "user_key",
      "provider": "provider.openstack",
      "instances": [
        {
          "schema_version": 0,
          "attributes": {
            "fingerprint": "44:86:af:96:ad:8a:a2:2c:0b:ad:6a:2a:53:0d:e7:9d",
            "id": "my_poc_key",
            "name": "my_poc_key",
            "public_key": "ssh-rsa AAAAB3NzaC1yc2EAAAADAQABAAABAQDJZiZSZWPJdi/tahgPIX6qG/ynIDoK9jeS1xbSTna/Ngy+ZkYXefOkuFsga79NB23QVE4ruJlyqz3wq8jX0yQOLiUTvveJ+CgDRLA3GAe/MQEhpCMTyP+oxV/iKLaxZJLeKIy08pnBU28Ep1IFU7JRFbW8uYNhCXrRc7X3+6IHF5/t/x6CdLdRG+XzrzjnRPY4DoKm1JHFKPIOjxawr9++P645Edjx4YiqE4gAPrpeTU/i7TD54wrTl2boXEHdg2TPLkN9a4khAKbLS58GAb1kyNI6lV1X22sHdHX/wzIsnCvUPtMWkGc1Cg7su78NBVT1D3OVEQGt4P4HUwMDRTAz jinho@DESKTOP-508L2AT\n",
            "region": "RegionOne"
          }
        }
      ]
    },
    {
      "mode": "data",
      "type": "openstack_networking_network_v2",
      "name": "external_network",
      "provider": "provider.openstack",
      "instances": [
        {
          "schema_version": 0,
          "attributes": {
            "admin_state_up": "true",
            "all_tags": [],
            "availability_zone_hints": [],
            "description": "",
            "dns_domain": "",
            "external": true,
            "id": "e98e5ab1-1775-46bb-8a7b-ae1ced2950ff",
            "matching_subnet_cidr": null,
            "mtu": 9000,
            "name": "public-provider-97",
            "network_id": null,
            "region": "RegionOne",
            "shared": "true",
            "status": null,
            "tags": null,
            "tenant_id": "df9dcc3281364b3886ed0d9b89c909de",
            "transparent_vlan": false
          }
        }
      ]
    },
    {
      "mode": "data",
      "type": "openstack_networking_router_v2",
      "name": "jinho-router",
      "provider": "provider.openstack",
      "instances": [
        {
          "schema_version": 0,
          "attributes": {
            "admin_state_up": true,
            "all_tags": [],
            "availability_zone_hints": [],
            "description": "",
            "distributed": false,
            "enable_snat": true,
            "external_fixed_ip": [
              {
                "ip_address": "192.168.97.214",
                "subnet_id": "15976828-7739-4ddd-b2ca-ff7dc40cf5d1"
              }
            ],
            "external_network_id": "e98e5ab1-1775-46bb-8a7b-ae1ced2950ff",
            "id": "58a4ec80-45da-424c-9803-df481ef36895",
            "name": "jinho-router",
            "region": "RegionOne",
            "router_id": null,
            "status": "ACTIVE",
            "tags": null,
            "tenant_id": "efa204b141a74532b47688871dabb69a"
          }
        }
      ]
    },
    {
      "mode": "data",
      "type": "openstack_networking_secgroup_v2",
      "name": "external",
      "provider": "provider.openstack",
      "instances": [
        {
          "schema_version": 0,
          "attributes": {
            "all_tags": [],
            "description": "Open input external port",
            "id": "e755801b-c8e4-447e-8b5e-8a9ce211c12e",
            "name": "external",
            "region": "RegionOne",
            "secgroup_id": null,
            "tags": null,
            "tenant_id": "efa204b141a74532b47688871dabb69a"
          }
        }
      ]
    },
    {
      "mode": "data",
      "type": "openstack_networking_secgroup_v2",
      "name": "ssh",
      "provider": "provider.openstack",
      "instances": [
        {
          "schema_version": 0,
          "attributes": {
            "all_tags": [],
            "description": "Open input ssh port",
            "id": "7032396a-b6fe-4a21-9ad2-e5231a00b38c",
            "name": "ssh",
            "region": "RegionOne",
            "secgroup_id": null,
            "tags": null,
            "tenant_id": "efa204b141a74532b47688871dabb69a"
          }
        }
      ]
    },
    {
      "mode": "managed",
      "type": "openstack_compute_floatingip_associate_v2",
      "name": "http",
      "provider": "provider.openstack",
      "instances": [
        {
          "schema_version": 0,
          "attributes": {
            "fixed_ip": "",
            "floating_ip": "192.168.97.250",
            "id": "192.168.97.250/88e12158-ccd4-4307-bc18-e26dec3e3385/",
            "instance_id": "88e12158-ccd4-4307-bc18-e26dec3e3385",
            "region": "RegionOne",
            "timeouts": null,
            "wait_until_associated": null
          },
          "private": "eyJlMmJmYjczMC1lY2FhLTExZTYtOGY4OC0zNDM2M2JjN2M0YzAiOnsiY3JlYXRlIjo2MDAwMDAwMDAwMDB9fQ==",
          "dependencies": [
            "openstack_compute_instance_v2.http",
            "openstack_networking_floatingip_v2.http",
            "openstack_networking_network_v2.vpc",
            "openstack_networking_port_v2.http",
            "openstack_networking_subnet_v2.http"
          ]
        }
      ]
    },
    {
      "mode": "managed",
      "type": "openstack_compute_instance_v2",
      "name": "http",
      "provider": "provider.openstack",
      "instances": [
        {
          "schema_version": 0,
          "attributes": {
            "access_ip_v4": "11.11.11.5",
            "access_ip_v6": "",
            "admin_pass": null,
            "all_metadata": {},
            "all_tags": [],
            "availability_zone": "r06",
            "availability_zone_hints": null,
            "block_device": [],
            "config_drive": null,
            "flavor_id": "d7dd5f3f-3024-4c0e-b08e-a01daba6620e",
            "flavor_name": "m1.medium",
            "floating_ip": null,
            "force_delete": false,
            "id": "88e12158-ccd4-4307-bc18-e26dec3e3385",
            "image_id": "8181d7c5-0218-4a77-9333-01f84bb498de",
            "image_name": "CentOS-7-1907",
            "key_pair": "my_poc_key",
            "metadata": null,
            "name": "http",
            "network": [
              {
                "access_network": false,
                "fixed_ip_v4": "11.11.11.5",
                "fixed_ip_v6": "",
                "floating_ip": "",
                "mac": "fa:16:3e:7b:b6:f5",
                "name": "private-net-1",
                "port": "8a0e056c-149b-49e6-b4f7-0103a297f03d",
                "uuid": "56cdb65f-ec96-498f-9c6c-41f31a09c6f8"
              }
            ],
            "personality": [],
            "power_state": "active",
            "region": "RegionOne",
            "scheduler_hints": [],
            "security_groups": [
              "external",
              "ssh"
            ],
            "stop_before_destroy": false,
            "tags": null,
            "timeouts": null,
            "user_data": "d1835567291e54e9bf0ab09a279c569c7f1a4ede",
            "vendor_options": [],
            "volume": []
          },
          "private": "eyJlMmJmYjczMC1lY2FhLTExZTYtOGY4OC0zNDM2M2JjN2M0YzAiOnsiY3JlYXRlIjoxODAwMDAwMDAwMDAwLCJkZWxldGUiOjE4MDAwMDAwMDAwMDAsInVwZGF0ZSI6MTgwMDAwMDAwMDAwMH19",
          "dependencies": [
            "openstack_networking_network_v2.vpc",
            "openstack_networking_port_v2.http",
            "openstack_networking_subnet_v2.http"
          ]
        }
      ]
    },
    {
      "mode": "managed",
      "type": "openstack_networking_floatingip_v2",
      "name": "http",
      "provider": "provider.openstack",
      "instances": [
        {
          "schema_version": 0,
          "attributes": {
            "address": "192.168.97.250",
            "all_tags": [],
            "description": "",
            "dns_domain": "",
            "dns_name": "",
            "fixed_ip": "",
            "id": "a7b96897-d7c6-4d73-9bc1-fa4f84c9b47f",
            "pool": "public-provider-97",
            "port_id": "",
            "region": "RegionOne",
            "subnet_id": null,
            "tags": null,
            "tenant_id": "efa204b141a74532b47688871dabb69a",
            "timeouts": null,
            "value_specs": null
          },
          "private": "eyJlMmJmYjczMC1lY2FhLTExZTYtOGY4OC0zNDM2M2JjN2M0YzAiOnsiY3JlYXRlIjo2MDAwMDAwMDAwMDAsImRlbGV0ZSI6NjAwMDAwMDAwMDAwfX0="
        }
      ]
    },
    {
      "mode": "managed",
      "type": "openstack_networking_network_v2",
      "name": "vpc",
      "provider": "provider.openstack",
      "instances": [
        {
          "schema_version": 0,
          "attributes": {
            "admin_state_up": true,
            "all_tags": [],
            "availability_zone_hints": [],
            "description": "",
            "dns_domain": "",
            "external": false,
            "id": "56cdb65f-ec96-498f-9c6c-41f31a09c6f8",
            "mtu": 8950,
            "name": "private-net-1",
            "port_security_enabled": true,
            "qos_policy_id": "",
            "region": "RegionOne",
            "segments": [],
            "shared": false,
            "tags": null,
            "tenant_id": "efa204b141a74532b47688871dabb69a",
            "timeouts": null,
            "transparent_vlan": false,
            "value_specs": null
          },
          "private": "eyJlMmJmYjczMC1lY2FhLTExZTYtOGY4OC0zNDM2M2JjN2M0YzAiOnsiY3JlYXRlIjo2MDAwMDAwMDAwMDAsImRlbGV0ZSI6NjAwMDAwMDAwMDAwfX0="
        }
      ]
    },
    {
      "mode": "managed",
      "type": "openstack_networking_port_v2",
      "name": "http",
      "provider": "provider.openstack",
      "instances": [
        {
          "schema_version": 0,
          "attributes": {
            "admin_state_up": true,
            "all_fixed_ips": [
              "11.11.11.5"
            ],
            "all_security_group_ids": [
              "7032396a-b6fe-4a21-9ad2-e5231a00b38c",
              "e755801b-c8e4-447e-8b5e-8a9ce211c12e"
            ],
            "all_tags": [],
            "allowed_address_pairs": [],
            "binding": [
              {
                "host_id": "",
                "profile": "null",
                "vif_details": {},
                "vif_type": "",
                "vnic_type": "normal"
              }
            ],
            "description": "",
            "device_id": "",
            "device_owner": "",
            "dns_assignment": [],
            "dns_name": "",
            "extra_dhcp_option": [],
            "fixed_ip": [
              {
                "ip_address": "11.11.11.5",
                "subnet_id": "5fe80aa2-18f7-418d-a2d2-b2330be0e023"
              }
            ],
            "id": "8a0e056c-149b-49e6-b4f7-0103a297f03d",
            "mac_address": "fa:16:3e:7b:b6:f5",
            "name": "port-instance-http",
            "network_id": "56cdb65f-ec96-498f-9c6c-41f31a09c6f8",
            "no_fixed_ip": null,
            "no_security_groups": null,
            "port_security_enabled": true,
            "qos_policy_id": "",
            "region": "RegionOne",
            "security_group_ids": [
              "7032396a-b6fe-4a21-9ad2-e5231a00b38c",
              "e755801b-c8e4-447e-8b5e-8a9ce211c12e"
            ],
            "tags": null,
            "tenant_id": "efa204b141a74532b47688871dabb69a",
            "timeouts": null,
            "value_specs": null
          },
          "private": "eyJlMmJmYjczMC1lY2FhLTExZTYtOGY4OC0zNDM2M2JjN2M0YzAiOnsiY3JlYXRlIjo2MDAwMDAwMDAwMDAsImRlbGV0ZSI6NjAwMDAwMDAwMDAwfX0=",
          "dependencies": [
            "openstack_networking_network_v2.vpc",
            "openstack_networking_subnet_v2.http"
          ]
        }
      ]
    },
    {
      "mode": "managed",
      "type": "openstack_networking_router_interface_v2",
      "name": "http",
      "provider": "provider.openstack",
      "instances": [
        {
          "schema_version": 0,
          "attributes": {
            "id": "1f53db4d-25bd-44f1-9aac-e1c132906d79",
            "port_id": "1f53db4d-25bd-44f1-9aac-e1c132906d79",
            "region": "RegionOne",
            "router_id": "58a4ec80-45da-424c-9803-df481ef36895",
            "subnet_id": "5fe80aa2-18f7-418d-a2d2-b2330be0e023",
            "timeouts": null
          },
          "private": "eyJlMmJmYjczMC1lY2FhLTExZTYtOGY4OC0zNDM2M2JjN2M0YzAiOnsiY3JlYXRlIjo2MDAwMDAwMDAwMDAsImRlbGV0ZSI6NjAwMDAwMDAwMDAwfX0=",
          "dependencies": [
            "openstack_networking_network_v2.vpc",
            "openstack_networking_subnet_v2.http"
          ]
        }
      ]
    },
    {
      "mode": "managed",
      "type": "openstack_networking_subnet_v2",
      "name": "http",
      "provider": "provider.openstack",
      "instances": [
        {
          "schema_version": 0,
          "attributes": {
            "all_tags": [],
            "allocation_pool": [
              {
                "end": "11.11.11.254",
                "start": "11.11.11.2"
              }
            ],
            "allocation_pools": [
              {
                "end": "11.11.11.254",
                "start": "11.11.11.2"
              }
            ],
            "cidr": "11.11.11.0/24",
            "description": "",
            "dns_nameservers": [
              "8.8.8.8",
              "8.8.8.4"
            ],
            "enable_dhcp": true,
            "gateway_ip": "11.11.11.1",
            "host_routes": [],
            "id": "5fe80aa2-18f7-418d-a2d2-b2330be0e023",
            "ip_version": 4,
            "ipv6_address_mode": "",
            "ipv6_ra_mode": "",
            "name": "subnet-http",
            "network_id": "56cdb65f-ec96-498f-9c6c-41f31a09c6f8",
            "no_gateway": false,
            "prefix_length": null,
            "region": "RegionOne",
            "subnetpool_id": "",
            "tags": null,
            "tenant_id": "efa204b141a74532b47688871dabb69a",
            "timeouts": null,
            "value_specs": null
          },
          "private": "eyJlMmJmYjczMC1lY2FhLTExZTYtOGY4OC0zNDM2M2JjN2M0YzAiOnsiY3JlYXRlIjo2MDAwMDAwMDAwMDAsImRlbGV0ZSI6NjAwMDAwMDAwMDAwfX0=",
          "dependencies": [
            "openstack_networking_network_v2.vpc"
          ]
        }
      ]
    }
  ]
}
