{
  "version": 4,
  "terraform_version": "0.12.24",
  "serial": 13,
  "lineage": "3f4e21bd-f4d4-c7e1-1596-55cabe6e7c56",
  "outputs": {},
  "resources": [
    {
      "mode": "managed",
      "type": "openstack_compute_instance_v2",
      "name": "http",
      "provider": "provider.openstack",
      "instances": [
        {
          "schema_version": 0,
          "attributes": {
            "access_ip_v4": "11.11.11.100",
            "access_ip_v6": "",
            "admin_pass": null,
            "all_metadata": {},
            "all_tags": [],
            "availability_zone": "r06",
            "availability_zone_hints": null,
            "block_device": [],
            "config_drive": null,
            "flavor_id": "d7dd5f3f-3024-4c0e-b08e-a01daba6620e",
            "flavor_name": "m1.medium",
            "floating_ip": null,
            "force_delete": false,
            "id": "8b2c8590-4392-4b5d-9c7c-ef13ada0410c",
            "image_id": "8181d7c5-0218-4a77-9333-01f84bb498de",
            "image_name": "CentOS-7-1907",
            "key_pair": "jinho_key",
            "metadata": null,
            "name": "http",
            "network": [
              {
                "access_network": false,
                "fixed_ip_v4": "11.11.11.100",
                "fixed_ip_v6": "",
                "floating_ip": "",
                "mac": "fa:16:3e:49:f2:1d",
                "name": "network-generic",
                "port": "f091c619-eded-49b4-86e2-e8aedcbaceeb",
                "uuid": "9a030519-061d-4cbe-a049-4362bd090ba2"
              }
            ],
            "personality": [],
            "power_state": "active",
            "region": "RegionOne",
            "scheduler_hints": [],
            "security_groups": [
              "http",
              "ssh"
            ],
            "stop_before_destroy": false,
            "tags": [],
            "timeouts": null,
            "user_data": "62a1e17a8ab950e59e56563ebf327d9a14520575",
            "vendor_options": [],
            "volume": []
          },
          "private": "eyJlMmJmYjczMC1lY2FhLTExZTYtOGY4OC0zNDM2M2JjN2M0YzAiOnsiY3JlYXRlIjoxODAwMDAwMDAwMDAwLCJkZWxldGUiOjE4MDAwMDAwMDAwMDAsInVwZGF0ZSI6MTgwMDAwMDAwMDAwMH19",
          "dependencies": [
            "openstack_compute_keypair_v2.user_key",
            "openstack_compute_secgroup_v2.http",
            "openstack_compute_secgroup_v2.ssh",
            "openstack_networking_network_v2.generic",
            "openstack_networking_port_v2.http",
            "openstack_networking_subnet_v2.http"
          ]
        }
      ]
    },
    {
      "mode": "managed",
      "type": "openstack_compute_keypair_v2",
      "name": "user_key",
      "provider": "provider.openstack",
      "instances": [
        {
          "schema_version": 0,
          "attributes": {
            "fingerprint": "5e:40:19:04:8a:e1:ae:7b:05:e8:2c:8e:3b:a1:a2:10",
            "id": "jinho_key",
            "name": "jinho_key",
            "private_key": "",
            "public_key": "ssh-rsa AAAAB3NzaC1yc2EAAAADAQABAAABAQCtjwQPOoU46oAnb1Z3s8dp3p/xGEaGpApPliMgZno8+dOOkMai7sIlqrkLFB8SK01MNJVfNQNA3S9IQFpllJ7Z8U6BNKyKz5KR5YbHu+pkhp9qAwg6Rw3bd6CW81aI/TEjgzxOQ0mxtb8P/ku7FHL1W5ABF+bVmKORUfe0iIdbz46NHDA81ucVd4T5dAmu7EgouXdujQ5tU/8F9xWDXPjeBepq6AVY4+03i3oZOJfRPRY3HGxrtDv7aTwtRCjPcWQBSK2zFOz9BghusSWUY5/BUENuth/ijcmPUuqgkzYhN/Y54Z9wBoVbBK+tAr/isK0IzeOU/6+aBHebxITzkaIl mf839-028@MF839-028.local\n",
            "region": "RegionOne",
            "value_specs": null
          },
          "private": "bnVsbA=="
        }
      ]
    },
    {
      "mode": "managed",
      "type": "openstack_compute_secgroup_v2",
      "name": "http",
      "provider": "provider.openstack",
      "instances": [
        {
          "schema_version": 0,
          "attributes": {
            "description": "Open input http port",
            "id": "6c0c868d-6019-4d24-9888-2f1ea0b8ea58",
            "name": "http",
            "region": "RegionOne",
            "rule": [
              {
                "cidr": "0.0.0.0/0",
                "from_group_id": "",
                "from_port": 80,
                "id": "2355ec77-16eb-44ba-9c49-d7b1f3360f4e",
                "ip_protocol": "tcp",
                "self": false,
                "to_port": 80
              }
            ],
            "timeouts": null
          },
          "private": "eyJlMmJmYjczMC1lY2FhLTExZTYtOGY4OC0zNDM2M2JjN2M0YzAiOnsiZGVsZXRlIjo2MDAwMDAwMDAwMDB9fQ=="
        }
      ]
    },
    {
      "mode": "managed",
      "type": "openstack_compute_secgroup_v2",
      "name": "ssh",
      "provider": "provider.openstack",
      "instances": [
        {
          "schema_version": 0,
          "attributes": {
            "description": "Open input ssh port",
            "id": "d8b19a8c-7225-4045-aee4-56bfa72dc2f6",
            "name": "ssh",
            "region": "RegionOne",
            "rule": [
              {
                "cidr": "0.0.0.0/0",
                "from_group_id": "",
                "from_port": 22,
                "id": "2da2906f-7ce9-44d3-93c0-e655d8035d3b",
                "ip_protocol": "tcp",
                "self": false,
                "to_port": 22
              }
            ],
            "timeouts": null
          },
          "private": "eyJlMmJmYjczMC1lY2FhLTExZTYtOGY4OC0zNDM2M2JjN2M0YzAiOnsiZGVsZXRlIjo2MDAwMDAwMDAwMDB9fQ=="
        }
      ]
    },
    {
      "mode": "managed",
      "type": "openstack_networking_floatingip_v2",
      "name": "http",
      "provider": "provider.openstack",
      "instances": [
        {
          "schema_version": 0,
          "attributes": {
            "address": "192.168.97.79",
            "all_tags": [],
            "description": "",
            "dns_domain": "",
            "dns_name": "",
            "fixed_ip": "",
            "id": "cfb20653-5fcf-445f-ba87-32dc10a8042c",
            "pool": "public-provider-97",
            "port_id": "",
            "region": "RegionOne",
            "subnet_id": null,
            "tags": [],
            "tenant_id": "5c80c7acba0a419099b0e256fb4c8660",
            "timeouts": null,
            "value_specs": null
          },
          "private": "eyJlMmJmYjczMC1lY2FhLTExZTYtOGY4OC0zNDM2M2JjN2M0YzAiOnsiY3JlYXRlIjo2MDAwMDAwMDAwMDAsImRlbGV0ZSI6NjAwMDAwMDAwMDAwfX0="
        }
      ]
    },
    {
      "mode": "managed",
      "type": "openstack_networking_network_v2",
      "name": "generic",
      "provider": "provider.openstack",
      "instances": [
        {
          "schema_version": 0,
          "attributes": {
            "admin_state_up": true,
            "all_tags": [],
            "availability_zone_hints": [],
            "description": "",
            "dns_domain": "",
            "external": false,
            "id": "9a030519-061d-4cbe-a049-4362bd090ba2",
            "mtu": 8950,
            "name": "network-generic",
            "port_security_enabled": true,
            "qos_policy_id": "",
            "region": "RegionOne",
            "segments": [],
            "shared": false,
            "tags": [],
            "tenant_id": "5c80c7acba0a419099b0e256fb4c8660",
            "timeouts": null,
            "transparent_vlan": false,
            "value_specs": null
          },
          "private": "eyJlMmJmYjczMC1lY2FhLTExZTYtOGY4OC0zNDM2M2JjN2M0YzAiOnsiY3JlYXRlIjo2MDAwMDAwMDAwMDAsImRlbGV0ZSI6NjAwMDAwMDAwMDAwfX0="
        }
      ]
    },
    {
      "mode": "managed",
      "type": "openstack_networking_port_v2",
      "name": "http",
      "provider": "provider.openstack",
      "instances": [
        {
          "schema_version": 0,
          "attributes": {
            "admin_state_up": true,
            "all_fixed_ips": [
              "11.11.11.100"
            ],
            "all_security_group_ids": [
              "6c0c868d-6019-4d24-9888-2f1ea0b8ea58",
              "d8b19a8c-7225-4045-aee4-56bfa72dc2f6"
            ],
            "all_tags": [],
            "allowed_address_pairs": [],
            "binding": [
              {
                "host_id": "com06-prd-r06",
                "profile": "{}",
                "vif_details": {
                  "bridge_name": "br-int",
                  "datapath_type": "system",
                  "ovs_hybrid_plug": "false",
                  "port_filter": "true"
                },
                "vif_type": "ovs",
                "vnic_type": "normal"
              }
            ],
            "description": "",
            "device_id": "8b2c8590-4392-4b5d-9c7c-ef13ada0410c",
            "device_owner": "compute:r06",
            "dns_assignment": [],
            "dns_name": "",
            "extra_dhcp_option": [],
            "fixed_ip": [
              {
                "ip_address": "",
                "subnet_id": "00f763f8-9215-4375-b2f8-693d0e184a72"
              }
            ],
            "id": "f091c619-eded-49b4-86e2-e8aedcbaceeb",
            "mac_address": "fa:16:3e:49:f2:1d",
            "name": "port-instance-http",
            "network_id": "9a030519-061d-4cbe-a049-4362bd090ba2",
            "no_fixed_ip": null,
            "no_security_groups": null,
            "port_security_enabled": true,
            "qos_policy_id": "",
            "region": "RegionOne",
            "security_group_ids": [
              "6c0c868d-6019-4d24-9888-2f1ea0b8ea58",
              "d8b19a8c-7225-4045-aee4-56bfa72dc2f6"
            ],
            "tags": [],
            "tenant_id": "5c80c7acba0a419099b0e256fb4c8660",
            "timeouts": null,
            "value_specs": null
          },
          "private": "eyJlMmJmYjczMC1lY2FhLTExZTYtOGY4OC0zNDM2M2JjN2M0YzAiOnsiY3JlYXRlIjo2MDAwMDAwMDAwMDAsImRlbGV0ZSI6NjAwMDAwMDAwMDAwfX0=",
          "dependencies": [
            "openstack_compute_secgroup_v2.http",
            "openstack_compute_secgroup_v2.ssh",
            "openstack_networking_network_v2.generic",
            "openstack_networking_subnet_v2.http"
          ]
        }
      ]
    },
    {
      "mode": "managed",
      "type": "openstack_networking_router_interface_v2",
      "name": "http",
      "provider": "provider.openstack",
      "instances": [
        {
          "schema_version": 0,
          "attributes": {
            "id": "955974c7-8a68-49c1-9458-22640630ce66",
            "port_id": "955974c7-8a68-49c1-9458-22640630ce66",
            "region": "RegionOne",
            "router_id": "79ec61ef-e15b-4ed6-8676-0d09afb95fab",
            "subnet_id": "00f763f8-9215-4375-b2f8-693d0e184a72",
            "timeouts": null
          },
          "private": "eyJlMmJmYjczMC1lY2FhLTExZTYtOGY4OC0zNDM2M2JjN2M0YzAiOnsiY3JlYXRlIjo2MDAwMDAwMDAwMDAsImRlbGV0ZSI6NjAwMDAwMDAwMDAwfX0=",
          "dependencies": [
            "openstack_networking_router_v2.generic",
            "openstack_networking_subnet_v2.http"
          ]
        }
      ]
    },
    {
      "mode": "managed",
      "type": "openstack_networking_router_v2",
      "name": "generic",
      "provider": "provider.openstack",
      "instances": [
        {
          "schema_version": 0,
          "attributes": {
            "admin_state_up": true,
            "all_tags": [],
            "availability_zone_hints": [],
            "description": "",
            "distributed": false,
            "enable_snat": true,
            "external_fixed_ip": [
              {
                "ip_address": "192.168.97.128",
                "subnet_id": "15976828-7739-4ddd-b2ca-ff7dc40cf5d1"
              }
            ],
            "external_gateway": "e98e5ab1-1775-46bb-8a7b-ae1ced2950ff",
            "external_network_id": "e98e5ab1-1775-46bb-8a7b-ae1ced2950ff",
            "id": "79ec61ef-e15b-4ed6-8676-0d09afb95fab",
            "name": "router-generic",
            "region": "RegionOne",
            "tags": null,
            "tenant_id": "5c80c7acba0a419099b0e256fb4c8660",
            "timeouts": null,
            "value_specs": null,
            "vendor_options": []
          },
          "private": "eyJlMmJmYjczMC1lY2FhLTExZTYtOGY4OC0zNDM2M2JjN2M0YzAiOnsiY3JlYXRlIjo2MDAwMDAwMDAwMDAsImRlbGV0ZSI6NjAwMDAwMDAwMDAwfX0="
        }
      ]
    },
    {
      "mode": "managed",
      "type": "openstack_networking_subnet_v2",
      "name": "http",
      "provider": "provider.openstack",
      "instances": [
        {
          "schema_version": 0,
          "attributes": {
            "all_tags": [],
            "allocation_pool": [
              {
                "end": "11.11.11.254",
                "start": "11.11.11.2"
              }
            ],
            "allocation_pools": [
              {
                "end": "11.11.11.254",
                "start": "11.11.11.2"
              }
            ],
            "cidr": "11.11.11.0/24",
            "description": "",
            "dns_nameservers": [
              "8.8.8.8",
              "8.8.8.4"
            ],
            "enable_dhcp": true,
            "gateway_ip": "11.11.11.1",
            "host_routes": [],
            "id": "00f763f8-9215-4375-b2f8-693d0e184a72",
            "ip_version": 4,
            "ipv6_address_mode": "",
            "ipv6_ra_mode": "",
            "name": "subnet-http",
            "network_id": "9a030519-061d-4cbe-a049-4362bd090ba2",
            "no_gateway": false,
            "prefix_length": null,
            "region": "RegionOne",
            "subnetpool_id": "",
            "tags": [],
            "tenant_id": "5c80c7acba0a419099b0e256fb4c8660",
            "timeouts": null,
            "value_specs": null
          },
          "private": "eyJlMmJmYjczMC1lY2FhLTExZTYtOGY4OC0zNDM2M2JjN2M0YzAiOnsiY3JlYXRlIjo2MDAwMDAwMDAwMDAsImRlbGV0ZSI6NjAwMDAwMDAwMDAwfX0=",
          "dependencies": [
            "openstack_networking_network_v2.generic"
          ]
        }
      ]
    }
  ]
}
