{
  "version": 4,
  "terraform_version": "0.12.28",
  "serial": 6,
  "lineage": "fc905b60-2137-6fb4-7f5f-271bb2af323d",
  "outputs": {},
  "resources": [
    {
      "mode": "data",
      "type": "openstack_networking_network_v2",
      "name": "external_gateway",
      "provider": "provider.openstack",
      "instances": [
        {
          "schema_version": 0,
          "attributes": {
            "admin_state_up": "true",
            "all_tags": [],
            "availability_zone_hints": [],
            "description": "",
            "dns_domain": "",
            "external": true,
            "id": "e98e5ab1-1775-46bb-8a7b-ae1ced2950ff",
            "matching_subnet_cidr": null,
            "mtu": 9000,
            "name": "public-provider-97",
            "network_id": null,
            "region": "RegionOne",
            "shared": "true",
            "status": null,
            "tags": null,
            "tenant_id": "df9dcc3281364b3886ed0d9b89c909de",
            "transparent_vlan": false
          }
        }
      ]
    },
    {
      "mode": "managed",
      "type": "openstack_compute_keypair_v2",
      "name": "user_key",
      "provider": "provider.openstack",
      "instances": [
        {
          "schema_version": 0,
          "attributes": {
            "fingerprint": "44:86:af:96:ad:8a:a2:2c:0b:ad:6a:2a:53:0d:e7:9d",
            "id": "my_poc_key",
            "name": "my_poc_key",
            "private_key": "",
            "public_key": "ssh-rsa AAAAB3NzaC1yc2EAAAADAQABAAABAQDJZiZSZWPJdi/tahgPIX6qG/ynIDoK9jeS1xbSTna/Ngy+ZkYXefOkuFsga79NB23QVE4ruJlyqz3wq8jX0yQOLiUTvveJ+CgDRLA3GAe/MQEhpCMTyP+oxV/iKLaxZJLeKIy08pnBU28Ep1IFU7JRFbW8uYNhCXrRc7X3+6IHF5/t/x6CdLdRG+XzrzjnRPY4DoKm1JHFKPIOjxawr9++P645Edjx4YiqE4gAPrpeTU/i7TD54wrTl2boXEHdg2TPLkN9a4khAKbLS58GAb1kyNI6lV1X22sHdHX/wzIsnCvUPtMWkGc1Cg7su78NBVT1D3OVEQGt4P4HUwMDRTAz jinho@DESKTOP-508L2AT\n",
            "region": "RegionOne",
            "value_specs": null
          },
          "private": "bnVsbA=="
        }
      ]
    },
    {
      "mode": "managed",
      "type": "openstack_compute_secgroup_v2",
      "name": "external",
      "provider": "provider.openstack",
      "instances": [
        {
          "schema_version": 0,
          "attributes": {
            "description": "Open input external port",
            "id": "e755801b-c8e4-447e-8b5e-8a9ce211c12e",
            "name": "external",
            "region": "RegionOne",
            "rule": [
              {
                "cidr": "0.0.0.0/0",
                "from_group_id": "",
                "from_port": 80,
                "id": "7eae4f87-63e5-4ef7-b80d-ca171be6fcef",
                "ip_protocol": "tcp",
                "self": false,
                "to_port": 80
              }
            ],
            "timeouts": null
          },
          "private": "eyJlMmJmYjczMC1lY2FhLTExZTYtOGY4OC0zNDM2M2JjN2M0YzAiOnsiZGVsZXRlIjo2MDAwMDAwMDAwMDB9fQ=="
        }
      ]
    },
    {
      "mode": "managed",
      "type": "openstack_compute_secgroup_v2",
      "name": "internal",
      "provider": "provider.openstack",
      "instances": [
        {
          "schema_version": 0,
          "attributes": {
            "description": "Open input internal port",
            "id": "652547ed-9e4b-45ed-8c8e-91a4bed5d511",
            "name": "internal",
            "region": "RegionOne",
            "rule": [
              {
                "cidr": "0.0.0.0/0",
                "from_group_id": "",
                "from_port": 3306,
                "id": "583a1ce5-1f55-4cf1-ae00-a51c06579095",
                "ip_protocol": "tcp",
                "self": false,
                "to_port": 3306
              }
            ],
            "timeouts": null
          },
          "private": "eyJlMmJmYjczMC1lY2FhLTExZTYtOGY4OC0zNDM2M2JjN2M0YzAiOnsiZGVsZXRlIjo2MDAwMDAwMDAwMDB9fQ=="
        }
      ]
    },
    {
      "mode": "managed",
      "type": "openstack_compute_secgroup_v2",
      "name": "ssh",
      "provider": "provider.openstack",
      "instances": [
        {
          "schema_version": 0,
          "attributes": {
            "description": "Open input ssh port",
            "id": "7032396a-b6fe-4a21-9ad2-e5231a00b38c",
            "name": "ssh",
            "region": "RegionOne",
            "rule": [
              {
                "cidr": "0.0.0.0/0",
                "from_group_id": "",
                "from_port": 22,
                "id": "430c7571-be70-440d-b328-60807fbdf617",
                "ip_protocol": "tcp",
                "self": false,
                "to_port": 22
              }
            ],
            "timeouts": null
          },
          "private": "eyJlMmJmYjczMC1lY2FhLTExZTYtOGY4OC0zNDM2M2JjN2M0YzAiOnsiZGVsZXRlIjo2MDAwMDAwMDAwMDB9fQ=="
        }
      ]
    },
    {
      "mode": "managed",
      "type": "openstack_networking_router_v2",
      "name": "router",
      "provider": "provider.openstack",
      "instances": [
        {
          "schema_version": 0,
          "attributes": {
            "admin_state_up": true,
            "all_tags": [],
            "availability_zone_hints": [],
            "description": "",
            "distributed": false,
            "enable_snat": true,
            "external_fixed_ip": [
              {
                "ip_address": "192.168.97.214",
                "subnet_id": "15976828-7739-4ddd-b2ca-ff7dc40cf5d1"
              }
            ],
            "external_gateway": "e98e5ab1-1775-46bb-8a7b-ae1ced2950ff",
            "external_network_id": "e98e5ab1-1775-46bb-8a7b-ae1ced2950ff",
            "id": "58a4ec80-45da-424c-9803-df481ef36895",
            "name": "jinho-router",
            "region": "RegionOne",
            "tags": null,
            "tenant_id": "efa204b141a74532b47688871dabb69a",
            "timeouts": null,
            "value_specs": null,
            "vendor_options": []
          },
          "private": "eyJlMmJmYjczMC1lY2FhLTExZTYtOGY4OC0zNDM2M2JjN2M0YzAiOnsiY3JlYXRlIjo2MDAwMDAwMDAwMDAsImRlbGV0ZSI6NjAwMDAwMDAwMDAwfX0="
        }
      ]
    }
  ]
}
