{
  "version": 4,
  "terraform_version": "0.12.28",
  "serial": 31,
  "lineage": "297dc75b-0461-20a5-b28d-068099afb470",
  "outputs": {
    "fip_db": {
      "value": {
        "db-instance-1": {
          "address": "192.168.97.57",
          "all_tags": [],
          "description": "",
          "dns_domain": "",
          "dns_name": "",
          "fixed_ip": "30.30.30.186",
          "id": "7923dec8-2550-470b-8bc4-232e95c077e1",
          "pool": "public-provider-97",
          "port_id": "faf134db-02b2-4505-b376-228675617a1b",
          "region": "RegionOne",
          "subnet_id": null,
          "tags": [],
          "tenant_id": "efa204b141a74532b47688871dabb69a",
          "timeouts": null,
          "value_specs": null
        },
        "db-instance-2": {
          "address": "192.168.97.173",
          "all_tags": [],
          "description": "",
          "dns_domain": "",
          "dns_name": "",
          "fixed_ip": "30.30.30.201",
          "id": "920b0686-456e-48b4-9fe1-b18d7fbe4bee",
          "pool": "public-provider-97",
          "port_id": "693652ef-0dc7-4c4a-a8a3-fab5042e37e4",
          "region": "RegionOne",
          "subnet_id": null,
          "tags": [],
          "tenant_id": "efa204b141a74532b47688871dabb69a",
          "timeouts": null,
          "value_specs": null
        },
        "db-instance-3": {
          "address": "192.168.97.50",
          "all_tags": [],
          "description": "",
          "dns_domain": "",
          "dns_name": "",
          "fixed_ip": "30.30.30.229",
          "id": "63b8e88b-3c5a-4c64-b01b-0a8b362aafc8",
          "pool": "public-provider-97",
          "port_id": "0ead9485-3253-45cf-95b2-cb13838e6930",
          "region": "RegionOne",
          "subnet_id": null,
          "tags": [],
          "tenant_id": "efa204b141a74532b47688871dabb69a",
          "timeouts": null,
          "value_specs": null
        }
      },
      "type": [
        "object",
        {
          "db-instance-1": [
            "object",
            {
              "address": "string",
              "all_tags": [
                "set",
                "string"
              ],
              "description": "string",
              "dns_domain": "string",
              "dns_name": "string",
              "fixed_ip": "string",
              "id": "string",
              "pool": "string",
              "port_id": "string",
              "region": "string",
              "subnet_id": "string",
              "tags": [
                "set",
                "string"
              ],
              "tenant_id": "string",
              "timeouts": [
                "object",
                {
                  "create": "string",
                  "delete": "string"
                }
              ],
              "value_specs": [
                "map",
                "string"
              ]
            }
          ],
          "db-instance-2": [
            "object",
            {
              "address": "string",
              "all_tags": [
                "set",
                "string"
              ],
              "description": "string",
              "dns_domain": "string",
              "dns_name": "string",
              "fixed_ip": "string",
              "id": "string",
              "pool": "string",
              "port_id": "string",
              "region": "string",
              "subnet_id": "string",
              "tags": [
                "set",
                "string"
              ],
              "tenant_id": "string",
              "timeouts": [
                "object",
                {
                  "create": "string",
                  "delete": "string"
                }
              ],
              "value_specs": [
                "map",
                "string"
              ]
            }
          ],
          "db-instance-3": [
            "object",
            {
              "address": "string",
              "all_tags": [
                "set",
                "string"
              ],
              "description": "string",
              "dns_domain": "string",
              "dns_name": "string",
              "fixed_ip": "string",
              "id": "string",
              "pool": "string",
              "port_id": "string",
              "region": "string",
              "subnet_id": "string",
              "tags": [
                "set",
                "string"
              ],
              "tenant_id": "string",
              "timeouts": [
                "object",
                {
                  "create": "string",
                  "delete": "string"
                }
              ],
              "value_specs": [
                "map",
                "string"
              ]
            }
          ]
        }
      ]
    },
    "fip_http": {
      "value": {
        "http-instance-1": {
          "address": "192.168.97.48",
          "all_tags": [],
          "description": "",
          "dns_domain": "",
          "dns_name": "",
          "fixed_ip": "33.33.33.147",
          "id": "b85ec1e3-5314-4884-b620-65aba8c2c844",
          "pool": "public-provider-97",
          "port_id": "51737e5c-d3ff-4011-bd16-6ad2254bd077",
          "region": "RegionOne",
          "subnet_id": null,
          "tags": [],
          "tenant_id": "efa204b141a74532b47688871dabb69a",
          "timeouts": null,
          "value_specs": null
        },
        "http-instance-2": {
          "address": "192.168.97.83",
          "all_tags": [],
          "description": "",
          "dns_domain": "",
          "dns_name": "",
          "fixed_ip": "33.33.33.106",
          "id": "be75f770-57ec-498b-be1d-111683807289",
          "pool": "public-provider-97",
          "port_id": "10d24c25-1048-443d-a187-fee763b40ddc",
          "region": "RegionOne",
          "subnet_id": null,
          "tags": [],
          "tenant_id": "efa204b141a74532b47688871dabb69a",
          "timeouts": null,
          "value_specs": null
        },
        "http-instance-3": {
          "address": "192.168.97.196",
          "all_tags": [],
          "description": "",
          "dns_domain": "",
          "dns_name": "",
          "fixed_ip": "33.33.33.152",
          "id": "14be705d-dc26-494f-83c3-19b617f71d1b",
          "pool": "public-provider-97",
          "port_id": "32407586-edc8-4369-8ca1-0a8a964a7232",
          "region": "RegionOne",
          "subnet_id": null,
          "tags": [],
          "tenant_id": "efa204b141a74532b47688871dabb69a",
          "timeouts": null,
          "value_specs": null
        }
      },
      "type": [
        "object",
        {
          "http-instance-1": [
            "object",
            {
              "address": "string",
              "all_tags": [
                "set",
                "string"
              ],
              "description": "string",
              "dns_domain": "string",
              "dns_name": "string",
              "fixed_ip": "string",
              "id": "string",
              "pool": "string",
              "port_id": "string",
              "region": "string",
              "subnet_id": "string",
              "tags": [
                "set",
                "string"
              ],
              "tenant_id": "string",
              "timeouts": [
                "object",
                {
                  "create": "string",
                  "delete": "string"
                }
              ],
              "value_specs": [
                "map",
                "string"
              ]
            }
          ],
          "http-instance-2": [
            "object",
            {
              "address": "string",
              "all_tags": [
                "set",
                "string"
              ],
              "description": "string",
              "dns_domain": "string",
              "dns_name": "string",
              "fixed_ip": "string",
              "id": "string",
              "pool": "string",
              "port_id": "string",
              "region": "string",
              "subnet_id": "string",
              "tags": [
                "set",
                "string"
              ],
              "tenant_id": "string",
              "timeouts": [
                "object",
                {
                  "create": "string",
                  "delete": "string"
                }
              ],
              "value_specs": [
                "map",
                "string"
              ]
            }
          ],
          "http-instance-3": [
            "object",
            {
              "address": "string",
              "all_tags": [
                "set",
                "string"
              ],
              "description": "string",
              "dns_domain": "string",
              "dns_name": "string",
              "fixed_ip": "string",
              "id": "string",
              "pool": "string",
              "port_id": "string",
              "region": "string",
              "subnet_id": "string",
              "tags": [
                "set",
                "string"
              ],
              "tenant_id": "string",
              "timeouts": [
                "object",
                {
                  "create": "string",
                  "delete": "string"
                }
              ],
              "value_specs": [
                "map",
                "string"
              ]
            }
          ]
        }
      ]
    }
  },
  "resources": [
    {
      "mode": "data",
      "type": "openstack_compute_keypair_v2",
      "name": "user_key",
      "provider": "provider.openstack",
      "instances": [
        {
          "schema_version": 0,
          "attributes": {
            "fingerprint": "5e:40:19:04:8a:e1:ae:7b:05:e8:2c:8e:3b:a1:a2:10",
            "id": "jinho_key",
            "name": "jinho_key",
            "public_key": "ssh-rsa AAAAB3NzaC1yc2EAAAADAQABAAABAQCtjwQPOoU46oAnb1Z3s8dp3p/xGEaGpApPliMgZno8+dOOkMai7sIlqrkLFB8SK01MNJVfNQNA3S9IQFpllJ7Z8U6BNKyKz5KR5YbHu+pkhp9qAwg6Rw3bd6CW81aI/TEjgzxOQ0mxtb8P/ku7FHL1W5ABF+bVmKORUfe0iIdbz46NHDA81ucVd4T5dAmu7EgouXdujQ5tU/8F9xWDXPjeBepq6AVY4+03i3oZOJfRPRY3HGxrtDv7aTwtRCjPcWQBSK2zFOz9BghusSWUY5/BUENuth/ijcmPUuqgkzYhN/Y54Z9wBoVbBK+tAr/isK0IzeOU/6+aBHebxITzkaIl mf839-028@MF839-028.local\n",
            "region": "RegionOne"
          }
        }
      ]
    },
    {
      "mode": "data",
      "type": "openstack_networking_network_v2",
      "name": "external_network",
      "provider": "provider.openstack",
      "instances": [
        {
          "schema_version": 0,
          "attributes": {
            "admin_state_up": "true",
            "all_tags": [],
            "availability_zone_hints": [],
            "description": "",
            "dns_domain": "",
            "external": true,
            "id": "e98e5ab1-1775-46bb-8a7b-ae1ced2950ff",
            "matching_subnet_cidr": null,
            "mtu": 9000,
            "name": "public-provider-97",
            "network_id": null,
            "region": "RegionOne",
            "shared": "true",
            "status": null,
            "tags": null,
            "tenant_id": "df9dcc3281364b3886ed0d9b89c909de",
            "transparent_vlan": false
          }
        }
      ]
    },
    {
      "mode": "data",
      "type": "openstack_networking_router_v2",
      "name": "jinho-router",
      "provider": "provider.openstack",
      "instances": [
        {
          "schema_version": 0,
          "attributes": {
            "admin_state_up": true,
            "all_tags": [],
            "availability_zone_hints": [],
            "description": "",
            "distributed": false,
            "enable_snat": true,
            "external_fixed_ip": [
              {
                "ip_address": "192.168.97.214",
                "subnet_id": "15976828-7739-4ddd-b2ca-ff7dc40cf5d1"
              }
            ],
            "external_network_id": "e98e5ab1-1775-46bb-8a7b-ae1ced2950ff",
            "id": "58a4ec80-45da-424c-9803-df481ef36895",
            "name": "jinho-router",
            "region": "RegionOne",
            "router_id": null,
            "status": "ACTIVE",
            "tags": null,
            "tenant_id": "efa204b141a74532b47688871dabb69a"
          }
        }
      ]
    },
    {
      "mode": "data",
      "type": "openstack_networking_secgroup_v2",
      "name": "db",
      "provider": "provider.openstack",
      "instances": [
        {
          "schema_version": 0,
          "attributes": {
            "all_tags": [],
            "description": "Open input internal port",
            "id": "652547ed-9e4b-45ed-8c8e-91a4bed5d511",
            "name": "internal",
            "region": "RegionOne",
            "secgroup_id": null,
            "tags": null,
            "tenant_id": "efa204b141a74532b47688871dabb69a"
          }
        }
      ]
    },
    {
      "mode": "data",
      "type": "openstack_networking_secgroup_v2",
      "name": "http",
      "provider": "provider.openstack",
      "instances": [
        {
          "schema_version": 0,
          "attributes": {
            "all_tags": [],
            "description": "Open input external port",
            "id": "e755801b-c8e4-447e-8b5e-8a9ce211c12e",
            "name": "external",
            "region": "RegionOne",
            "secgroup_id": null,
            "tags": null,
            "tenant_id": "efa204b141a74532b47688871dabb69a"
          }
        }
      ]
    },
    {
      "mode": "data",
      "type": "openstack_networking_secgroup_v2",
      "name": "ssh",
      "provider": "provider.openstack",
      "instances": [
        {
          "schema_version": 0,
          "attributes": {
            "all_tags": [],
            "description": "Open input ssh port",
            "id": "7032396a-b6fe-4a21-9ad2-e5231a00b38c",
            "name": "ssh",
            "region": "RegionOne",
            "secgroup_id": null,
            "tags": null,
            "tenant_id": "efa204b141a74532b47688871dabb69a"
          }
        }
      ]
    },
    {
      "mode": "managed",
      "type": "openstack_compute_floatingip_associate_v2",
      "name": "db",
      "each": "map",
      "provider": "provider.openstack",
      "instances": [
        {
          "index_key": "db-instance-1",
          "schema_version": 0,
          "attributes": {
            "fixed_ip": "",
            "floating_ip": "192.168.97.57",
            "id": "192.168.97.57/3434ff8d-61ea-44d7-a9b4-2a918b81caf7/",
            "instance_id": "3434ff8d-61ea-44d7-a9b4-2a918b81caf7",
            "region": "RegionOne",
            "timeouts": null,
            "wait_until_associated": null
          },
          "private": "eyJlMmJmYjczMC1lY2FhLTExZTYtOGY4OC0zNDM2M2JjN2M0YzAiOnsiY3JlYXRlIjo2MDAwMDAwMDAwMDB9fQ==",
          "dependencies": [
            "openstack_compute_instance_v2.db",
            "openstack_networking_floatingip_v2.db",
            "openstack_networking_network_v2.vpc",
            "openstack_networking_port_v2.db",
            "openstack_networking_subnet_v2.db"
          ]
        },
        {
          "index_key": "db-instance-2",
          "schema_version": 0,
          "attributes": {
            "fixed_ip": "",
            "floating_ip": "192.168.97.173",
            "id": "192.168.97.173/7ddcc2ea-18d4-44fa-be94-5782f0c67ce5/",
            "instance_id": "7ddcc2ea-18d4-44fa-be94-5782f0c67ce5",
            "region": "RegionOne",
            "timeouts": null,
            "wait_until_associated": null
          },
          "private": "eyJlMmJmYjczMC1lY2FhLTExZTYtOGY4OC0zNDM2M2JjN2M0YzAiOnsiY3JlYXRlIjo2MDAwMDAwMDAwMDB9fQ==",
          "dependencies": [
            "openstack_compute_instance_v2.db",
            "openstack_networking_floatingip_v2.db",
            "openstack_networking_network_v2.vpc",
            "openstack_networking_port_v2.db",
            "openstack_networking_subnet_v2.db"
          ]
        },
        {
          "index_key": "db-instance-3",
          "schema_version": 0,
          "attributes": {
            "fixed_ip": "",
            "floating_ip": "192.168.97.50",
            "id": "192.168.97.50/884ee882-9eeb-484b-9b59-6f0424e0be09/",
            "instance_id": "884ee882-9eeb-484b-9b59-6f0424e0be09",
            "region": "RegionOne",
            "timeouts": null,
            "wait_until_associated": null
          },
          "private": "eyJlMmJmYjczMC1lY2FhLTExZTYtOGY4OC0zNDM2M2JjN2M0YzAiOnsiY3JlYXRlIjo2MDAwMDAwMDAwMDB9fQ==",
          "dependencies": [
            "openstack_compute_instance_v2.db",
            "openstack_networking_floatingip_v2.db",
            "openstack_networking_network_v2.vpc",
            "openstack_networking_port_v2.db",
            "openstack_networking_subnet_v2.db"
          ]
        }
      ]
    },
    {
      "mode": "managed",
      "type": "openstack_compute_floatingip_associate_v2",
      "name": "http",
      "each": "map",
      "provider": "provider.openstack",
      "instances": [
        {
          "index_key": "http-instance-1",
          "schema_version": 0,
          "attributes": {
            "fixed_ip": "",
            "floating_ip": "192.168.97.48",
            "id": "192.168.97.48/4d15fc8f-ec16-43d1-a3d0-c418780983d7/",
            "instance_id": "4d15fc8f-ec16-43d1-a3d0-c418780983d7",
            "region": "RegionOne",
            "timeouts": null,
            "wait_until_associated": null
          },
          "private": "eyJlMmJmYjczMC1lY2FhLTExZTYtOGY4OC0zNDM2M2JjN2M0YzAiOnsiY3JlYXRlIjo2MDAwMDAwMDAwMDB9fQ==",
          "dependencies": [
            "openstack_compute_instance_v2.http",
            "openstack_networking_floatingip_v2.http",
            "openstack_networking_network_v2.vpc",
            "openstack_networking_port_v2.http",
            "openstack_networking_subnet_v2.http"
          ]
        },
        {
          "index_key": "http-instance-2",
          "schema_version": 0,
          "attributes": {
            "fixed_ip": "",
            "floating_ip": "192.168.97.83",
            "id": "192.168.97.83/eea83e36-b099-4dba-bc47-49e7f0ec3633/",
            "instance_id": "eea83e36-b099-4dba-bc47-49e7f0ec3633",
            "region": "RegionOne",
            "timeouts": null,
            "wait_until_associated": null
          },
          "private": "eyJlMmJmYjczMC1lY2FhLTExZTYtOGY4OC0zNDM2M2JjN2M0YzAiOnsiY3JlYXRlIjo2MDAwMDAwMDAwMDB9fQ==",
          "dependencies": [
            "openstack_compute_instance_v2.http",
            "openstack_networking_floatingip_v2.http",
            "openstack_networking_network_v2.vpc",
            "openstack_networking_port_v2.http",
            "openstack_networking_subnet_v2.http"
          ]
        },
        {
          "index_key": "http-instance-3",
          "schema_version": 0,
          "attributes": {
            "fixed_ip": "",
            "floating_ip": "192.168.97.196",
            "id": "192.168.97.196/99bc4fce-be4d-41ce-ad37-c615261bd9e5/",
            "instance_id": "99bc4fce-be4d-41ce-ad37-c615261bd9e5",
            "region": "RegionOne",
            "timeouts": null,
            "wait_until_associated": null
          },
          "private": "eyJlMmJmYjczMC1lY2FhLTExZTYtOGY4OC0zNDM2M2JjN2M0YzAiOnsiY3JlYXRlIjo2MDAwMDAwMDAwMDB9fQ==",
          "dependencies": [
            "openstack_compute_instance_v2.http",
            "openstack_networking_floatingip_v2.http",
            "openstack_networking_network_v2.vpc",
            "openstack_networking_port_v2.http",
            "openstack_networking_subnet_v2.http"
          ]
        }
      ]
    },
    {
      "mode": "managed",
      "type": "openstack_compute_instance_v2",
      "name": "db",
      "each": "map",
      "provider": "provider.openstack",
      "instances": [
        {
          "index_key": "db-instance-1",
          "schema_version": 0,
          "attributes": {
            "access_ip_v4": "30.30.30.186",
            "access_ip_v6": "",
            "admin_pass": null,
            "all_metadata": {},
            "all_tags": [],
            "availability_zone": "r06",
            "availability_zone_hints": null,
            "block_device": [],
            "config_drive": null,
            "flavor_id": "d7dd5f3f-3024-4c0e-b08e-a01daba6620e",
            "flavor_name": "m1.medium",
            "floating_ip": null,
            "force_delete": false,
            "id": "3434ff8d-61ea-44d7-a9b4-2a918b81caf7",
            "image_id": "8181d7c5-0218-4a77-9333-01f84bb498de",
            "image_name": "CentOS-7-1907",
            "key_pair": "jinho_key",
            "metadata": null,
            "name": "db-instance-1",
            "network": [
              {
                "access_network": false,
                "fixed_ip_v4": "30.30.30.186",
                "fixed_ip_v6": "",
                "floating_ip": "",
                "mac": "fa:16:3e:48:04:25",
                "name": "private-network-3",
                "port": "faf134db-02b2-4505-b376-228675617a1b",
                "uuid": "27833901-b56a-4693-b6a9-fab44283c149"
              }
            ],
            "personality": [],
            "power_state": "active",
            "region": "RegionOne",
            "scheduler_hints": [],
            "security_groups": [
              "internal",
              "ssh"
            ],
            "stop_before_destroy": false,
            "tags": [],
            "timeouts": null,
            "user_data": "59786bb1c108d1d000b6c087e320c45853c57681",
            "vendor_options": [],
            "volume": []
          },
          "private": "eyJlMmJmYjczMC1lY2FhLTExZTYtOGY4OC0zNDM2M2JjN2M0YzAiOnsiY3JlYXRlIjoxODAwMDAwMDAwMDAwLCJkZWxldGUiOjE4MDAwMDAwMDAwMDAsInVwZGF0ZSI6MTgwMDAwMDAwMDAwMH19",
          "dependencies": [
            "openstack_networking_network_v2.vpc",
            "openstack_networking_port_v2.db",
            "openstack_networking_subnet_v2.db"
          ]
        },
        {
          "index_key": "db-instance-2",
          "schema_version": 0,
          "attributes": {
            "access_ip_v4": "30.30.30.201",
            "access_ip_v6": "",
            "admin_pass": null,
            "all_metadata": {},
            "all_tags": [],
            "availability_zone": "r06",
            "availability_zone_hints": null,
            "block_device": [],
            "config_drive": null,
            "flavor_id": "d7dd5f3f-3024-4c0e-b08e-a01daba6620e",
            "flavor_name": "m1.medium",
            "floating_ip": null,
            "force_delete": false,
            "id": "7ddcc2ea-18d4-44fa-be94-5782f0c67ce5",
            "image_id": "8181d7c5-0218-4a77-9333-01f84bb498de",
            "image_name": "CentOS-7-1907",
            "key_pair": "jinho_key",
            "metadata": null,
            "name": "db-instance-2",
            "network": [
              {
                "access_network": false,
                "fixed_ip_v4": "30.30.30.201",
                "fixed_ip_v6": "",
                "floating_ip": "",
                "mac": "fa:16:3e:0a:f4:d2",
                "name": "private-network-3",
                "port": "693652ef-0dc7-4c4a-a8a3-fab5042e37e4",
                "uuid": "27833901-b56a-4693-b6a9-fab44283c149"
              }
            ],
            "personality": [],
            "power_state": "active",
            "region": "RegionOne",
            "scheduler_hints": [],
            "security_groups": [
              "internal",
              "ssh"
            ],
            "stop_before_destroy": false,
            "tags": [],
            "timeouts": null,
            "user_data": "59786bb1c108d1d000b6c087e320c45853c57681",
            "vendor_options": [],
            "volume": []
          },
          "private": "eyJlMmJmYjczMC1lY2FhLTExZTYtOGY4OC0zNDM2M2JjN2M0YzAiOnsiY3JlYXRlIjoxODAwMDAwMDAwMDAwLCJkZWxldGUiOjE4MDAwMDAwMDAwMDAsInVwZGF0ZSI6MTgwMDAwMDAwMDAwMH19",
          "dependencies": [
            "openstack_networking_network_v2.vpc",
            "openstack_networking_port_v2.db",
            "openstack_networking_subnet_v2.db"
          ]
        },
        {
          "index_key": "db-instance-3",
          "schema_version": 0,
          "attributes": {
            "access_ip_v4": "30.30.30.229",
            "access_ip_v6": "",
            "admin_pass": null,
            "all_metadata": {},
            "all_tags": [],
            "availability_zone": "r06",
            "availability_zone_hints": null,
            "block_device": [],
            "config_drive": null,
            "flavor_id": "d7dd5f3f-3024-4c0e-b08e-a01daba6620e",
            "flavor_name": "m1.medium",
            "floating_ip": null,
            "force_delete": false,
            "id": "884ee882-9eeb-484b-9b59-6f0424e0be09",
            "image_id": "8181d7c5-0218-4a77-9333-01f84bb498de",
            "image_name": "CentOS-7-1907",
            "key_pair": "jinho_key",
            "metadata": null,
            "name": "db-instance-3",
            "network": [
              {
                "access_network": false,
                "fixed_ip_v4": "30.30.30.229",
                "fixed_ip_v6": "",
                "floating_ip": "",
                "mac": "fa:16:3e:89:c1:d4",
                "name": "private-network-3",
                "port": "0ead9485-3253-45cf-95b2-cb13838e6930",
                "uuid": "27833901-b56a-4693-b6a9-fab44283c149"
              }
            ],
            "personality": [],
            "power_state": "active",
            "region": "RegionOne",
            "scheduler_hints": [],
            "security_groups": [
              "internal",
              "ssh"
            ],
            "stop_before_destroy": false,
            "tags": [],
            "timeouts": null,
            "user_data": "59786bb1c108d1d000b6c087e320c45853c57681",
            "vendor_options": [],
            "volume": []
          },
          "private": "eyJlMmJmYjczMC1lY2FhLTExZTYtOGY4OC0zNDM2M2JjN2M0YzAiOnsiY3JlYXRlIjoxODAwMDAwMDAwMDAwLCJkZWxldGUiOjE4MDAwMDAwMDAwMDAsInVwZGF0ZSI6MTgwMDAwMDAwMDAwMH19",
          "dependencies": [
            "openstack_networking_network_v2.vpc",
            "openstack_networking_port_v2.db",
            "openstack_networking_subnet_v2.db"
          ]
        }
      ]
    },
    {
      "mode": "managed",
      "type": "openstack_compute_instance_v2",
      "name": "http",
      "each": "map",
      "provider": "provider.openstack",
      "instances": [
        {
          "index_key": "http-instance-1",
          "schema_version": 0,
          "attributes": {
            "access_ip_v4": "33.33.33.147",
            "access_ip_v6": "",
            "admin_pass": null,
            "all_metadata": {},
            "all_tags": [],
            "availability_zone": "r06",
            "availability_zone_hints": null,
            "block_device": [],
            "config_drive": null,
            "flavor_id": "d7dd5f3f-3024-4c0e-b08e-a01daba6620e",
            "flavor_name": "m1.medium",
            "floating_ip": null,
            "force_delete": false,
            "id": "4d15fc8f-ec16-43d1-a3d0-c418780983d7",
            "image_id": "8181d7c5-0218-4a77-9333-01f84bb498de",
            "image_name": "CentOS-7-1907",
            "key_pair": "jinho_key",
            "metadata": null,
            "name": "http-instance-1",
            "network": [
              {
                "access_network": false,
                "fixed_ip_v4": "33.33.33.147",
                "fixed_ip_v6": "",
                "floating_ip": "",
                "mac": "fa:16:3e:98:e9:e6",
                "name": "private-network-3",
                "port": "51737e5c-d3ff-4011-bd16-6ad2254bd077",
                "uuid": "27833901-b56a-4693-b6a9-fab44283c149"
              }
            ],
            "personality": [],
            "power_state": "active",
            "region": "RegionOne",
            "scheduler_hints": [],
            "security_groups": [
              "external",
              "ssh"
            ],
            "stop_before_destroy": false,
            "tags": [],
            "timeouts": null,
            "user_data": "59786bb1c108d1d000b6c087e320c45853c57681",
            "vendor_options": [],
            "volume": []
          },
          "private": "eyJlMmJmYjczMC1lY2FhLTExZTYtOGY4OC0zNDM2M2JjN2M0YzAiOnsiY3JlYXRlIjoxODAwMDAwMDAwMDAwLCJkZWxldGUiOjE4MDAwMDAwMDAwMDAsInVwZGF0ZSI6MTgwMDAwMDAwMDAwMH19",
          "dependencies": [
            "openstack_networking_network_v2.vpc",
            "openstack_networking_port_v2.http",
            "openstack_networking_subnet_v2.http"
          ]
        },
        {
          "index_key": "http-instance-2",
          "schema_version": 0,
          "attributes": {
            "access_ip_v4": "33.33.33.106",
            "access_ip_v6": "",
            "admin_pass": null,
            "all_metadata": {},
            "all_tags": [],
            "availability_zone": "r06",
            "availability_zone_hints": null,
            "block_device": [],
            "config_drive": null,
            "flavor_id": "d7dd5f3f-3024-4c0e-b08e-a01daba6620e",
            "flavor_name": "m1.medium",
            "floating_ip": null,
            "force_delete": false,
            "id": "eea83e36-b099-4dba-bc47-49e7f0ec3633",
            "image_id": "8181d7c5-0218-4a77-9333-01f84bb498de",
            "image_name": "CentOS-7-1907",
            "key_pair": "jinho_key",
            "metadata": null,
            "name": "http-instance-2",
            "network": [
              {
                "access_network": false,
                "fixed_ip_v4": "33.33.33.106",
                "fixed_ip_v6": "",
                "floating_ip": "",
                "mac": "fa:16:3e:0b:2d:de",
                "name": "private-network-3",
                "port": "10d24c25-1048-443d-a187-fee763b40ddc",
                "uuid": "27833901-b56a-4693-b6a9-fab44283c149"
              }
            ],
            "personality": [],
            "power_state": "active",
            "region": "RegionOne",
            "scheduler_hints": [],
            "security_groups": [
              "external",
              "ssh"
            ],
            "stop_before_destroy": false,
            "tags": [],
            "timeouts": null,
            "user_data": "59786bb1c108d1d000b6c087e320c45853c57681",
            "vendor_options": [],
            "volume": []
          },
          "private": "eyJlMmJmYjczMC1lY2FhLTExZTYtOGY4OC0zNDM2M2JjN2M0YzAiOnsiY3JlYXRlIjoxODAwMDAwMDAwMDAwLCJkZWxldGUiOjE4MDAwMDAwMDAwMDAsInVwZGF0ZSI6MTgwMDAwMDAwMDAwMH19",
          "dependencies": [
            "openstack_networking_network_v2.vpc",
            "openstack_networking_port_v2.http",
            "openstack_networking_subnet_v2.http"
          ]
        },
        {
          "index_key": "http-instance-3",
          "schema_version": 0,
          "attributes": {
            "access_ip_v4": "33.33.33.152",
            "access_ip_v6": "",
            "admin_pass": null,
            "all_metadata": {},
            "all_tags": [],
            "availability_zone": "r06",
            "availability_zone_hints": null,
            "block_device": [],
            "config_drive": null,
            "flavor_id": "d7dd5f3f-3024-4c0e-b08e-a01daba6620e",
            "flavor_name": "m1.medium",
            "floating_ip": null,
            "force_delete": false,
            "id": "99bc4fce-be4d-41ce-ad37-c615261bd9e5",
            "image_id": "8181d7c5-0218-4a77-9333-01f84bb498de",
            "image_name": "CentOS-7-1907",
            "key_pair": "jinho_key",
            "metadata": null,
            "name": "http-instance-3",
            "network": [
              {
                "access_network": false,
                "fixed_ip_v4": "33.33.33.152",
                "fixed_ip_v6": "",
                "floating_ip": "",
                "mac": "fa:16:3e:85:95:bb",
                "name": "private-network-3",
                "port": "32407586-edc8-4369-8ca1-0a8a964a7232",
                "uuid": "27833901-b56a-4693-b6a9-fab44283c149"
              }
            ],
            "personality": [],
            "power_state": "active",
            "region": "RegionOne",
            "scheduler_hints": [],
            "security_groups": [
              "external",
              "ssh"
            ],
            "stop_before_destroy": false,
            "tags": [],
            "timeouts": null,
            "user_data": "59786bb1c108d1d000b6c087e320c45853c57681",
            "vendor_options": [],
            "volume": []
          },
          "private": "eyJlMmJmYjczMC1lY2FhLTExZTYtOGY4OC0zNDM2M2JjN2M0YzAiOnsiY3JlYXRlIjoxODAwMDAwMDAwMDAwLCJkZWxldGUiOjE4MDAwMDAwMDAwMDAsInVwZGF0ZSI6MTgwMDAwMDAwMDAwMH19",
          "dependencies": [
            "openstack_networking_network_v2.vpc",
            "openstack_networking_port_v2.http",
            "openstack_networking_subnet_v2.http"
          ]
        }
      ]
    },
    {
      "mode": "managed",
      "type": "openstack_networking_floatingip_v2",
      "name": "db",
      "each": "map",
      "provider": "provider.openstack",
      "instances": [
        {
          "index_key": "db-instance-1",
          "schema_version": 0,
          "attributes": {
            "address": "192.168.97.57",
            "all_tags": [],
            "description": "",
            "dns_domain": "",
            "dns_name": "",
            "fixed_ip": "30.30.30.186",
            "id": "7923dec8-2550-470b-8bc4-232e95c077e1",
            "pool": "public-provider-97",
            "port_id": "faf134db-02b2-4505-b376-228675617a1b",
            "region": "RegionOne",
            "subnet_id": null,
            "tags": [],
            "tenant_id": "efa204b141a74532b47688871dabb69a",
            "timeouts": null,
            "value_specs": null
          },
          "private": "eyJlMmJmYjczMC1lY2FhLTExZTYtOGY4OC0zNDM2M2JjN2M0YzAiOnsiY3JlYXRlIjo2MDAwMDAwMDAwMDAsImRlbGV0ZSI6NjAwMDAwMDAwMDAwfX0="
        },
        {
          "index_key": "db-instance-2",
          "schema_version": 0,
          "attributes": {
            "address": "192.168.97.173",
            "all_tags": [],
            "description": "",
            "dns_domain": "",
            "dns_name": "",
            "fixed_ip": "30.30.30.201",
            "id": "920b0686-456e-48b4-9fe1-b18d7fbe4bee",
            "pool": "public-provider-97",
            "port_id": "693652ef-0dc7-4c4a-a8a3-fab5042e37e4",
            "region": "RegionOne",
            "subnet_id": null,
            "tags": [],
            "tenant_id": "efa204b141a74532b47688871dabb69a",
            "timeouts": null,
            "value_specs": null
          },
          "private": "eyJlMmJmYjczMC1lY2FhLTExZTYtOGY4OC0zNDM2M2JjN2M0YzAiOnsiY3JlYXRlIjo2MDAwMDAwMDAwMDAsImRlbGV0ZSI6NjAwMDAwMDAwMDAwfX0="
        },
        {
          "index_key": "db-instance-3",
          "schema_version": 0,
          "attributes": {
            "address": "192.168.97.50",
            "all_tags": [],
            "description": "",
            "dns_domain": "",
            "dns_name": "",
            "fixed_ip": "30.30.30.229",
            "id": "63b8e88b-3c5a-4c64-b01b-0a8b362aafc8",
            "pool": "public-provider-97",
            "port_id": "0ead9485-3253-45cf-95b2-cb13838e6930",
            "region": "RegionOne",
            "subnet_id": null,
            "tags": [],
            "tenant_id": "efa204b141a74532b47688871dabb69a",
            "timeouts": null,
            "value_specs": null
          },
          "private": "eyJlMmJmYjczMC1lY2FhLTExZTYtOGY4OC0zNDM2M2JjN2M0YzAiOnsiY3JlYXRlIjo2MDAwMDAwMDAwMDAsImRlbGV0ZSI6NjAwMDAwMDAwMDAwfX0="
        }
      ]
    },
    {
      "mode": "managed",
      "type": "openstack_networking_floatingip_v2",
      "name": "http",
      "each": "map",
      "provider": "provider.openstack",
      "instances": [
        {
          "index_key": "http-instance-1",
          "schema_version": 0,
          "attributes": {
            "address": "192.168.97.48",
            "all_tags": [],
            "description": "",
            "dns_domain": "",
            "dns_name": "",
            "fixed_ip": "33.33.33.147",
            "id": "b85ec1e3-5314-4884-b620-65aba8c2c844",
            "pool": "public-provider-97",
            "port_id": "51737e5c-d3ff-4011-bd16-6ad2254bd077",
            "region": "RegionOne",
            "subnet_id": null,
            "tags": [],
            "tenant_id": "efa204b141a74532b47688871dabb69a",
            "timeouts": null,
            "value_specs": null
          },
          "private": "eyJlMmJmYjczMC1lY2FhLTExZTYtOGY4OC0zNDM2M2JjN2M0YzAiOnsiY3JlYXRlIjo2MDAwMDAwMDAwMDAsImRlbGV0ZSI6NjAwMDAwMDAwMDAwfX0="
        },
        {
          "index_key": "http-instance-2",
          "schema_version": 0,
          "attributes": {
            "address": "192.168.97.83",
            "all_tags": [],
            "description": "",
            "dns_domain": "",
            "dns_name": "",
            "fixed_ip": "33.33.33.106",
            "id": "be75f770-57ec-498b-be1d-111683807289",
            "pool": "public-provider-97",
            "port_id": "10d24c25-1048-443d-a187-fee763b40ddc",
            "region": "RegionOne",
            "subnet_id": null,
            "tags": [],
            "tenant_id": "efa204b141a74532b47688871dabb69a",
            "timeouts": null,
            "value_specs": null
          },
          "private": "eyJlMmJmYjczMC1lY2FhLTExZTYtOGY4OC0zNDM2M2JjN2M0YzAiOnsiY3JlYXRlIjo2MDAwMDAwMDAwMDAsImRlbGV0ZSI6NjAwMDAwMDAwMDAwfX0="
        },
        {
          "index_key": "http-instance-3",
          "schema_version": 0,
          "attributes": {
            "address": "192.168.97.196",
            "all_tags": [],
            "description": "",
            "dns_domain": "",
            "dns_name": "",
            "fixed_ip": "33.33.33.152",
            "id": "14be705d-dc26-494f-83c3-19b617f71d1b",
            "pool": "public-provider-97",
            "port_id": "32407586-edc8-4369-8ca1-0a8a964a7232",
            "region": "RegionOne",
            "subnet_id": null,
            "tags": [],
            "tenant_id": "efa204b141a74532b47688871dabb69a",
            "timeouts": null,
            "value_specs": null
          },
          "private": "eyJlMmJmYjczMC1lY2FhLTExZTYtOGY4OC0zNDM2M2JjN2M0YzAiOnsiY3JlYXRlIjo2MDAwMDAwMDAwMDAsImRlbGV0ZSI6NjAwMDAwMDAwMDAwfX0="
        }
      ]
    },
    {
      "mode": "managed",
      "type": "openstack_networking_network_v2",
      "name": "vpc",
      "provider": "provider.openstack",
      "instances": [
        {
          "schema_version": 0,
          "attributes": {
            "admin_state_up": true,
            "all_tags": [],
            "availability_zone_hints": [],
            "description": "",
            "dns_domain": "",
            "external": false,
            "id": "27833901-b56a-4693-b6a9-fab44283c149",
            "mtu": 8950,
            "name": "private-network-3",
            "port_security_enabled": true,
            "qos_policy_id": "",
            "region": "RegionOne",
            "segments": [],
            "shared": false,
            "tags": [],
            "tenant_id": "efa204b141a74532b47688871dabb69a",
            "timeouts": null,
            "transparent_vlan": false,
            "value_specs": null
          },
          "private": "eyJlMmJmYjczMC1lY2FhLTExZTYtOGY4OC0zNDM2M2JjN2M0YzAiOnsiY3JlYXRlIjo2MDAwMDAwMDAwMDAsImRlbGV0ZSI6NjAwMDAwMDAwMDAwfX0="
        }
      ]
    },
    {
      "mode": "managed",
      "type": "openstack_networking_port_v2",
      "name": "db",
      "each": "map",
      "provider": "provider.openstack",
      "instances": [
        {
          "index_key": "db-instance-1",
          "schema_version": 0,
          "attributes": {
            "admin_state_up": true,
            "all_fixed_ips": [
              "30.30.30.186"
            ],
            "all_security_group_ids": [
              "652547ed-9e4b-45ed-8c8e-91a4bed5d511",
              "7032396a-b6fe-4a21-9ad2-e5231a00b38c"
            ],
            "all_tags": [],
            "allowed_address_pairs": [],
            "binding": [
              {
                "host_id": "",
                "profile": "null",
                "vif_details": {},
                "vif_type": "",
                "vnic_type": "normal"
              }
            ],
            "description": "",
            "device_id": "3434ff8d-61ea-44d7-a9b4-2a918b81caf7",
            "device_owner": "compute:r06",
            "dns_assignment": [],
            "dns_name": "",
            "extra_dhcp_option": [],
            "fixed_ip": [
              {
                "ip_address": "",
                "subnet_id": "20162d9e-54a4-438e-b84b-8fade2188669"
              }
            ],
            "id": "faf134db-02b2-4505-b376-228675617a1b",
            "mac_address": "fa:16:3e:48:04:25",
            "name": "port-db-db-instance-1",
            "network_id": "27833901-b56a-4693-b6a9-fab44283c149",
            "no_fixed_ip": null,
            "no_security_groups": null,
            "port_security_enabled": true,
            "qos_policy_id": "",
            "region": "RegionOne",
            "security_group_ids": [
              "652547ed-9e4b-45ed-8c8e-91a4bed5d511",
              "7032396a-b6fe-4a21-9ad2-e5231a00b38c"
            ],
            "tags": [],
            "tenant_id": "efa204b141a74532b47688871dabb69a",
            "timeouts": null,
            "value_specs": null
          },
          "private": "eyJlMmJmYjczMC1lY2FhLTExZTYtOGY4OC0zNDM2M2JjN2M0YzAiOnsiY3JlYXRlIjo2MDAwMDAwMDAwMDAsImRlbGV0ZSI6NjAwMDAwMDAwMDAwfX0=",
          "dependencies": [
            "openstack_networking_network_v2.vpc",
            "openstack_networking_subnet_v2.db"
          ]
        },
        {
          "index_key": "db-instance-2",
          "schema_version": 0,
          "attributes": {
            "admin_state_up": true,
            "all_fixed_ips": [
              "30.30.30.201"
            ],
            "all_security_group_ids": [
              "652547ed-9e4b-45ed-8c8e-91a4bed5d511",
              "7032396a-b6fe-4a21-9ad2-e5231a00b38c"
            ],
            "all_tags": [],
            "allowed_address_pairs": [],
            "binding": [
              {
                "host_id": "",
                "profile": "null",
                "vif_details": {},
                "vif_type": "",
                "vnic_type": "normal"
              }
            ],
            "description": "",
            "device_id": "7ddcc2ea-18d4-44fa-be94-5782f0c67ce5",
            "device_owner": "compute:r06",
            "dns_assignment": [],
            "dns_name": "",
            "extra_dhcp_option": [],
            "fixed_ip": [
              {
                "ip_address": "",
                "subnet_id": "20162d9e-54a4-438e-b84b-8fade2188669"
              }
            ],
            "id": "693652ef-0dc7-4c4a-a8a3-fab5042e37e4",
            "mac_address": "fa:16:3e:0a:f4:d2",
            "name": "port-db-db-instance-2",
            "network_id": "27833901-b56a-4693-b6a9-fab44283c149",
            "no_fixed_ip": null,
            "no_security_groups": null,
            "port_security_enabled": true,
            "qos_policy_id": "",
            "region": "RegionOne",
            "security_group_ids": [
              "652547ed-9e4b-45ed-8c8e-91a4bed5d511",
              "7032396a-b6fe-4a21-9ad2-e5231a00b38c"
            ],
            "tags": [],
            "tenant_id": "efa204b141a74532b47688871dabb69a",
            "timeouts": null,
            "value_specs": null
          },
          "private": "eyJlMmJmYjczMC1lY2FhLTExZTYtOGY4OC0zNDM2M2JjN2M0YzAiOnsiY3JlYXRlIjo2MDAwMDAwMDAwMDAsImRlbGV0ZSI6NjAwMDAwMDAwMDAwfX0=",
          "dependencies": [
            "openstack_networking_network_v2.vpc",
            "openstack_networking_subnet_v2.db"
          ]
        },
        {
          "index_key": "db-instance-3",
          "schema_version": 0,
          "attributes": {
            "admin_state_up": true,
            "all_fixed_ips": [
              "30.30.30.229"
            ],
            "all_security_group_ids": [
              "652547ed-9e4b-45ed-8c8e-91a4bed5d511",
              "7032396a-b6fe-4a21-9ad2-e5231a00b38c"
            ],
            "all_tags": [],
            "allowed_address_pairs": [],
            "binding": [
              {
                "host_id": "",
                "profile": "null",
                "vif_details": {},
                "vif_type": "",
                "vnic_type": "normal"
              }
            ],
            "description": "",
            "device_id": "884ee882-9eeb-484b-9b59-6f0424e0be09",
            "device_owner": "compute:r06",
            "dns_assignment": [],
            "dns_name": "",
            "extra_dhcp_option": [],
            "fixed_ip": [
              {
                "ip_address": "",
                "subnet_id": "20162d9e-54a4-438e-b84b-8fade2188669"
              }
            ],
            "id": "0ead9485-3253-45cf-95b2-cb13838e6930",
            "mac_address": "fa:16:3e:89:c1:d4",
            "name": "port-db-db-instance-3",
            "network_id": "27833901-b56a-4693-b6a9-fab44283c149",
            "no_fixed_ip": null,
            "no_security_groups": null,
            "port_security_enabled": true,
            "qos_policy_id": "",
            "region": "RegionOne",
            "security_group_ids": [
              "652547ed-9e4b-45ed-8c8e-91a4bed5d511",
              "7032396a-b6fe-4a21-9ad2-e5231a00b38c"
            ],
            "tags": [],
            "tenant_id": "efa204b141a74532b47688871dabb69a",
            "timeouts": null,
            "value_specs": null
          },
          "private": "eyJlMmJmYjczMC1lY2FhLTExZTYtOGY4OC0zNDM2M2JjN2M0YzAiOnsiY3JlYXRlIjo2MDAwMDAwMDAwMDAsImRlbGV0ZSI6NjAwMDAwMDAwMDAwfX0=",
          "dependencies": [
            "openstack_networking_network_v2.vpc",
            "openstack_networking_subnet_v2.db"
          ]
        }
      ]
    },
    {
      "mode": "managed",
      "type": "openstack_networking_port_v2",
      "name": "http",
      "each": "map",
      "provider": "provider.openstack",
      "instances": [
        {
          "index_key": "http-instance-1",
          "schema_version": 0,
          "attributes": {
            "admin_state_up": true,
            "all_fixed_ips": [
              "33.33.33.147"
            ],
            "all_security_group_ids": [
              "7032396a-b6fe-4a21-9ad2-e5231a00b38c",
              "e755801b-c8e4-447e-8b5e-8a9ce211c12e"
            ],
            "all_tags": [],
            "allowed_address_pairs": [],
            "binding": [
              {
                "host_id": "",
                "profile": "null",
                "vif_details": {},
                "vif_type": "",
                "vnic_type": "normal"
              }
            ],
            "description": "",
            "device_id": "4d15fc8f-ec16-43d1-a3d0-c418780983d7",
            "device_owner": "compute:r06",
            "dns_assignment": [],
            "dns_name": "",
            "extra_dhcp_option": [],
            "fixed_ip": [
              {
                "ip_address": "",
                "subnet_id": "28babdbf-31e9-4c33-b122-9edca63cbffa"
              }
            ],
            "id": "51737e5c-d3ff-4011-bd16-6ad2254bd077",
            "mac_address": "fa:16:3e:98:e9:e6",
            "name": "port-http-http-instance-1",
            "network_id": "27833901-b56a-4693-b6a9-fab44283c149",
            "no_fixed_ip": null,
            "no_security_groups": null,
            "port_security_enabled": true,
            "qos_policy_id": "",
            "region": "RegionOne",
            "security_group_ids": [
              "7032396a-b6fe-4a21-9ad2-e5231a00b38c",
              "e755801b-c8e4-447e-8b5e-8a9ce211c12e"
            ],
            "tags": [],
            "tenant_id": "efa204b141a74532b47688871dabb69a",
            "timeouts": null,
            "value_specs": null
          },
          "private": "eyJlMmJmYjczMC1lY2FhLTExZTYtOGY4OC0zNDM2M2JjN2M0YzAiOnsiY3JlYXRlIjo2MDAwMDAwMDAwMDAsImRlbGV0ZSI6NjAwMDAwMDAwMDAwfX0=",
          "dependencies": [
            "openstack_networking_network_v2.vpc",
            "openstack_networking_subnet_v2.http"
          ]
        },
        {
          "index_key": "http-instance-2",
          "schema_version": 0,
          "attributes": {
            "admin_state_up": true,
            "all_fixed_ips": [
              "33.33.33.106"
            ],
            "all_security_group_ids": [
              "7032396a-b6fe-4a21-9ad2-e5231a00b38c",
              "e755801b-c8e4-447e-8b5e-8a9ce211c12e"
            ],
            "all_tags": [],
            "allowed_address_pairs": [],
            "binding": [
              {
                "host_id": "",
                "profile": "null",
                "vif_details": {},
                "vif_type": "",
                "vnic_type": "normal"
              }
            ],
            "description": "",
            "device_id": "eea83e36-b099-4dba-bc47-49e7f0ec3633",
            "device_owner": "compute:r06",
            "dns_assignment": [],
            "dns_name": "",
            "extra_dhcp_option": [],
            "fixed_ip": [
              {
                "ip_address": "",
                "subnet_id": "28babdbf-31e9-4c33-b122-9edca63cbffa"
              }
            ],
            "id": "10d24c25-1048-443d-a187-fee763b40ddc",
            "mac_address": "fa:16:3e:0b:2d:de",
            "name": "port-http-http-instance-2",
            "network_id": "27833901-b56a-4693-b6a9-fab44283c149",
            "no_fixed_ip": null,
            "no_security_groups": null,
            "port_security_enabled": true,
            "qos_policy_id": "",
            "region": "RegionOne",
            "security_group_ids": [
              "7032396a-b6fe-4a21-9ad2-e5231a00b38c",
              "e755801b-c8e4-447e-8b5e-8a9ce211c12e"
            ],
            "tags": [],
            "tenant_id": "efa204b141a74532b47688871dabb69a",
            "timeouts": null,
            "value_specs": null
          },
          "private": "eyJlMmJmYjczMC1lY2FhLTExZTYtOGY4OC0zNDM2M2JjN2M0YzAiOnsiY3JlYXRlIjo2MDAwMDAwMDAwMDAsImRlbGV0ZSI6NjAwMDAwMDAwMDAwfX0=",
          "dependencies": [
            "openstack_networking_network_v2.vpc",
            "openstack_networking_subnet_v2.http"
          ]
        },
        {
          "index_key": "http-instance-3",
          "schema_version": 0,
          "attributes": {
            "admin_state_up": true,
            "all_fixed_ips": [
              "33.33.33.152"
            ],
            "all_security_group_ids": [
              "7032396a-b6fe-4a21-9ad2-e5231a00b38c",
              "e755801b-c8e4-447e-8b5e-8a9ce211c12e"
            ],
            "all_tags": [],
            "allowed_address_pairs": [],
            "binding": [
              {
                "host_id": "",
                "profile": "null",
                "vif_details": {},
                "vif_type": "",
                "vnic_type": "normal"
              }
            ],
            "description": "",
            "device_id": "99bc4fce-be4d-41ce-ad37-c615261bd9e5",
            "device_owner": "compute:r06",
            "dns_assignment": [],
            "dns_name": "",
            "extra_dhcp_option": [],
            "fixed_ip": [
              {
                "ip_address": "",
                "subnet_id": "28babdbf-31e9-4c33-b122-9edca63cbffa"
              }
            ],
            "id": "32407586-edc8-4369-8ca1-0a8a964a7232",
            "mac_address": "fa:16:3e:85:95:bb",
            "name": "port-http-http-instance-3",
            "network_id": "27833901-b56a-4693-b6a9-fab44283c149",
            "no_fixed_ip": null,
            "no_security_groups": null,
            "port_security_enabled": true,
            "qos_policy_id": "",
            "region": "RegionOne",
            "security_group_ids": [
              "7032396a-b6fe-4a21-9ad2-e5231a00b38c",
              "e755801b-c8e4-447e-8b5e-8a9ce211c12e"
            ],
            "tags": [],
            "tenant_id": "efa204b141a74532b47688871dabb69a",
            "timeouts": null,
            "value_specs": null
          },
          "private": "eyJlMmJmYjczMC1lY2FhLTExZTYtOGY4OC0zNDM2M2JjN2M0YzAiOnsiY3JlYXRlIjo2MDAwMDAwMDAwMDAsImRlbGV0ZSI6NjAwMDAwMDAwMDAwfX0=",
          "dependencies": [
            "openstack_networking_network_v2.vpc",
            "openstack_networking_subnet_v2.http"
          ]
        }
      ]
    },
    {
      "mode": "managed",
      "type": "openstack_networking_router_interface_v2",
      "name": "db",
      "provider": "provider.openstack",
      "instances": [
        {
          "schema_version": 0,
          "attributes": {
            "id": "2bfc8872-64f7-48ae-8dd8-ebeb8ed334a7",
            "port_id": "2bfc8872-64f7-48ae-8dd8-ebeb8ed334a7",
            "region": "RegionOne",
            "router_id": "58a4ec80-45da-424c-9803-df481ef36895",
            "subnet_id": "20162d9e-54a4-438e-b84b-8fade2188669",
            "timeouts": null
          },
          "private": "eyJlMmJmYjczMC1lY2FhLTExZTYtOGY4OC0zNDM2M2JjN2M0YzAiOnsiY3JlYXRlIjo2MDAwMDAwMDAwMDAsImRlbGV0ZSI6NjAwMDAwMDAwMDAwfX0=",
          "dependencies": [
            "openstack_networking_network_v2.vpc",
            "openstack_networking_subnet_v2.db"
          ]
        }
      ]
    },
    {
      "mode": "managed",
      "type": "openstack_networking_router_interface_v2",
      "name": "http",
      "provider": "provider.openstack",
      "instances": [
        {
          "schema_version": 0,
          "attributes": {
            "id": "6c729e99-390e-451b-a415-603655b7b563",
            "port_id": "6c729e99-390e-451b-a415-603655b7b563",
            "region": "RegionOne",
            "router_id": "58a4ec80-45da-424c-9803-df481ef36895",
            "subnet_id": "28babdbf-31e9-4c33-b122-9edca63cbffa",
            "timeouts": null
          },
          "private": "eyJlMmJmYjczMC1lY2FhLTExZTYtOGY4OC0zNDM2M2JjN2M0YzAiOnsiY3JlYXRlIjo2MDAwMDAwMDAwMDAsImRlbGV0ZSI6NjAwMDAwMDAwMDAwfX0=",
          "dependencies": [
            "openstack_networking_network_v2.vpc",
            "openstack_networking_subnet_v2.http"
          ]
        }
      ]
    },
    {
      "mode": "managed",
      "type": "openstack_networking_subnet_v2",
      "name": "db",
      "provider": "provider.openstack",
      "instances": [
        {
          "schema_version": 0,
          "attributes": {
            "all_tags": [],
            "allocation_pool": [
              {
                "end": "30.30.30.254",
                "start": "30.30.30.2"
              }
            ],
            "allocation_pools": [
              {
                "end": "30.30.30.254",
                "start": "30.30.30.2"
              }
            ],
            "cidr": "30.30.30.0/24",
            "description": "",
            "dns_nameservers": [
              "8.8.8.8",
              "8.8.8.4"
            ],
            "enable_dhcp": true,
            "gateway_ip": "30.30.30.1",
            "host_routes": [],
            "id": "20162d9e-54a4-438e-b84b-8fade2188669",
            "ip_version": 4,
            "ipv6_address_mode": "",
            "ipv6_ra_mode": "",
            "name": "subnet-db",
            "network_id": "27833901-b56a-4693-b6a9-fab44283c149",
            "no_gateway": false,
            "prefix_length": null,
            "region": "RegionOne",
            "subnetpool_id": "",
            "tags": [],
            "tenant_id": "efa204b141a74532b47688871dabb69a",
            "timeouts": null,
            "value_specs": null
          },
          "private": "eyJlMmJmYjczMC1lY2FhLTExZTYtOGY4OC0zNDM2M2JjN2M0YzAiOnsiY3JlYXRlIjo2MDAwMDAwMDAwMDAsImRlbGV0ZSI6NjAwMDAwMDAwMDAwfX0=",
          "dependencies": [
            "openstack_networking_network_v2.vpc"
          ]
        }
      ]
    },
    {
      "mode": "managed",
      "type": "openstack_networking_subnet_v2",
      "name": "http",
      "provider": "provider.openstack",
      "instances": [
        {
          "schema_version": 0,
          "attributes": {
            "all_tags": [],
            "allocation_pool": [
              {
                "end": "33.33.33.254",
                "start": "33.33.33.2"
              }
            ],
            "allocation_pools": [
              {
                "end": "33.33.33.254",
                "start": "33.33.33.2"
              }
            ],
            "cidr": "33.33.33.0/24",
            "description": "",
            "dns_nameservers": [
              "8.8.8.8",
              "8.8.8.4"
            ],
            "enable_dhcp": true,
            "gateway_ip": "33.33.33.1",
            "host_routes": [],
            "id": "28babdbf-31e9-4c33-b122-9edca63cbffa",
            "ip_version": 4,
            "ipv6_address_mode": "",
            "ipv6_ra_mode": "",
            "name": "subnet-http",
            "network_id": "27833901-b56a-4693-b6a9-fab44283c149",
            "no_gateway": false,
            "prefix_length": null,
            "region": "RegionOne",
            "subnetpool_id": "",
            "tags": [],
            "tenant_id": "efa204b141a74532b47688871dabb69a",
            "timeouts": null,
            "value_specs": null
          },
          "private": "eyJlMmJmYjczMC1lY2FhLTExZTYtOGY4OC0zNDM2M2JjN2M0YzAiOnsiY3JlYXRlIjo2MDAwMDAwMDAwMDAsImRlbGV0ZSI6NjAwMDAwMDAwMDAwfX0=",
          "dependencies": [
            "openstack_networking_network_v2.vpc"
          ]
        }
      ]
    }
  ]
}
