{
  "version": 4,
  "terraform_version": "0.12.28",
  "serial": 16,
  "lineage": "9863cd83-cbff-7479-7499-d35348f80b44",
  "outputs": {
    "fip_db": {
      "value": "192.168.97.171",
      "type": "string"
    },
    "fip_http": {
      "value": "192.168.97.196",
      "type": "string"
    }
  },
  "resources": [
    {
      "mode": "data",
      "type": "openstack_compute_keypair_v2",
      "name": "user_key",
      "provider": "provider.openstack",
      "instances": [
        {
          "schema_version": 0,
          "attributes": {
            "fingerprint": "44:86:af:96:ad:8a:a2:2c:0b:ad:6a:2a:53:0d:e7:9d",
            "id": "my_poc_key",
            "name": "my_poc_key",
            "public_key": "ssh-rsa AAAAB3NzaC1yc2EAAAADAQABAAABAQDJZiZSZWPJdi/tahgPIX6qG/ynIDoK9jeS1xbSTna/Ngy+ZkYXefOkuFsga79NB23QVE4ruJlyqz3wq8jX0yQOLiUTvveJ+CgDRLA3GAe/MQEhpCMTyP+oxV/iKLaxZJLeKIy08pnBU28Ep1IFU7JRFbW8uYNhCXrRc7X3+6IHF5/t/x6CdLdRG+XzrzjnRPY4DoKm1JHFKPIOjxawr9++P645Edjx4YiqE4gAPrpeTU/i7TD54wrTl2boXEHdg2TPLkN9a4khAKbLS58GAb1kyNI6lV1X22sHdHX/wzIsnCvUPtMWkGc1Cg7su78NBVT1D3OVEQGt4P4HUwMDRTAz jinho@DESKTOP-508L2AT\n",
            "region": "RegionOne"
          }
        }
      ]
    },
    {
      "mode": "data",
      "type": "openstack_images_image_v2",
      "name": "centos_current",
      "provider": "provider.openstack",
      "instances": [
        {
          "schema_version": 0,
          "attributes": {
            "checksum": "123772a69f96afaed8d53764ae22c800",
            "container_format": "bare",
            "created_at": "2020-04-22T00:25:38Z",
            "disk_format": "raw",
            "file": "/v2/images/8181d7c5-0218-4a77-9333-01f84bb498de/file",
            "id": "8181d7c5-0218-4a77-9333-01f84bb498de",
            "member_status": null,
            "metadata": {},
            "min_disk_gb": 0,
            "min_ram_mb": 0,
            "most_recent": true,
            "name": "CentOS-7-1907",
            "owner": "31d9b691964144a1a6766aa171832470",
            "properties": null,
            "protected": false,
            "region": null,
            "schema": "/v2/schemas/image",
            "size_bytes": 8589934592,
            "size_max": null,
            "size_min": null,
            "sort_direction": "asc",
            "sort_key": "name",
            "tag": null,
            "tags": [],
            "updated_at": "2020-04-22T00:29:07Z",
            "visibility": "public"
          }
        }
      ]
    },
    {
      "mode": "data",
      "type": "openstack_networking_network_v2",
      "name": "external_network",
      "provider": "provider.openstack",
      "instances": [
        {
          "schema_version": 0,
          "attributes": {
            "admin_state_up": "true",
            "all_tags": [],
            "availability_zone_hints": [],
            "description": "",
            "dns_domain": "",
            "external": true,
            "id": "e98e5ab1-1775-46bb-8a7b-ae1ced2950ff",
            "matching_subnet_cidr": null,
            "mtu": 9000,
            "name": "public-provider-97",
            "network_id": null,
            "region": "RegionOne",
            "shared": "true",
            "status": null,
            "tags": null,
            "tenant_id": "df9dcc3281364b3886ed0d9b89c909de",
            "transparent_vlan": false
          }
        }
      ]
    },
    {
      "mode": "data",
      "type": "openstack_networking_router_v2",
      "name": "jinho-router",
      "provider": "provider.openstack",
      "instances": [
        {
          "schema_version": 0,
          "attributes": {
            "admin_state_up": true,
            "all_tags": [],
            "availability_zone_hints": [],
            "description": "",
            "distributed": false,
            "enable_snat": true,
            "external_fixed_ip": [
              {
                "ip_address": "192.168.97.214",
                "subnet_id": "15976828-7739-4ddd-b2ca-ff7dc40cf5d1"
              }
            ],
            "external_network_id": "e98e5ab1-1775-46bb-8a7b-ae1ced2950ff",
            "id": "58a4ec80-45da-424c-9803-df481ef36895",
            "name": "jinho-router",
            "region": "RegionOne",
            "router_id": null,
            "status": "ACTIVE",
            "tags": null,
            "tenant_id": "efa204b141a74532b47688871dabb69a"
          }
        }
      ]
    },
    {
      "mode": "data",
      "type": "openstack_networking_secgroup_v2",
      "name": "external",
      "provider": "provider.openstack",
      "instances": [
        {
          "schema_version": 0,
          "attributes": {
            "all_tags": [],
            "description": "Open input external port",
            "id": "e755801b-c8e4-447e-8b5e-8a9ce211c12e",
            "name": "external",
            "region": "RegionOne",
            "secgroup_id": null,
            "tags": null,
            "tenant_id": "efa204b141a74532b47688871dabb69a"
          }
        }
      ]
    },
    {
      "mode": "data",
      "type": "openstack_networking_secgroup_v2",
      "name": "internal",
      "provider": "provider.openstack",
      "instances": [
        {
          "schema_version": 0,
          "attributes": {
            "all_tags": [],
            "description": "Open input internal port",
            "id": "652547ed-9e4b-45ed-8c8e-91a4bed5d511",
            "name": "internal",
            "region": "RegionOne",
            "secgroup_id": null,
            "tags": null,
            "tenant_id": "efa204b141a74532b47688871dabb69a"
          }
        }
      ]
    },
    {
      "mode": "data",
      "type": "openstack_networking_secgroup_v2",
      "name": "ssh",
      "provider": "provider.openstack",
      "instances": [
        {
          "schema_version": 0,
          "attributes": {
            "all_tags": [],
            "description": "Open input ssh port",
            "id": "7032396a-b6fe-4a21-9ad2-e5231a00b38c",
            "name": "ssh",
            "region": "RegionOne",
            "secgroup_id": null,
            "tags": null,
            "tenant_id": "efa204b141a74532b47688871dabb69a"
          }
        }
      ]
    },
    {
      "mode": "managed",
      "type": "openstack_blockstorage_volume_v2",
      "name": "db",
      "provider": "provider.openstack",
      "instances": [
        {
          "schema_version": 0,
          "attributes": {
            "attachment": [
              {
                "device": "/dev/vdb",
                "id": "cbc396c8-314b-432a-90c3-6917a81cbcae",
                "instance_id": "918b5469-933d-43fc-bee6-5cdd667c94f0"
              }
            ],
            "availability_zone": "nova",
            "consistency_group_id": null,
            "description": "",
            "id": "cbc396c8-314b-432a-90c3-6917a81cbcae",
            "image_id": null,
            "metadata": {},
            "name": "volume-db",
            "region": "RegionOne",
            "scheduler_hints": [],
            "size": 30,
            "snapshot_id": "",
            "source_replica": null,
            "source_vol_id": "",
            "timeouts": null,
            "volume_type": "rbd1"
          },
          "private": "eyJlMmJmYjczMC1lY2FhLTExZTYtOGY4OC0zNDM2M2JjN2M0YzAiOnsiY3JlYXRlIjo2MDAwMDAwMDAwMDAsImRlbGV0ZSI6NjAwMDAwMDAwMDAwfX0="
        }
      ]
    },
    {
      "mode": "managed",
      "type": "openstack_compute_floatingip_associate_v2",
      "name": "db",
      "provider": "provider.openstack",
      "instances": [
        {
          "schema_version": 0,
          "attributes": {
            "fixed_ip": "",
            "floating_ip": "192.168.97.171",
            "id": "192.168.97.171/918b5469-933d-43fc-bee6-5cdd667c94f0/",
            "instance_id": "918b5469-933d-43fc-bee6-5cdd667c94f0",
            "region": "RegionOne",
            "timeouts": null,
            "wait_until_associated": null
          },
          "private": "eyJlMmJmYjczMC1lY2FhLTExZTYtOGY4OC0zNDM2M2JjN2M0YzAiOnsiY3JlYXRlIjo2MDAwMDAwMDAwMDB9fQ==",
          "dependencies": [
            "openstack_compute_instance_v2.db",
            "openstack_networking_floatingip_v2.db",
            "openstack_networking_network_v2.vpc",
            "openstack_networking_port_v2.db",
            "openstack_networking_subnet_v2.http"
          ]
        }
      ]
    },
    {
      "mode": "managed",
      "type": "openstack_compute_floatingip_associate_v2",
      "name": "http",
      "provider": "provider.openstack",
      "instances": [
        {
          "schema_version": 0,
          "attributes": {
            "fixed_ip": "",
            "floating_ip": "192.168.97.196",
            "id": "192.168.97.196/95f26bdc-e6dc-4401-ba4b-0a9f2704111b/",
            "instance_id": "95f26bdc-e6dc-4401-ba4b-0a9f2704111b",
            "region": "RegionOne",
            "timeouts": null,
            "wait_until_associated": null
          },
          "private": "eyJlMmJmYjczMC1lY2FhLTExZTYtOGY4OC0zNDM2M2JjN2M0YzAiOnsiY3JlYXRlIjo2MDAwMDAwMDAwMDB9fQ==",
          "dependencies": [
            "openstack_compute_instance_v2.http",
            "openstack_networking_floatingip_v2.http",
            "openstack_networking_network_v2.vpc",
            "openstack_networking_port_v2.http",
            "openstack_networking_subnet_v2.http"
          ]
        }
      ]
    },
    {
      "mode": "managed",
      "type": "openstack_compute_instance_v2",
      "name": "db",
      "provider": "provider.openstack",
      "instances": [
        {
          "schema_version": 0,
          "attributes": {
            "access_ip_v4": "22.22.22.195",
            "access_ip_v6": "",
            "admin_pass": null,
            "all_metadata": {},
            "all_tags": [],
            "availability_zone": "r06",
            "availability_zone_hints": null,
            "block_device": [],
            "config_drive": null,
            "flavor_id": "d7dd5f3f-3024-4c0e-b08e-a01daba6620e",
            "flavor_name": "m1.medium",
            "floating_ip": null,
            "force_delete": false,
            "id": "918b5469-933d-43fc-bee6-5cdd667c94f0",
            "image_id": "8181d7c5-0218-4a77-9333-01f84bb498de",
            "image_name": "CentOS-7-1907",
            "key_pair": "my_poc_key",
            "metadata": null,
            "name": "front01",
            "network": [
              {
                "access_network": false,
                "fixed_ip_v4": "22.22.22.195",
                "fixed_ip_v6": "",
                "floating_ip": "",
                "mac": "fa:16:3e:ba:3e:57",
                "name": "private-net-2",
                "port": "a889fbf8-db09-47c8-b9cc-4a5db9d79837",
                "uuid": "57e4946c-268d-4452-9a29-efc6b6dfcb16"
              }
            ],
            "personality": [],
            "power_state": "active",
            "region": "RegionOne",
            "scheduler_hints": [],
            "security_groups": [
              "internal",
              "ssh"
            ],
            "stop_before_destroy": false,
            "tags": [],
            "timeouts": null,
            "user_data": "62a1e17a8ab950e59e56563ebf327d9a14520575",
            "vendor_options": [],
            "volume": []
          },
          "private": "eyJlMmJmYjczMC1lY2FhLTExZTYtOGY4OC0zNDM2M2JjN2M0YzAiOnsiY3JlYXRlIjoxODAwMDAwMDAwMDAwLCJkZWxldGUiOjE4MDAwMDAwMDAwMDAsInVwZGF0ZSI6MTgwMDAwMDAwMDAwMH19",
          "dependencies": [
            "openstack_networking_network_v2.vpc",
            "openstack_networking_port_v2.db",
            "openstack_networking_subnet_v2.http"
          ]
        }
      ]
    },
    {
      "mode": "managed",
      "type": "openstack_compute_instance_v2",
      "name": "http",
      "provider": "provider.openstack",
      "instances": [
        {
          "schema_version": 0,
          "attributes": {
            "access_ip_v4": "22.22.22.60",
            "access_ip_v6": "",
            "admin_pass": null,
            "all_metadata": {},
            "all_tags": [],
            "availability_zone": "r06",
            "availability_zone_hints": null,
            "block_device": [
              {
                "boot_index": 0,
                "delete_on_termination": true,
                "destination_type": "volume",
                "device_type": "",
                "disk_bus": "",
                "guest_format": "",
                "source_type": "image",
                "uuid": "8181d7c5-0218-4a77-9333-01f84bb498de",
                "volume_size": 50,
                "volume_type": ""
              }
            ],
            "config_drive": null,
            "flavor_id": "d7dd5f3f-3024-4c0e-b08e-a01daba6620e",
            "flavor_name": "m1.medium",
            "floating_ip": null,
            "force_delete": false,
            "id": "95f26bdc-e6dc-4401-ba4b-0a9f2704111b",
            "image_id": "Attempt to boot from volume - no image supplied",
            "image_name": "CentOS-7-1907",
            "key_pair": "my_poc_key",
            "metadata": null,
            "name": "http-instance",
            "network": [
              {
                "access_network": false,
                "fixed_ip_v4": "22.22.22.60",
                "fixed_ip_v6": "",
                "floating_ip": "",
                "mac": "fa:16:3e:4b:0a:c9",
                "name": "private-net-2",
                "port": "d3ea5ae5-54ac-48f9-9bb7-4c1b032cad84",
                "uuid": "57e4946c-268d-4452-9a29-efc6b6dfcb16"
              }
            ],
            "personality": [],
            "power_state": "active",
            "region": "RegionOne",
            "scheduler_hints": [],
            "security_groups": [
              "external",
              "ssh"
            ],
            "stop_before_destroy": false,
            "tags": [],
            "timeouts": null,
            "user_data": "62a1e17a8ab950e59e56563ebf327d9a14520575",
            "vendor_options": [],
            "volume": []
          },
          "private": "eyJlMmJmYjczMC1lY2FhLTExZTYtOGY4OC0zNDM2M2JjN2M0YzAiOnsiY3JlYXRlIjoxODAwMDAwMDAwMDAwLCJkZWxldGUiOjE4MDAwMDAwMDAwMDAsInVwZGF0ZSI6MTgwMDAwMDAwMDAwMH19",
          "dependencies": [
            "openstack_networking_network_v2.vpc",
            "openstack_networking_port_v2.http",
            "openstack_networking_subnet_v2.http"
          ]
        }
      ]
    },
    {
      "mode": "managed",
      "type": "openstack_compute_volume_attach_v2",
      "name": "db",
      "provider": "provider.openstack",
      "instances": [
        {
          "schema_version": 0,
          "attributes": {
            "device": "/dev/vdb",
            "id": "918b5469-933d-43fc-bee6-5cdd667c94f0/cbc396c8-314b-432a-90c3-6917a81cbcae",
            "instance_id": "918b5469-933d-43fc-bee6-5cdd667c94f0",
            "multiattach": null,
            "region": "RegionOne",
            "timeouts": null,
            "volume_id": "cbc396c8-314b-432a-90c3-6917a81cbcae"
          },
          "private": "eyJlMmJmYjczMC1lY2FhLTExZTYtOGY4OC0zNDM2M2JjN2M0YzAiOnsiY3JlYXRlIjo2MDAwMDAwMDAwMDAsImRlbGV0ZSI6NjAwMDAwMDAwMDAwfX0=",
          "dependencies": [
            "openstack_blockstorage_volume_v2.db",
            "openstack_compute_instance_v2.db",
            "openstack_networking_network_v2.vpc",
            "openstack_networking_port_v2.db",
            "openstack_networking_subnet_v2.http"
          ]
        }
      ]
    },
    {
      "mode": "managed",
      "type": "openstack_networking_floatingip_v2",
      "name": "db",
      "provider": "provider.openstack",
      "instances": [
        {
          "schema_version": 0,
          "attributes": {
            "address": "192.168.97.171",
            "all_tags": [],
            "description": "",
            "dns_domain": "",
            "dns_name": "",
            "fixed_ip": "22.22.22.195",
            "id": "20471783-0dd1-4faa-b9ad-75effa996527",
            "pool": "public-provider-97",
            "port_id": "a889fbf8-db09-47c8-b9cc-4a5db9d79837",
            "region": "RegionOne",
            "subnet_id": null,
            "tags": [],
            "tenant_id": "efa204b141a74532b47688871dabb69a",
            "timeouts": null,
            "value_specs": null
          },
          "private": "eyJlMmJmYjczMC1lY2FhLTExZTYtOGY4OC0zNDM2M2JjN2M0YzAiOnsiY3JlYXRlIjo2MDAwMDAwMDAwMDAsImRlbGV0ZSI6NjAwMDAwMDAwMDAwfX0="
        }
      ]
    },
    {
      "mode": "managed",
      "type": "openstack_networking_floatingip_v2",
      "name": "http",
      "provider": "provider.openstack",
      "instances": [
        {
          "schema_version": 0,
          "attributes": {
            "address": "192.168.97.196",
            "all_tags": [],
            "description": "",
            "dns_domain": "",
            "dns_name": "",
            "fixed_ip": "22.22.22.60",
            "id": "16825b58-781c-4c9a-8e43-4d901ebe4a05",
            "pool": "public-provider-97",
            "port_id": "d3ea5ae5-54ac-48f9-9bb7-4c1b032cad84",
            "region": "RegionOne",
            "subnet_id": null,
            "tags": [],
            "tenant_id": "efa204b141a74532b47688871dabb69a",
            "timeouts": null,
            "value_specs": null
          },
          "private": "eyJlMmJmYjczMC1lY2FhLTExZTYtOGY4OC0zNDM2M2JjN2M0YzAiOnsiY3JlYXRlIjo2MDAwMDAwMDAwMDAsImRlbGV0ZSI6NjAwMDAwMDAwMDAwfX0="
        }
      ]
    },
    {
      "mode": "managed",
      "type": "openstack_networking_network_v2",
      "name": "vpc",
      "provider": "provider.openstack",
      "instances": [
        {
          "schema_version": 0,
          "attributes": {
            "admin_state_up": true,
            "all_tags": [],
            "availability_zone_hints": [],
            "description": "",
            "dns_domain": "",
            "external": false,
            "id": "57e4946c-268d-4452-9a29-efc6b6dfcb16",
            "mtu": 8950,
            "name": "private-net-2",
            "port_security_enabled": true,
            "qos_policy_id": "",
            "region": "RegionOne",
            "segments": [],
            "shared": false,
            "tags": [],
            "tenant_id": "efa204b141a74532b47688871dabb69a",
            "timeouts": null,
            "transparent_vlan": false,
            "value_specs": null
          },
          "private": "eyJlMmJmYjczMC1lY2FhLTExZTYtOGY4OC0zNDM2M2JjN2M0YzAiOnsiY3JlYXRlIjo2MDAwMDAwMDAwMDAsImRlbGV0ZSI6NjAwMDAwMDAwMDAwfX0="
        }
      ]
    },
    {
      "mode": "managed",
      "type": "openstack_networking_port_v2",
      "name": "db",
      "provider": "provider.openstack",
      "instances": [
        {
          "schema_version": 0,
          "attributes": {
            "admin_state_up": true,
            "all_fixed_ips": [
              "22.22.22.195"
            ],
            "all_security_group_ids": [
              "652547ed-9e4b-45ed-8c8e-91a4bed5d511",
              "7032396a-b6fe-4a21-9ad2-e5231a00b38c"
            ],
            "all_tags": [],
            "allowed_address_pairs": [],
            "binding": [
              {
                "host_id": "",
                "profile": "null",
                "vif_details": {},
                "vif_type": "",
                "vnic_type": "normal"
              }
            ],
            "description": "",
            "device_id": "918b5469-933d-43fc-bee6-5cdd667c94f0",
            "device_owner": "compute:r06",
            "dns_assignment": [],
            "dns_name": "",
            "extra_dhcp_option": [],
            "fixed_ip": [
              {
                "ip_address": "",
                "subnet_id": "f0e1760a-caf4-43a0-a66d-ab0a1c2fc6a8"
              }
            ],
            "id": "a889fbf8-db09-47c8-b9cc-4a5db9d79837",
            "mac_address": "fa:16:3e:ba:3e:57",
            "name": "port-instance-db",
            "network_id": "57e4946c-268d-4452-9a29-efc6b6dfcb16",
            "no_fixed_ip": null,
            "no_security_groups": null,
            "port_security_enabled": true,
            "qos_policy_id": "",
            "region": "RegionOne",
            "security_group_ids": [
              "652547ed-9e4b-45ed-8c8e-91a4bed5d511",
              "7032396a-b6fe-4a21-9ad2-e5231a00b38c"
            ],
            "tags": [],
            "tenant_id": "efa204b141a74532b47688871dabb69a",
            "timeouts": null,
            "value_specs": null
          },
          "private": "eyJlMmJmYjczMC1lY2FhLTExZTYtOGY4OC0zNDM2M2JjN2M0YzAiOnsiY3JlYXRlIjo2MDAwMDAwMDAwMDAsImRlbGV0ZSI6NjAwMDAwMDAwMDAwfX0=",
          "dependencies": [
            "openstack_networking_network_v2.vpc",
            "openstack_networking_subnet_v2.http"
          ]
        }
      ]
    },
    {
      "mode": "managed",
      "type": "openstack_networking_port_v2",
      "name": "http",
      "provider": "provider.openstack",
      "instances": [
        {
          "schema_version": 0,
          "attributes": {
            "admin_state_up": true,
            "all_fixed_ips": [
              "22.22.22.60"
            ],
            "all_security_group_ids": [
              "7032396a-b6fe-4a21-9ad2-e5231a00b38c",
              "e755801b-c8e4-447e-8b5e-8a9ce211c12e"
            ],
            "all_tags": [],
            "allowed_address_pairs": [],
            "binding": [
              {
                "host_id": "",
                "profile": "null",
                "vif_details": {},
                "vif_type": "",
                "vnic_type": "normal"
              }
            ],
            "description": "",
            "device_id": "95f26bdc-e6dc-4401-ba4b-0a9f2704111b",
            "device_owner": "compute:r06",
            "dns_assignment": [],
            "dns_name": "",
            "extra_dhcp_option": [],
            "fixed_ip": [
              {
                "ip_address": "",
                "subnet_id": "f0e1760a-caf4-43a0-a66d-ab0a1c2fc6a8"
              }
            ],
            "id": "d3ea5ae5-54ac-48f9-9bb7-4c1b032cad84",
            "mac_address": "fa:16:3e:4b:0a:c9",
            "name": "port-instance-http",
            "network_id": "57e4946c-268d-4452-9a29-efc6b6dfcb16",
            "no_fixed_ip": null,
            "no_security_groups": null,
            "port_security_enabled": true,
            "qos_policy_id": "",
            "region": "RegionOne",
            "security_group_ids": [
              "7032396a-b6fe-4a21-9ad2-e5231a00b38c",
              "e755801b-c8e4-447e-8b5e-8a9ce211c12e"
            ],
            "tags": [],
            "tenant_id": "efa204b141a74532b47688871dabb69a",
            "timeouts": null,
            "value_specs": null
          },
          "private": "eyJlMmJmYjczMC1lY2FhLTExZTYtOGY4OC0zNDM2M2JjN2M0YzAiOnsiY3JlYXRlIjo2MDAwMDAwMDAwMDAsImRlbGV0ZSI6NjAwMDAwMDAwMDAwfX0=",
          "dependencies": [
            "openstack_networking_network_v2.vpc",
            "openstack_networking_subnet_v2.http"
          ]
        }
      ]
    },
    {
      "mode": "managed",
      "type": "openstack_networking_router_interface_v2",
      "name": "http",
      "provider": "provider.openstack",
      "instances": [
        {
          "schema_version": 0,
          "attributes": {
            "id": "7f8e2ac0-47b4-429a-9784-511a4610c8ff",
            "port_id": "7f8e2ac0-47b4-429a-9784-511a4610c8ff",
            "region": "RegionOne",
            "router_id": "58a4ec80-45da-424c-9803-df481ef36895",
            "subnet_id": "f0e1760a-caf4-43a0-a66d-ab0a1c2fc6a8",
            "timeouts": null
          },
          "private": "eyJlMmJmYjczMC1lY2FhLTExZTYtOGY4OC0zNDM2M2JjN2M0YzAiOnsiY3JlYXRlIjo2MDAwMDAwMDAwMDAsImRlbGV0ZSI6NjAwMDAwMDAwMDAwfX0=",
          "dependencies": [
            "openstack_networking_network_v2.vpc",
            "openstack_networking_subnet_v2.http"
          ]
        }
      ]
    },
    {
      "mode": "managed",
      "type": "openstack_networking_subnet_v2",
      "name": "http",
      "provider": "provider.openstack",
      "instances": [
        {
          "schema_version": 0,
          "attributes": {
            "all_tags": [],
            "allocation_pool": [
              {
                "end": "22.22.22.254",
                "start": "22.22.22.2"
              }
            ],
            "allocation_pools": [
              {
                "end": "22.22.22.254",
                "start": "22.22.22.2"
              }
            ],
            "cidr": "22.22.22.0/24",
            "description": "",
            "dns_nameservers": [
              "8.8.8.8",
              "8.8.8.4"
            ],
            "enable_dhcp": true,
            "gateway_ip": "22.22.22.1",
            "host_routes": [],
            "id": "f0e1760a-caf4-43a0-a66d-ab0a1c2fc6a8",
            "ip_version": 4,
            "ipv6_address_mode": "",
            "ipv6_ra_mode": "",
            "name": "subnet-http",
            "network_id": "57e4946c-268d-4452-9a29-efc6b6dfcb16",
            "no_gateway": false,
            "prefix_length": null,
            "region": "RegionOne",
            "subnetpool_id": "",
            "tags": [],
            "tenant_id": "efa204b141a74532b47688871dabb69a",
            "timeouts": null,
            "value_specs": null
          },
          "private": "eyJlMmJmYjczMC1lY2FhLTExZTYtOGY4OC0zNDM2M2JjN2M0YzAiOnsiY3JlYXRlIjo2MDAwMDAwMDAwMDAsImRlbGV0ZSI6NjAwMDAwMDAwMDAwfX0=",
          "dependencies": [
            "openstack_networking_network_v2.vpc"
          ]
        }
      ]
    }
  ]
}
