{
  "version": 4,
  "terraform_version": "0.12.28",
  "serial": 47,
  "lineage": "6e17010b-58a5-a5a1-6e7a-6730f4538c77",
  "outputs": {
    "Admin_VM_fip": {
      "value": [
        "192.168.97.121"
      ],
      "type": [
        "tuple",
        [
          "string"
        ]
      ]
    },
    "Master_VM_fip": {
      "value": [
        "192.168.97.40"
      ],
      "type": [
        "tuple",
        [
          "string"
        ]
      ]
    },
    "Worker_VM_fip": {
      "value": [
        "192.168.97.239",
        "192.168.97.148",
        "192.168.97.65",
        "192.168.97.241"
      ],
      "type": [
        "tuple",
        [
          "string",
          "string",
          "string",
          "string"
        ]
      ]
    }
  },
  "resources": [
    {
      "mode": "data",
      "type": "openstack_compute_keypair_v2",
      "name": "user_key",
      "provider": "provider.openstack",
      "instances": [
        {
          "schema_version": 0,
          "attributes": {
            "fingerprint": "5e:40:19:04:8a:e1:ae:7b:05:e8:2c:8e:3b:a1:a2:10",
            "id": "jinho_key",
            "name": "jinho_key",
            "public_key": "ssh-rsa AAAAB3NzaC1yc2EAAAADAQABAAABAQCtjwQPOoU46oAnb1Z3s8dp3p/xGEaGpApPliMgZno8+dOOkMai7sIlqrkLFB8SK01MNJVfNQNA3S9IQFpllJ7Z8U6BNKyKz5KR5YbHu+pkhp9qAwg6Rw3bd6CW81aI/TEjgzxOQ0mxtb8P/ku7FHL1W5ABF+bVmKORUfe0iIdbz46NHDA81ucVd4T5dAmu7EgouXdujQ5tU/8F9xWDXPjeBepq6AVY4+03i3oZOJfRPRY3HGxrtDv7aTwtRCjPcWQBSK2zFOz9BghusSWUY5/BUENuth/ijcmPUuqgkzYhN/Y54Z9wBoVbBK+tAr/isK0IzeOU/6+aBHebxITzkaIl mf839-028@MF839-028.local\n",
            "region": "RegionOne"
          }
        }
      ]
    },
    {
      "mode": "data",
      "type": "openstack_images_image_v2",
      "name": "centos_7",
      "provider": "provider.openstack",
      "instances": [
        {
          "schema_version": 0,
          "attributes": {
            "checksum": "123772a69f96afaed8d53764ae22c800",
            "container_format": "bare",
            "created_at": "2020-04-22T00:25:38Z",
            "disk_format": "raw",
            "file": "/v2/images/8181d7c5-0218-4a77-9333-01f84bb498de/file",
            "id": "8181d7c5-0218-4a77-9333-01f84bb498de",
            "member_status": null,
            "metadata": {},
            "min_disk_gb": 0,
            "min_ram_mb": 0,
            "most_recent": true,
            "name": "CentOS-7-1907",
            "owner": "31d9b691964144a1a6766aa171832470",
            "properties": null,
            "protected": false,
            "region": null,
            "schema": "/v2/schemas/image",
            "size_bytes": 8589934592,
            "size_max": null,
            "size_min": null,
            "sort_direction": "asc",
            "sort_key": "name",
            "tag": null,
            "tags": [],
            "updated_at": "2020-04-22T00:29:07Z",
            "visibility": "public"
          }
        }
      ]
    },
    {
      "mode": "data",
      "type": "openstack_networking_network_v2",
      "name": "external_network",
      "provider": "provider.openstack",
      "instances": [
        {
          "schema_version": 0,
          "attributes": {
            "admin_state_up": "true",
            "all_tags": [],
            "availability_zone_hints": [],
            "description": "",
            "dns_domain": "",
            "external": true,
            "id": "e98e5ab1-1775-46bb-8a7b-ae1ced2950ff",
            "matching_subnet_cidr": null,
            "mtu": 9000,
            "name": "public-provider-97",
            "network_id": null,
            "region": "RegionOne",
            "shared": "true",
            "status": null,
            "tags": null,
            "tenant_id": "df9dcc3281364b3886ed0d9b89c909de",
            "transparent_vlan": false
          }
        }
      ]
    },
    {
      "mode": "data",
      "type": "openstack_networking_router_v2",
      "name": "jinho-router",
      "provider": "provider.openstack",
      "instances": [
        {
          "schema_version": 0,
          "attributes": {
            "admin_state_up": true,
            "all_tags": [],
            "availability_zone_hints": [],
            "description": "",
            "distributed": false,
            "enable_snat": true,
            "external_fixed_ip": [
              {
                "ip_address": "192.168.97.214",
                "subnet_id": "15976828-7739-4ddd-b2ca-ff7dc40cf5d1"
              }
            ],
            "external_network_id": "e98e5ab1-1775-46bb-8a7b-ae1ced2950ff",
            "id": "58a4ec80-45da-424c-9803-df481ef36895",
            "name": "jinho-router",
            "region": "RegionOne",
            "router_id": null,
            "status": "ACTIVE",
            "tags": null,
            "tenant_id": "efa204b141a74532b47688871dabb69a"
          }
        }
      ]
    },
    {
      "mode": "data",
      "type": "openstack_networking_secgroup_v2",
      "name": "external",
      "provider": "provider.openstack",
      "instances": [
        {
          "schema_version": 0,
          "attributes": {
            "all_tags": [],
            "description": "Open input external port",
            "id": "e755801b-c8e4-447e-8b5e-8a9ce211c12e",
            "name": "external",
            "region": "RegionOne",
            "secgroup_id": null,
            "tags": null,
            "tenant_id": "efa204b141a74532b47688871dabb69a"
          }
        }
      ]
    },
    {
      "mode": "data",
      "type": "openstack_networking_secgroup_v2",
      "name": "internal",
      "provider": "provider.openstack",
      "instances": [
        {
          "schema_version": 0,
          "attributes": {
            "all_tags": [],
            "description": "Open input internal port",
            "id": "652547ed-9e4b-45ed-8c8e-91a4bed5d511",
            "name": "internal",
            "region": "RegionOne",
            "secgroup_id": null,
            "tags": null,
            "tenant_id": "efa204b141a74532b47688871dabb69a"
          }
        }
      ]
    },
    {
      "mode": "data",
      "type": "openstack_networking_secgroup_v2",
      "name": "ssh",
      "provider": "provider.openstack",
      "instances": [
        {
          "schema_version": 0,
          "attributes": {
            "all_tags": [],
            "description": "Open input ssh port",
            "id": "7032396a-b6fe-4a21-9ad2-e5231a00b38c",
            "name": "ssh",
            "region": "RegionOne",
            "secgroup_id": null,
            "tags": null,
            "tenant_id": "efa204b141a74532b47688871dabb69a"
          }
        }
      ]
    },
    {
      "mode": "managed",
      "type": "openstack_compute_floatingip_associate_v2",
      "name": "external-Container-registry",
      "each": "list",
      "provider": "provider.openstack",
      "instances": [
        {
          "index_key": 0,
          "schema_version": 0,
          "attributes": {
            "fixed_ip": "",
            "floating_ip": "192.168.97.180",
            "id": "192.168.97.180/140510a4-ce25-49b5-a1e1-8bc9adc40e07/",
            "instance_id": "140510a4-ce25-49b5-a1e1-8bc9adc40e07",
            "region": "RegionOne",
            "timeouts": null,
            "wait_until_associated": null
          },
          "private": "eyJlMmJmYjczMC1lY2FhLTExZTYtOGY4OC0zNDM2M2JjN2M0YzAiOnsiY3JlYXRlIjo2MDAwMDAwMDAwMDB9fQ==",
          "dependencies": [
            "openstack_compute_instance_v2.Container-registry",
            "openstack_networking_floatingip_v2.Container-registry",
            "openstack_networking_network_v2.vpc",
            "openstack_networking_port_v2.ex-Container-registry",
            "openstack_networking_subnet_v2.external"
          ]
        }
      ]
    },
    {
      "mode": "managed",
      "type": "openstack_compute_floatingip_associate_v2",
      "name": "external-External-backend",
      "each": "list",
      "provider": "provider.openstack",
      "instances": [
        {
          "index_key": 0,
          "schema_version": 0,
          "attributes": {
            "fixed_ip": "",
            "floating_ip": "192.168.97.236",
            "id": "192.168.97.236/776401b2-61e6-426d-ab8e-4c53dd99de45/",
            "instance_id": "776401b2-61e6-426d-ab8e-4c53dd99de45",
            "region": "RegionOne",
            "timeouts": null,
            "wait_until_associated": null
          },
          "private": "eyJlMmJmYjczMC1lY2FhLTExZTYtOGY4OC0zNDM2M2JjN2M0YzAiOnsiY3JlYXRlIjo2MDAwMDAwMDAwMDB9fQ==",
          "dependencies": [
            "openstack_compute_instance_v2.External-backend",
            "openstack_networking_floatingip_v2.External-backend",
            "openstack_networking_network_v2.vpc",
            "openstack_networking_port_v2.ex-External-backend",
            "openstack_networking_subnet_v2.external"
          ]
        }
      ]
    },
    {
      "mode": "managed",
      "type": "openstack_compute_floatingip_associate_v2",
      "name": "external-K8s-master",
      "each": "list",
      "provider": "provider.openstack",
      "instances": [
        {
          "index_key": 0,
          "schema_version": 0,
          "attributes": {
            "fixed_ip": "",
            "floating_ip": "192.168.97.40",
            "id": "192.168.97.40/9c943fd2-48cd-4d07-ba1e-dc86af8e29bb/",
            "instance_id": "9c943fd2-48cd-4d07-ba1e-dc86af8e29bb",
            "region": "RegionOne",
            "timeouts": null,
            "wait_until_associated": null
          },
          "private": "eyJlMmJmYjczMC1lY2FhLTExZTYtOGY4OC0zNDM2M2JjN2M0YzAiOnsiY3JlYXRlIjo2MDAwMDAwMDAwMDB9fQ==",
          "dependencies": [
            "openstack_compute_instance_v2.K8s-master",
            "openstack_networking_floatingip_v2.K8s-master",
            "openstack_networking_network_v2.vpc",
            "openstack_networking_port_v2.ex-K8s-master",
            "openstack_networking_port_v2.in-K8s-master",
            "openstack_networking_subnet_v2.external",
            "openstack_networking_subnet_v2.internal"
          ]
        }
      ]
    },
    {
      "mode": "managed",
      "type": "openstack_compute_floatingip_associate_v2",
      "name": "external-K8s-worker",
      "each": "list",
      "provider": "provider.openstack",
      "instances": [
        {
          "index_key": 0,
          "schema_version": 0,
          "attributes": {
            "fixed_ip": "",
            "floating_ip": "192.168.97.239",
            "id": "192.168.97.239/b040ba75-bf70-45af-a183-cf6c81444c9f/",
            "instance_id": "b040ba75-bf70-45af-a183-cf6c81444c9f",
            "region": "RegionOne",
            "timeouts": null,
            "wait_until_associated": null
          },
          "private": "eyJlMmJmYjczMC1lY2FhLTExZTYtOGY4OC0zNDM2M2JjN2M0YzAiOnsiY3JlYXRlIjo2MDAwMDAwMDAwMDB9fQ==",
          "dependencies": [
            "openstack_compute_instance_v2.K8s-worker",
            "openstack_networking_floatingip_v2.K8s-worker",
            "openstack_networking_network_v2.vpc",
            "openstack_networking_port_v2.ex-K8s-worker",
            "openstack_networking_port_v2.in-K8s-worker",
            "openstack_networking_subnet_v2.external",
            "openstack_networking_subnet_v2.internal"
          ]
        },
        {
          "index_key": 1,
          "schema_version": 0,
          "attributes": {
            "fixed_ip": "",
            "floating_ip": "192.168.97.148",
            "id": "192.168.97.148/e9e3c623-8910-4da7-aa15-16954646e266/",
            "instance_id": "e9e3c623-8910-4da7-aa15-16954646e266",
            "region": "RegionOne",
            "timeouts": null,
            "wait_until_associated": null
          },
          "private": "eyJlMmJmYjczMC1lY2FhLTExZTYtOGY4OC0zNDM2M2JjN2M0YzAiOnsiY3JlYXRlIjo2MDAwMDAwMDAwMDB9fQ==",
          "dependencies": [
            "openstack_compute_instance_v2.K8s-worker",
            "openstack_networking_floatingip_v2.K8s-worker",
            "openstack_networking_network_v2.vpc",
            "openstack_networking_port_v2.ex-K8s-worker",
            "openstack_networking_port_v2.in-K8s-worker",
            "openstack_networking_subnet_v2.external",
            "openstack_networking_subnet_v2.internal"
          ]
        },
        {
          "index_key": 2,
          "schema_version": 0,
          "attributes": {
            "fixed_ip": "",
            "floating_ip": "192.168.97.65",
            "id": "192.168.97.65/b3be7303-d14e-404d-8885-d1a8792de3b5/",
            "instance_id": "b3be7303-d14e-404d-8885-d1a8792de3b5",
            "region": "RegionOne",
            "timeouts": null,
            "wait_until_associated": null
          },
          "private": "eyJlMmJmYjczMC1lY2FhLTExZTYtOGY4OC0zNDM2M2JjN2M0YzAiOnsiY3JlYXRlIjo2MDAwMDAwMDAwMDB9fQ==",
          "dependencies": [
            "openstack_compute_instance_v2.K8s-worker",
            "openstack_networking_floatingip_v2.K8s-worker",
            "openstack_networking_network_v2.vpc",
            "openstack_networking_port_v2.ex-K8s-worker",
            "openstack_networking_port_v2.in-K8s-worker",
            "openstack_networking_subnet_v2.external",
            "openstack_networking_subnet_v2.internal"
          ]
        },
        {
          "index_key": 3,
          "schema_version": 0,
          "attributes": {
            "fixed_ip": "",
            "floating_ip": "192.168.97.241",
            "id": "192.168.97.241/a5bc78e0-55b4-47fa-9791-918187131064/",
            "instance_id": "a5bc78e0-55b4-47fa-9791-918187131064",
            "region": "RegionOne",
            "timeouts": null,
            "wait_until_associated": null
          },
          "private": "eyJlMmJmYjczMC1lY2FhLTExZTYtOGY4OC0zNDM2M2JjN2M0YzAiOnsiY3JlYXRlIjo2MDAwMDAwMDAwMDB9fQ==",
          "dependencies": [
            "openstack_compute_instance_v2.K8s-worker",
            "openstack_networking_floatingip_v2.K8s-worker",
            "openstack_networking_network_v2.vpc",
            "openstack_networking_port_v2.ex-K8s-worker",
            "openstack_networking_port_v2.in-K8s-worker",
            "openstack_networking_subnet_v2.external",
            "openstack_networking_subnet_v2.internal"
          ]
        }
      ]
    },
    {
      "mode": "managed",
      "type": "openstack_compute_floatingip_associate_v2",
      "name": "external-master",
      "each": "list",
      "provider": "provider.openstack",
      "instances": [
        {
          "index_key": 0,
          "schema_version": 0,
          "attributes": {
            "fixed_ip": "",
            "floating_ip": "192.168.97.121",
            "id": "192.168.97.121/0680df19-8b4f-44d2-87dd-8c2ea6dcb050/",
            "instance_id": "0680df19-8b4f-44d2-87dd-8c2ea6dcb050",
            "region": "RegionOne",
            "timeouts": null,
            "wait_until_associated": null
          },
          "private": "eyJlMmJmYjczMC1lY2FhLTExZTYtOGY4OC0zNDM2M2JjN2M0YzAiOnsiY3JlYXRlIjo2MDAwMDAwMDAwMDB9fQ==",
          "dependencies": [
            "openstack_compute_instance_v2.Admin",
            "openstack_networking_floatingip_v2.Admin",
            "openstack_networking_network_v2.vpc",
            "openstack_networking_port_v2.ex-Admin",
            "openstack_networking_port_v2.in-Admin",
            "openstack_networking_subnet_v2.external",
            "openstack_networking_subnet_v2.internal"
          ]
        }
      ]
    },
    {
      "mode": "managed",
      "type": "openstack_compute_instance_v2",
      "name": "Admin",
      "each": "list",
      "provider": "provider.openstack",
      "instances": [
        {
          "index_key": 0,
          "schema_version": 0,
          "attributes": {
            "access_ip_v4": "55.55.55.9",
            "access_ip_v6": "",
            "admin_pass": null,
            "all_metadata": {},
            "all_tags": [],
            "availability_zone": "r06",
            "availability_zone_hints": null,
            "block_device": [
              {
                "boot_index": 0,
                "delete_on_termination": true,
                "destination_type": "volume",
                "device_type": "",
                "disk_bus": "",
                "guest_format": "",
                "source_type": "image",
                "uuid": "8181d7c5-0218-4a77-9333-01f84bb498de",
                "volume_size": 80,
                "volume_type": ""
              }
            ],
            "config_drive": null,
            "flavor_id": "d7dd5f3f-3024-4c0e-b08e-a01daba6620e",
            "flavor_name": "m1.medium",
            "floating_ip": null,
            "force_delete": false,
            "id": "0680df19-8b4f-44d2-87dd-8c2ea6dcb050",
            "image_id": "Attempt to boot from volume - no image supplied",
            "image_name": "CentOS-7-1907",
            "key_pair": "jinho_key",
            "metadata": null,
            "name": "Admin-0",
            "network": [
              {
                "access_network": false,
                "fixed_ip_v4": "55.55.55.9",
                "fixed_ip_v6": "",
                "floating_ip": "",
                "mac": "fa:16:3e:a6:b3:ad",
                "name": "private-network-TACO",
                "port": "d64b387c-7be1-40aa-80cf-2d4a77139ebf",
                "uuid": "6674a998-cf07-4abb-baba-06b0eba40210"
              },
              {
                "access_network": false,
                "fixed_ip_v4": "10.10.10.21",
                "fixed_ip_v6": "",
                "floating_ip": "",
                "mac": "fa:16:3e:cf:ac:0e",
                "name": "private-network-TACO",
                "port": "e3682204-5dbf-4de1-b974-0946419d5aff",
                "uuid": "6674a998-cf07-4abb-baba-06b0eba40210"
              }
            ],
            "personality": [],
            "power_state": "active",
            "region": "RegionOne",
            "scheduler_hints": [],
            "security_groups": [
              "external",
              "internal",
              "ssh"
            ],
            "stop_before_destroy": false,
            "tags": null,
            "timeouts": null,
            "user_data": "773a96836cd57abedad66cc5ed64423e1cd32caa",
            "vendor_options": [],
            "volume": []
          },
          "private": "eyJlMmJmYjczMC1lY2FhLTExZTYtOGY4OC0zNDM2M2JjN2M0YzAiOnsiY3JlYXRlIjoxODAwMDAwMDAwMDAwLCJkZWxldGUiOjE4MDAwMDAwMDAwMDAsInVwZGF0ZSI6MTgwMDAwMDAwMDAwMH19",
          "dependencies": [
            "openstack_networking_network_v2.vpc",
            "openstack_networking_port_v2.ex-Admin",
            "openstack_networking_port_v2.in-Admin",
            "openstack_networking_subnet_v2.external",
            "openstack_networking_subnet_v2.internal"
          ]
        }
      ]
    },
    {
      "mode": "managed",
      "type": "openstack_compute_instance_v2",
      "name": "Ceph-storage",
      "each": "list",
      "provider": "provider.openstack",
      "instances": [
        {
          "index_key": 0,
          "schema_version": 0,
          "attributes": {
            "access_ip_v4": "10.10.10.87",
            "access_ip_v6": "",
            "admin_pass": null,
            "all_metadata": {},
            "all_tags": [],
            "availability_zone": "r06",
            "availability_zone_hints": null,
            "block_device": [
              {
                "boot_index": 0,
                "delete_on_termination": true,
                "destination_type": "volume",
                "device_type": "",
                "disk_bus": "",
                "guest_format": "",
                "source_type": "image",
                "uuid": "8181d7c5-0218-4a77-9333-01f84bb498de",
                "volume_size": 100,
                "volume_type": ""
              }
            ],
            "config_drive": null,
            "flavor_id": "d7dd5f3f-3024-4c0e-b08e-a01daba6620e",
            "flavor_name": "m1.medium",
            "floating_ip": null,
            "force_delete": false,
            "id": "a87b05a6-ce5d-4a97-bed7-1923a3f2b189",
            "image_id": "Attempt to boot from volume - no image supplied",
            "image_name": "CentOS-7-1907",
            "key_pair": "jinho_key",
            "metadata": null,
            "name": "Ceph-storage-0",
            "network": [
              {
                "access_network": false,
                "fixed_ip_v4": "10.10.10.87",
                "fixed_ip_v6": "",
                "floating_ip": "",
                "mac": "fa:16:3e:e6:32:d7",
                "name": "private-network-TACO",
                "port": "8a71df07-051d-49dc-818f-9f1c52a6af0a",
                "uuid": "6674a998-cf07-4abb-baba-06b0eba40210"
              }
            ],
            "personality": [],
            "power_state": "active",
            "region": "RegionOne",
            "scheduler_hints": [],
            "security_groups": [
              "internal",
              "ssh"
            ],
            "stop_before_destroy": false,
            "tags": null,
            "timeouts": null,
            "user_data": "773a96836cd57abedad66cc5ed64423e1cd32caa",
            "vendor_options": [],
            "volume": []
          },
          "private": "eyJlMmJmYjczMC1lY2FhLTExZTYtOGY4OC0zNDM2M2JjN2M0YzAiOnsiY3JlYXRlIjoxODAwMDAwMDAwMDAwLCJkZWxldGUiOjE4MDAwMDAwMDAwMDAsInVwZGF0ZSI6MTgwMDAwMDAwMDAwMH19",
          "dependencies": [
            "openstack_networking_network_v2.vpc",
            "openstack_networking_port_v2.in-Ceph-storage",
            "openstack_networking_subnet_v2.internal"
          ]
        },
        {
          "index_key": 1,
          "schema_version": 0,
          "attributes": {
            "access_ip_v4": "10.10.10.13",
            "access_ip_v6": "",
            "admin_pass": null,
            "all_metadata": {},
            "all_tags": [],
            "availability_zone": "r06",
            "availability_zone_hints": null,
            "block_device": [
              {
                "boot_index": 0,
                "delete_on_termination": true,
                "destination_type": "volume",
                "device_type": "",
                "disk_bus": "",
                "guest_format": "",
                "source_type": "image",
                "uuid": "8181d7c5-0218-4a77-9333-01f84bb498de",
                "volume_size": 100,
                "volume_type": ""
              }
            ],
            "config_drive": null,
            "flavor_id": "d7dd5f3f-3024-4c0e-b08e-a01daba6620e",
            "flavor_name": "m1.medium",
            "floating_ip": null,
            "force_delete": false,
            "id": "56e38e52-50ba-4665-a5ae-ad7b5230bf1a",
            "image_id": "Attempt to boot from volume - no image supplied",
            "image_name": "CentOS-7-1907",
            "key_pair": "jinho_key",
            "metadata": null,
            "name": "Ceph-storage-1",
            "network": [
              {
                "access_network": false,
                "fixed_ip_v4": "10.10.10.13",
                "fixed_ip_v6": "",
                "floating_ip": "",
                "mac": "fa:16:3e:04:c6:1a",
                "name": "private-network-TACO",
                "port": "f5344e48-f24e-44c6-8633-fbf9697918bb",
                "uuid": "6674a998-cf07-4abb-baba-06b0eba40210"
              }
            ],
            "personality": [],
            "power_state": "active",
            "region": "RegionOne",
            "scheduler_hints": [],
            "security_groups": [
              "internal",
              "ssh"
            ],
            "stop_before_destroy": false,
            "tags": null,
            "timeouts": null,
            "user_data": "773a96836cd57abedad66cc5ed64423e1cd32caa",
            "vendor_options": [],
            "volume": []
          },
          "private": "eyJlMmJmYjczMC1lY2FhLTExZTYtOGY4OC0zNDM2M2JjN2M0YzAiOnsiY3JlYXRlIjoxODAwMDAwMDAwMDAwLCJkZWxldGUiOjE4MDAwMDAwMDAwMDAsInVwZGF0ZSI6MTgwMDAwMDAwMDAwMH19",
          "dependencies": [
            "openstack_networking_network_v2.vpc",
            "openstack_networking_port_v2.in-Ceph-storage",
            "openstack_networking_subnet_v2.internal"
          ]
        }
      ]
    },
    {
      "mode": "managed",
      "type": "openstack_compute_instance_v2",
      "name": "Container-registry",
      "each": "list",
      "provider": "provider.openstack",
      "instances": [
        {
          "index_key": 0,
          "schema_version": 0,
          "attributes": {
            "access_ip_v4": "55.55.55.223",
            "access_ip_v6": "",
            "admin_pass": null,
            "all_metadata": {},
            "all_tags": [],
            "availability_zone": "r06",
            "availability_zone_hints": null,
            "block_device": [
              {
                "boot_index": 0,
                "delete_on_termination": true,
                "destination_type": "volume",
                "device_type": "",
                "disk_bus": "",
                "guest_format": "",
                "source_type": "image",
                "uuid": "8181d7c5-0218-4a77-9333-01f84bb498de",
                "volume_size": 80,
                "volume_type": ""
              }
            ],
            "config_drive": null,
            "flavor_id": "d7dd5f3f-3024-4c0e-b08e-a01daba6620e",
            "flavor_name": "m1.medium",
            "floating_ip": null,
            "force_delete": false,
            "id": "140510a4-ce25-49b5-a1e1-8bc9adc40e07",
            "image_id": "Attempt to boot from volume - no image supplied",
            "image_name": "CentOS-7-1907",
            "key_pair": "jinho_key",
            "metadata": null,
            "name": "Container-registry-0",
            "network": [
              {
                "access_network": false,
                "fixed_ip_v4": "55.55.55.223",
                "fixed_ip_v6": "",
                "floating_ip": "",
                "mac": "fa:16:3e:cd:9f:70",
                "name": "private-network-TACO",
                "port": "9d7b71ba-030a-46e2-b762-a3d56421ae54",
                "uuid": "6674a998-cf07-4abb-baba-06b0eba40210"
              }
            ],
            "personality": [],
            "power_state": "active",
            "region": "RegionOne",
            "scheduler_hints": [],
            "security_groups": [
              "external",
              "ssh"
            ],
            "stop_before_destroy": false,
            "tags": null,
            "timeouts": null,
            "user_data": "773a96836cd57abedad66cc5ed64423e1cd32caa",
            "vendor_options": [],
            "volume": []
          },
          "private": "eyJlMmJmYjczMC1lY2FhLTExZTYtOGY4OC0zNDM2M2JjN2M0YzAiOnsiY3JlYXRlIjoxODAwMDAwMDAwMDAwLCJkZWxldGUiOjE4MDAwMDAwMDAwMDAsInVwZGF0ZSI6MTgwMDAwMDAwMDAwMH19",
          "dependencies": [
            "openstack_networking_network_v2.vpc",
            "openstack_networking_port_v2.ex-Container-registry",
            "openstack_networking_subnet_v2.external"
          ]
        }
      ]
    },
    {
      "mode": "managed",
      "type": "openstack_compute_instance_v2",
      "name": "External-backend",
      "each": "list",
      "provider": "provider.openstack",
      "instances": [
        {
          "index_key": 0,
          "schema_version": 0,
          "attributes": {
            "access_ip_v4": "55.55.55.101",
            "access_ip_v6": "",
            "admin_pass": null,
            "all_metadata": {},
            "all_tags": [],
            "availability_zone": "r06",
            "availability_zone_hints": null,
            "block_device": [
              {
                "boot_index": 0,
                "delete_on_termination": true,
                "destination_type": "volume",
                "device_type": "",
                "disk_bus": "",
                "guest_format": "",
                "source_type": "image",
                "uuid": "8181d7c5-0218-4a77-9333-01f84bb498de",
                "volume_size": 80,
                "volume_type": ""
              }
            ],
            "config_drive": null,
            "flavor_id": "d7dd5f3f-3024-4c0e-b08e-a01daba6620e",
            "flavor_name": "m1.medium",
            "floating_ip": null,
            "force_delete": false,
            "id": "776401b2-61e6-426d-ab8e-4c53dd99de45",
            "image_id": "Attempt to boot from volume - no image supplied",
            "image_name": "CentOS-7-1907",
            "key_pair": "jinho_key",
            "metadata": null,
            "name": "External-backend-0",
            "network": [
              {
                "access_network": false,
                "fixed_ip_v4": "55.55.55.101",
                "fixed_ip_v6": "",
                "floating_ip": "",
                "mac": "fa:16:3e:ef:32:44",
                "name": "private-network-TACO",
                "port": "0f13eacb-33f1-45a6-93fb-7a8ecb4f3b04",
                "uuid": "6674a998-cf07-4abb-baba-06b0eba40210"
              }
            ],
            "personality": [],
            "power_state": "active",
            "region": "RegionOne",
            "scheduler_hints": [],
            "security_groups": [
              "external",
              "ssh"
            ],
            "stop_before_destroy": false,
            "tags": null,
            "timeouts": null,
            "user_data": "773a96836cd57abedad66cc5ed64423e1cd32caa",
            "vendor_options": [],
            "volume": []
          },
          "private": "eyJlMmJmYjczMC1lY2FhLTExZTYtOGY4OC0zNDM2M2JjN2M0YzAiOnsiY3JlYXRlIjoxODAwMDAwMDAwMDAwLCJkZWxldGUiOjE4MDAwMDAwMDAwMDAsInVwZGF0ZSI6MTgwMDAwMDAwMDAwMH19",
          "dependencies": [
            "openstack_networking_network_v2.vpc",
            "openstack_networking_port_v2.ex-External-backend",
            "openstack_networking_subnet_v2.external"
          ]
        }
      ]
    },
    {
      "mode": "managed",
      "type": "openstack_compute_instance_v2",
      "name": "K8s-master",
      "each": "list",
      "provider": "provider.openstack",
      "instances": [
        {
          "index_key": 0,
          "schema_version": 0,
          "attributes": {
            "access_ip_v4": "55.55.55.41",
            "access_ip_v6": "",
            "admin_pass": null,
            "all_metadata": {},
            "all_tags": [],
            "availability_zone": "r06",
            "availability_zone_hints": null,
            "block_device": [
              {
                "boot_index": 0,
                "delete_on_termination": true,
                "destination_type": "volume",
                "device_type": "",
                "disk_bus": "",
                "guest_format": "",
                "source_type": "image",
                "uuid": "8181d7c5-0218-4a77-9333-01f84bb498de",
                "volume_size": 40,
                "volume_type": ""
              }
            ],
            "config_drive": null,
            "flavor_id": "d7dd5f3f-3024-4c0e-b08e-a01daba6620e",
            "flavor_name": "m1.medium",
            "floating_ip": null,
            "force_delete": false,
            "id": "9c943fd2-48cd-4d07-ba1e-dc86af8e29bb",
            "image_id": "Attempt to boot from volume - no image supplied",
            "image_name": "CentOS-7-1907",
            "key_pair": "jinho_key",
            "metadata": null,
            "name": "K8s-master-0",
            "network": [
              {
                "access_network": false,
                "fixed_ip_v4": "55.55.55.41",
                "fixed_ip_v6": "",
                "floating_ip": "",
                "mac": "fa:16:3e:7e:46:1f",
                "name": "private-network-TACO",
                "port": "11c19adc-d60c-42cd-b8fe-3819788665d5",
                "uuid": "6674a998-cf07-4abb-baba-06b0eba40210"
              },
              {
                "access_network": false,
                "fixed_ip_v4": "10.10.10.126",
                "fixed_ip_v6": "",
                "floating_ip": "",
                "mac": "fa:16:3e:af:7c:fa",
                "name": "private-network-TACO",
                "port": "a547d851-6d33-4633-8132-41a5a367decc",
                "uuid": "6674a998-cf07-4abb-baba-06b0eba40210"
              }
            ],
            "personality": [],
            "power_state": "active",
            "region": "RegionOne",
            "scheduler_hints": [],
            "security_groups": [
              "external",
              "internal",
              "ssh"
            ],
            "stop_before_destroy": false,
            "tags": null,
            "timeouts": null,
            "user_data": "773a96836cd57abedad66cc5ed64423e1cd32caa",
            "vendor_options": [],
            "volume": []
          },
          "private": "eyJlMmJmYjczMC1lY2FhLTExZTYtOGY4OC0zNDM2M2JjN2M0YzAiOnsiY3JlYXRlIjoxODAwMDAwMDAwMDAwLCJkZWxldGUiOjE4MDAwMDAwMDAwMDAsInVwZGF0ZSI6MTgwMDAwMDAwMDAwMH19",
          "dependencies": [
            "openstack_networking_network_v2.vpc",
            "openstack_networking_port_v2.ex-K8s-master",
            "openstack_networking_port_v2.in-K8s-master",
            "openstack_networking_subnet_v2.external",
            "openstack_networking_subnet_v2.internal"
          ]
        }
      ]
    },
    {
      "mode": "managed",
      "type": "openstack_compute_instance_v2",
      "name": "K8s-worker",
      "each": "list",
      "provider": "provider.openstack",
      "instances": [
        {
          "index_key": 0,
          "schema_version": 0,
          "attributes": {
            "access_ip_v4": "55.55.55.156",
            "access_ip_v6": "",
            "admin_pass": null,
            "all_metadata": {},
            "all_tags": [],
            "availability_zone": "r06",
            "availability_zone_hints": null,
            "block_device": [
              {
                "boot_index": 0,
                "delete_on_termination": true,
                "destination_type": "volume",
                "device_type": "",
                "disk_bus": "",
                "guest_format": "",
                "source_type": "image",
                "uuid": "8181d7c5-0218-4a77-9333-01f84bb498de",
                "volume_size": 80,
                "volume_type": ""
              }
            ],
            "config_drive": null,
            "flavor_id": "d7dd5f3f-3024-4c0e-b08e-a01daba6620e",
            "flavor_name": "m1.medium",
            "floating_ip": null,
            "force_delete": false,
            "id": "b040ba75-bf70-45af-a183-cf6c81444c9f",
            "image_id": "Attempt to boot from volume - no image supplied",
            "image_name": "CentOS-7-1907",
            "key_pair": "jinho_key",
            "metadata": null,
            "name": "K8s-worker-0",
            "network": [
              {
                "access_network": false,
                "fixed_ip_v4": "55.55.55.156",
                "fixed_ip_v6": "",
                "floating_ip": "",
                "mac": "fa:16:3e:09:0e:de",
                "name": "private-network-TACO",
                "port": "00ea585c-d839-4895-9b18-8bfd6b0bd03d",
                "uuid": "6674a998-cf07-4abb-baba-06b0eba40210"
              },
              {
                "access_network": false,
                "fixed_ip_v4": "10.10.10.6",
                "fixed_ip_v6": "",
                "floating_ip": "",
                "mac": "fa:16:3e:38:4e:11",
                "name": "private-network-TACO",
                "port": "fba07e24-37e2-4035-9d29-41aac6bb3f05",
                "uuid": "6674a998-cf07-4abb-baba-06b0eba40210"
              }
            ],
            "personality": [],
            "power_state": "active",
            "region": "RegionOne",
            "scheduler_hints": [],
            "security_groups": [
              "external",
              "internal",
              "ssh"
            ],
            "stop_before_destroy": false,
            "tags": null,
            "timeouts": null,
            "user_data": "773a96836cd57abedad66cc5ed64423e1cd32caa",
            "vendor_options": [],
            "volume": []
          },
          "private": "eyJlMmJmYjczMC1lY2FhLTExZTYtOGY4OC0zNDM2M2JjN2M0YzAiOnsiY3JlYXRlIjoxODAwMDAwMDAwMDAwLCJkZWxldGUiOjE4MDAwMDAwMDAwMDAsInVwZGF0ZSI6MTgwMDAwMDAwMDAwMH19",
          "dependencies": [
            "openstack_networking_network_v2.vpc",
            "openstack_networking_port_v2.ex-K8s-worker",
            "openstack_networking_port_v2.in-K8s-worker",
            "openstack_networking_subnet_v2.external",
            "openstack_networking_subnet_v2.internal"
          ]
        },
        {
          "index_key": 1,
          "schema_version": 0,
          "attributes": {
            "access_ip_v4": "55.55.55.26",
            "access_ip_v6": "",
            "admin_pass": null,
            "all_metadata": {},
            "all_tags": [],
            "availability_zone": "r06",
            "availability_zone_hints": null,
            "block_device": [
              {
                "boot_index": 0,
                "delete_on_termination": true,
                "destination_type": "volume",
                "device_type": "",
                "disk_bus": "",
                "guest_format": "",
                "source_type": "image",
                "uuid": "8181d7c5-0218-4a77-9333-01f84bb498de",
                "volume_size": 80,
                "volume_type": ""
              }
            ],
            "config_drive": null,
            "flavor_id": "d7dd5f3f-3024-4c0e-b08e-a01daba6620e",
            "flavor_name": "m1.medium",
            "floating_ip": null,
            "force_delete": false,
            "id": "e9e3c623-8910-4da7-aa15-16954646e266",
            "image_id": "Attempt to boot from volume - no image supplied",
            "image_name": "CentOS-7-1907",
            "key_pair": "jinho_key",
            "metadata": null,
            "name": "K8s-worker-1",
            "network": [
              {
                "access_network": false,
                "fixed_ip_v4": "55.55.55.26",
                "fixed_ip_v6": "",
                "floating_ip": "",
                "mac": "fa:16:3e:f4:d9:78",
                "name": "private-network-TACO",
                "port": "ea2d286b-bf4f-4a73-baf9-c4c5e11ae2d6",
                "uuid": "6674a998-cf07-4abb-baba-06b0eba40210"
              },
              {
                "access_network": false,
                "fixed_ip_v4": "10.10.10.116",
                "fixed_ip_v6": "",
                "floating_ip": "",
                "mac": "fa:16:3e:d9:04:c2",
                "name": "private-network-TACO",
                "port": "8025ff0b-fe96-4427-a653-e0a4de68bc0f",
                "uuid": "6674a998-cf07-4abb-baba-06b0eba40210"
              }
            ],
            "personality": [],
            "power_state": "active",
            "region": "RegionOne",
            "scheduler_hints": [],
            "security_groups": [
              "external",
              "internal",
              "ssh"
            ],
            "stop_before_destroy": false,
            "tags": null,
            "timeouts": null,
            "user_data": "773a96836cd57abedad66cc5ed64423e1cd32caa",
            "vendor_options": [],
            "volume": []
          },
          "private": "eyJlMmJmYjczMC1lY2FhLTExZTYtOGY4OC0zNDM2M2JjN2M0YzAiOnsiY3JlYXRlIjoxODAwMDAwMDAwMDAwLCJkZWxldGUiOjE4MDAwMDAwMDAwMDAsInVwZGF0ZSI6MTgwMDAwMDAwMDAwMH19",
          "dependencies": [
            "openstack_networking_network_v2.vpc",
            "openstack_networking_port_v2.ex-K8s-worker",
            "openstack_networking_port_v2.in-K8s-worker",
            "openstack_networking_subnet_v2.external",
            "openstack_networking_subnet_v2.internal"
          ]
        },
        {
          "index_key": 2,
          "schema_version": 0,
          "attributes": {
            "access_ip_v4": "55.55.55.106",
            "access_ip_v6": "",
            "admin_pass": null,
            "all_metadata": {},
            "all_tags": [],
            "availability_zone": "r06",
            "availability_zone_hints": null,
            "block_device": [
              {
                "boot_index": 0,
                "delete_on_termination": true,
                "destination_type": "volume",
                "device_type": "",
                "disk_bus": "",
                "guest_format": "",
                "source_type": "image",
                "uuid": "8181d7c5-0218-4a77-9333-01f84bb498de",
                "volume_size": 80,
                "volume_type": ""
              }
            ],
            "config_drive": null,
            "flavor_id": "d7dd5f3f-3024-4c0e-b08e-a01daba6620e",
            "flavor_name": "m1.medium",
            "floating_ip": null,
            "force_delete": false,
            "id": "b3be7303-d14e-404d-8885-d1a8792de3b5",
            "image_id": "Attempt to boot from volume - no image supplied",
            "image_name": "CentOS-7-1907",
            "key_pair": "jinho_key",
            "metadata": null,
            "name": "K8s-worker-2",
            "network": [
              {
                "access_network": false,
                "fixed_ip_v4": "55.55.55.106",
                "fixed_ip_v6": "",
                "floating_ip": "",
                "mac": "fa:16:3e:7c:73:ea",
                "name": "private-network-TACO",
                "port": "2a4afbd2-ed8f-4d6b-8111-ece4ccf5e21e",
                "uuid": "6674a998-cf07-4abb-baba-06b0eba40210"
              },
              {
                "access_network": false,
                "fixed_ip_v4": "10.10.10.243",
                "fixed_ip_v6": "",
                "floating_ip": "",
                "mac": "fa:16:3e:3e:c1:32",
                "name": "private-network-TACO",
                "port": "1fe52729-16e2-4309-98f4-dae52520e8ad",
                "uuid": "6674a998-cf07-4abb-baba-06b0eba40210"
              }
            ],
            "personality": [],
            "power_state": "active",
            "region": "RegionOne",
            "scheduler_hints": [],
            "security_groups": [
              "external",
              "internal",
              "ssh"
            ],
            "stop_before_destroy": false,
            "tags": null,
            "timeouts": null,
            "user_data": "773a96836cd57abedad66cc5ed64423e1cd32caa",
            "vendor_options": [],
            "volume": []
          },
          "private": "eyJlMmJmYjczMC1lY2FhLTExZTYtOGY4OC0zNDM2M2JjN2M0YzAiOnsiY3JlYXRlIjoxODAwMDAwMDAwMDAwLCJkZWxldGUiOjE4MDAwMDAwMDAwMDAsInVwZGF0ZSI6MTgwMDAwMDAwMDAwMH19",
          "dependencies": [
            "openstack_networking_network_v2.vpc",
            "openstack_networking_port_v2.ex-K8s-worker",
            "openstack_networking_port_v2.in-K8s-worker",
            "openstack_networking_subnet_v2.external",
            "openstack_networking_subnet_v2.internal"
          ]
        },
        {
          "index_key": 3,
          "schema_version": 0,
          "attributes": {
            "access_ip_v4": "55.55.55.244",
            "access_ip_v6": "",
            "admin_pass": null,
            "all_metadata": {},
            "all_tags": [],
            "availability_zone": "r06",
            "availability_zone_hints": null,
            "block_device": [
              {
                "boot_index": 0,
                "delete_on_termination": true,
                "destination_type": "volume",
                "device_type": "",
                "disk_bus": "",
                "guest_format": "",
                "source_type": "image",
                "uuid": "8181d7c5-0218-4a77-9333-01f84bb498de",
                "volume_size": 80,
                "volume_type": ""
              }
            ],
            "config_drive": null,
            "flavor_id": "d7dd5f3f-3024-4c0e-b08e-a01daba6620e",
            "flavor_name": "m1.medium",
            "floating_ip": null,
            "force_delete": false,
            "id": "a5bc78e0-55b4-47fa-9791-918187131064",
            "image_id": "Attempt to boot from volume - no image supplied",
            "image_name": "CentOS-7-1907",
            "key_pair": "jinho_key",
            "metadata": null,
            "name": "K8s-worker-3",
            "network": [
              {
                "access_network": false,
                "fixed_ip_v4": "55.55.55.244",
                "fixed_ip_v6": "",
                "floating_ip": "",
                "mac": "fa:16:3e:b9:c7:53",
                "name": "private-network-TACO",
                "port": "9db4f067-da5f-402e-9bcb-0f1a5ebe658f",
                "uuid": "6674a998-cf07-4abb-baba-06b0eba40210"
              },
              {
                "access_network": false,
                "fixed_ip_v4": "10.10.10.58",
                "fixed_ip_v6": "",
                "floating_ip": "",
                "mac": "fa:16:3e:a8:c1:d3",
                "name": "private-network-TACO",
                "port": "038133e3-2388-4095-8f5f-9e99c40c3c3e",
                "uuid": "6674a998-cf07-4abb-baba-06b0eba40210"
              }
            ],
            "personality": [],
            "power_state": "active",
            "region": "RegionOne",
            "scheduler_hints": [],
            "security_groups": [
              "external",
              "internal",
              "ssh"
            ],
            "stop_before_destroy": false,
            "tags": null,
            "timeouts": null,
            "user_data": "773a96836cd57abedad66cc5ed64423e1cd32caa",
            "vendor_options": [],
            "volume": []
          },
          "private": "eyJlMmJmYjczMC1lY2FhLTExZTYtOGY4OC0zNDM2M2JjN2M0YzAiOnsiY3JlYXRlIjoxODAwMDAwMDAwMDAwLCJkZWxldGUiOjE4MDAwMDAwMDAwMDAsInVwZGF0ZSI6MTgwMDAwMDAwMDAwMH19",
          "dependencies": [
            "openstack_networking_network_v2.vpc",
            "openstack_networking_port_v2.ex-K8s-worker",
            "openstack_networking_port_v2.in-K8s-worker",
            "openstack_networking_subnet_v2.external",
            "openstack_networking_subnet_v2.internal"
          ]
        }
      ]
    },
    {
      "mode": "managed",
      "type": "openstack_networking_floatingip_v2",
      "name": "Admin",
      "each": "list",
      "provider": "provider.openstack",
      "instances": [
        {
          "index_key": 0,
          "schema_version": 0,
          "attributes": {
            "address": "192.168.97.121",
            "all_tags": [],
            "description": "",
            "dns_domain": "",
            "dns_name": "",
            "fixed_ip": "",
            "id": "3a51dbb8-0a64-4657-99e3-64734c2a641a",
            "pool": "public-provider-97",
            "port_id": "",
            "region": "RegionOne",
            "subnet_id": null,
            "tags": null,
            "tenant_id": "efa204b141a74532b47688871dabb69a",
            "timeouts": null,
            "value_specs": null
          },
          "private": "eyJlMmJmYjczMC1lY2FhLTExZTYtOGY4OC0zNDM2M2JjN2M0YzAiOnsiY3JlYXRlIjo2MDAwMDAwMDAwMDAsImRlbGV0ZSI6NjAwMDAwMDAwMDAwfX0="
        }
      ]
    },
    {
      "mode": "managed",
      "type": "openstack_networking_floatingip_v2",
      "name": "Container-registry",
      "each": "list",
      "provider": "provider.openstack",
      "instances": [
        {
          "index_key": 0,
          "schema_version": 0,
          "attributes": {
            "address": "192.168.97.180",
            "all_tags": [],
            "description": "",
            "dns_domain": "",
            "dns_name": "",
            "fixed_ip": "",
            "id": "a6688eb3-d673-4a5b-ada5-658503b87b0c",
            "pool": "public-provider-97",
            "port_id": "",
            "region": "RegionOne",
            "subnet_id": null,
            "tags": null,
            "tenant_id": "efa204b141a74532b47688871dabb69a",
            "timeouts": null,
            "value_specs": null
          },
          "private": "eyJlMmJmYjczMC1lY2FhLTExZTYtOGY4OC0zNDM2M2JjN2M0YzAiOnsiY3JlYXRlIjo2MDAwMDAwMDAwMDAsImRlbGV0ZSI6NjAwMDAwMDAwMDAwfX0="
        }
      ]
    },
    {
      "mode": "managed",
      "type": "openstack_networking_floatingip_v2",
      "name": "External-backend",
      "each": "list",
      "provider": "provider.openstack",
      "instances": [
        {
          "index_key": 0,
          "schema_version": 0,
          "attributes": {
            "address": "192.168.97.236",
            "all_tags": [],
            "description": "",
            "dns_domain": "",
            "dns_name": "",
            "fixed_ip": "",
            "id": "de43fd86-f883-4043-bd2f-4fc75a6b52cb",
            "pool": "public-provider-97",
            "port_id": "",
            "region": "RegionOne",
            "subnet_id": null,
            "tags": null,
            "tenant_id": "efa204b141a74532b47688871dabb69a",
            "timeouts": null,
            "value_specs": null
          },
          "private": "eyJlMmJmYjczMC1lY2FhLTExZTYtOGY4OC0zNDM2M2JjN2M0YzAiOnsiY3JlYXRlIjo2MDAwMDAwMDAwMDAsImRlbGV0ZSI6NjAwMDAwMDAwMDAwfX0="
        }
      ]
    },
    {
      "mode": "managed",
      "type": "openstack_networking_floatingip_v2",
      "name": "K8s-master",
      "each": "list",
      "provider": "provider.openstack",
      "instances": [
        {
          "index_key": 0,
          "schema_version": 0,
          "attributes": {
            "address": "192.168.97.40",
            "all_tags": [],
            "description": "",
            "dns_domain": "",
            "dns_name": "",
            "fixed_ip": "",
            "id": "270c956d-23c5-4a14-a641-e6239ad66f22",
            "pool": "public-provider-97",
            "port_id": "",
            "region": "RegionOne",
            "subnet_id": null,
            "tags": null,
            "tenant_id": "efa204b141a74532b47688871dabb69a",
            "timeouts": null,
            "value_specs": null
          },
          "private": "eyJlMmJmYjczMC1lY2FhLTExZTYtOGY4OC0zNDM2M2JjN2M0YzAiOnsiY3JlYXRlIjo2MDAwMDAwMDAwMDAsImRlbGV0ZSI6NjAwMDAwMDAwMDAwfX0="
        }
      ]
    },
    {
      "mode": "managed",
      "type": "openstack_networking_floatingip_v2",
      "name": "K8s-worker",
      "each": "list",
      "provider": "provider.openstack",
      "instances": [
        {
          "index_key": 0,
          "schema_version": 0,
          "attributes": {
            "address": "192.168.97.239",
            "all_tags": [],
            "description": "",
            "dns_domain": "",
            "dns_name": "",
            "fixed_ip": "",
            "id": "5912cb18-83bf-4686-927b-cc4a1d6efc77",
            "pool": "public-provider-97",
            "port_id": "",
            "region": "RegionOne",
            "subnet_id": null,
            "tags": null,
            "tenant_id": "efa204b141a74532b47688871dabb69a",
            "timeouts": null,
            "value_specs": null
          },
          "private": "eyJlMmJmYjczMC1lY2FhLTExZTYtOGY4OC0zNDM2M2JjN2M0YzAiOnsiY3JlYXRlIjo2MDAwMDAwMDAwMDAsImRlbGV0ZSI6NjAwMDAwMDAwMDAwfX0="
        },
        {
          "index_key": 1,
          "schema_version": 0,
          "attributes": {
            "address": "192.168.97.148",
            "all_tags": [],
            "description": "",
            "dns_domain": "",
            "dns_name": "",
            "fixed_ip": "",
            "id": "bcec1373-439b-4396-ac8f-21c2ad2b1931",
            "pool": "public-provider-97",
            "port_id": "",
            "region": "RegionOne",
            "subnet_id": null,
            "tags": null,
            "tenant_id": "efa204b141a74532b47688871dabb69a",
            "timeouts": null,
            "value_specs": null
          },
          "private": "eyJlMmJmYjczMC1lY2FhLTExZTYtOGY4OC0zNDM2M2JjN2M0YzAiOnsiY3JlYXRlIjo2MDAwMDAwMDAwMDAsImRlbGV0ZSI6NjAwMDAwMDAwMDAwfX0="
        },
        {
          "index_key": 2,
          "schema_version": 0,
          "attributes": {
            "address": "192.168.97.65",
            "all_tags": [],
            "description": "",
            "dns_domain": "",
            "dns_name": "",
            "fixed_ip": "",
            "id": "85c60738-4bc4-41cf-8ffc-8bc81b42cc53",
            "pool": "public-provider-97",
            "port_id": "",
            "region": "RegionOne",
            "subnet_id": null,
            "tags": null,
            "tenant_id": "efa204b141a74532b47688871dabb69a",
            "timeouts": null,
            "value_specs": null
          },
          "private": "eyJlMmJmYjczMC1lY2FhLTExZTYtOGY4OC0zNDM2M2JjN2M0YzAiOnsiY3JlYXRlIjo2MDAwMDAwMDAwMDAsImRlbGV0ZSI6NjAwMDAwMDAwMDAwfX0="
        },
        {
          "index_key": 3,
          "schema_version": 0,
          "attributes": {
            "address": "192.168.97.241",
            "all_tags": [],
            "description": "",
            "dns_domain": "",
            "dns_name": "",
            "fixed_ip": "",
            "id": "46199a2f-fd39-482e-bb9d-8b4f50527e6e",
            "pool": "public-provider-97",
            "port_id": "",
            "region": "RegionOne",
            "subnet_id": null,
            "tags": null,
            "tenant_id": "efa204b141a74532b47688871dabb69a",
            "timeouts": null,
            "value_specs": null
          },
          "private": "eyJlMmJmYjczMC1lY2FhLTExZTYtOGY4OC0zNDM2M2JjN2M0YzAiOnsiY3JlYXRlIjo2MDAwMDAwMDAwMDAsImRlbGV0ZSI6NjAwMDAwMDAwMDAwfX0="
        }
      ]
    },
    {
      "mode": "managed",
      "type": "openstack_networking_network_v2",
      "name": "vpc",
      "provider": "provider.openstack",
      "instances": [
        {
          "schema_version": 0,
          "attributes": {
            "admin_state_up": true,
            "all_tags": [],
            "availability_zone_hints": [],
            "description": "",
            "dns_domain": "",
            "external": false,
            "id": "6674a998-cf07-4abb-baba-06b0eba40210",
            "mtu": 8950,
            "name": "private-network-TACO",
            "port_security_enabled": true,
            "qos_policy_id": "",
            "region": "RegionOne",
            "segments": [],
            "shared": false,
            "tags": null,
            "tenant_id": "efa204b141a74532b47688871dabb69a",
            "timeouts": null,
            "transparent_vlan": false,
            "value_specs": null
          },
          "private": "eyJlMmJmYjczMC1lY2FhLTExZTYtOGY4OC0zNDM2M2JjN2M0YzAiOnsiY3JlYXRlIjo2MDAwMDAwMDAwMDAsImRlbGV0ZSI6NjAwMDAwMDAwMDAwfX0="
        }
      ]
    },
    {
      "mode": "managed",
      "type": "openstack_networking_port_v2",
      "name": "ex-Admin",
      "each": "list",
      "provider": "provider.openstack",
      "instances": [
        {
          "index_key": 0,
          "schema_version": 0,
          "attributes": {
            "admin_state_up": true,
            "all_fixed_ips": [
              "55.55.55.9"
            ],
            "all_security_group_ids": [
              "7032396a-b6fe-4a21-9ad2-e5231a00b38c",
              "e755801b-c8e4-447e-8b5e-8a9ce211c12e"
            ],
            "all_tags": [],
            "allowed_address_pairs": [],
            "binding": [
              {
                "host_id": "",
                "profile": "null",
                "vif_details": {},
                "vif_type": "",
                "vnic_type": "normal"
              }
            ],
            "description": "",
            "device_id": "",
            "device_owner": "",
            "dns_assignment": [],
            "dns_name": "",
            "extra_dhcp_option": [],
            "fixed_ip": [
              {
                "ip_address": "",
                "subnet_id": "3c771076-91f8-4732-808b-6cb2361eff28"
              }
            ],
            "id": "d64b387c-7be1-40aa-80cf-2d4a77139ebf",
            "mac_address": "fa:16:3e:a6:b3:ad",
            "name": "external-Admin-0",
            "network_id": "6674a998-cf07-4abb-baba-06b0eba40210",
            "no_fixed_ip": null,
            "no_security_groups": null,
            "port_security_enabled": true,
            "qos_policy_id": "",
            "region": "RegionOne",
            "security_group_ids": [
              "7032396a-b6fe-4a21-9ad2-e5231a00b38c",
              "e755801b-c8e4-447e-8b5e-8a9ce211c12e"
            ],
            "tags": null,
            "tenant_id": "efa204b141a74532b47688871dabb69a",
            "timeouts": null,
            "value_specs": null
          },
          "private": "eyJlMmJmYjczMC1lY2FhLTExZTYtOGY4OC0zNDM2M2JjN2M0YzAiOnsiY3JlYXRlIjo2MDAwMDAwMDAwMDAsImRlbGV0ZSI6NjAwMDAwMDAwMDAwfX0=",
          "dependencies": [
            "openstack_networking_network_v2.vpc",
            "openstack_networking_subnet_v2.external"
          ]
        }
      ]
    },
    {
      "mode": "managed",
      "type": "openstack_networking_port_v2",
      "name": "ex-Container-registry",
      "each": "list",
      "provider": "provider.openstack",
      "instances": [
        {
          "index_key": 0,
          "schema_version": 0,
          "attributes": {
            "admin_state_up": true,
            "all_fixed_ips": [
              "55.55.55.223"
            ],
            "all_security_group_ids": [
              "7032396a-b6fe-4a21-9ad2-e5231a00b38c",
              "e755801b-c8e4-447e-8b5e-8a9ce211c12e"
            ],
            "all_tags": [],
            "allowed_address_pairs": [],
            "binding": [
              {
                "host_id": "",
                "profile": "null",
                "vif_details": {},
                "vif_type": "",
                "vnic_type": "normal"
              }
            ],
            "description": "",
            "device_id": "",
            "device_owner": "",
            "dns_assignment": [],
            "dns_name": "",
            "extra_dhcp_option": [],
            "fixed_ip": [
              {
                "ip_address": "",
                "subnet_id": "3c771076-91f8-4732-808b-6cb2361eff28"
              }
            ],
            "id": "9d7b71ba-030a-46e2-b762-a3d56421ae54",
            "mac_address": "fa:16:3e:cd:9f:70",
            "name": "external-Container-registry-0",
            "network_id": "6674a998-cf07-4abb-baba-06b0eba40210",
            "no_fixed_ip": null,
            "no_security_groups": null,
            "port_security_enabled": true,
            "qos_policy_id": "",
            "region": "RegionOne",
            "security_group_ids": [
              "7032396a-b6fe-4a21-9ad2-e5231a00b38c",
              "e755801b-c8e4-447e-8b5e-8a9ce211c12e"
            ],
            "tags": null,
            "tenant_id": "efa204b141a74532b47688871dabb69a",
            "timeouts": null,
            "value_specs": null
          },
          "private": "eyJlMmJmYjczMC1lY2FhLTExZTYtOGY4OC0zNDM2M2JjN2M0YzAiOnsiY3JlYXRlIjo2MDAwMDAwMDAwMDAsImRlbGV0ZSI6NjAwMDAwMDAwMDAwfX0=",
          "dependencies": [
            "openstack_networking_network_v2.vpc",
            "openstack_networking_subnet_v2.external"
          ]
        }
      ]
    },
    {
      "mode": "managed",
      "type": "openstack_networking_port_v2",
      "name": "ex-External-backend",
      "each": "list",
      "provider": "provider.openstack",
      "instances": [
        {
          "index_key": 0,
          "schema_version": 0,
          "attributes": {
            "admin_state_up": true,
            "all_fixed_ips": [
              "55.55.55.101"
            ],
            "all_security_group_ids": [
              "7032396a-b6fe-4a21-9ad2-e5231a00b38c",
              "e755801b-c8e4-447e-8b5e-8a9ce211c12e"
            ],
            "all_tags": [],
            "allowed_address_pairs": [],
            "binding": [
              {
                "host_id": "",
                "profile": "null",
                "vif_details": {},
                "vif_type": "",
                "vnic_type": "normal"
              }
            ],
            "description": "",
            "device_id": "",
            "device_owner": "",
            "dns_assignment": [],
            "dns_name": "",
            "extra_dhcp_option": [],
            "fixed_ip": [
              {
                "ip_address": "",
                "subnet_id": "3c771076-91f8-4732-808b-6cb2361eff28"
              }
            ],
            "id": "0f13eacb-33f1-45a6-93fb-7a8ecb4f3b04",
            "mac_address": "fa:16:3e:ef:32:44",
            "name": "external-External-backend-0",
            "network_id": "6674a998-cf07-4abb-baba-06b0eba40210",
            "no_fixed_ip": null,
            "no_security_groups": null,
            "port_security_enabled": true,
            "qos_policy_id": "",
            "region": "RegionOne",
            "security_group_ids": [
              "7032396a-b6fe-4a21-9ad2-e5231a00b38c",
              "e755801b-c8e4-447e-8b5e-8a9ce211c12e"
            ],
            "tags": null,
            "tenant_id": "efa204b141a74532b47688871dabb69a",
            "timeouts": null,
            "value_specs": null
          },
          "private": "eyJlMmJmYjczMC1lY2FhLTExZTYtOGY4OC0zNDM2M2JjN2M0YzAiOnsiY3JlYXRlIjo2MDAwMDAwMDAwMDAsImRlbGV0ZSI6NjAwMDAwMDAwMDAwfX0=",
          "dependencies": [
            "openstack_networking_network_v2.vpc",
            "openstack_networking_subnet_v2.external"
          ]
        }
      ]
    },
    {
      "mode": "managed",
      "type": "openstack_networking_port_v2",
      "name": "ex-K8s-master",
      "each": "list",
      "provider": "provider.openstack",
      "instances": [
        {
          "index_key": 0,
          "schema_version": 0,
          "attributes": {
            "admin_state_up": true,
            "all_fixed_ips": [
              "55.55.55.41"
            ],
            "all_security_group_ids": [
              "7032396a-b6fe-4a21-9ad2-e5231a00b38c",
              "e755801b-c8e4-447e-8b5e-8a9ce211c12e"
            ],
            "all_tags": [],
            "allowed_address_pairs": [],
            "binding": [
              {
                "host_id": "",
                "profile": "null",
                "vif_details": {},
                "vif_type": "",
                "vnic_type": "normal"
              }
            ],
            "description": "",
            "device_id": "",
            "device_owner": "",
            "dns_assignment": [],
            "dns_name": "",
            "extra_dhcp_option": [],
            "fixed_ip": [
              {
                "ip_address": "",
                "subnet_id": "3c771076-91f8-4732-808b-6cb2361eff28"
              }
            ],
            "id": "11c19adc-d60c-42cd-b8fe-3819788665d5",
            "mac_address": "fa:16:3e:7e:46:1f",
            "name": "external-K8s-master-0",
            "network_id": "6674a998-cf07-4abb-baba-06b0eba40210",
            "no_fixed_ip": null,
            "no_security_groups": null,
            "port_security_enabled": true,
            "qos_policy_id": "",
            "region": "RegionOne",
            "security_group_ids": [
              "7032396a-b6fe-4a21-9ad2-e5231a00b38c",
              "e755801b-c8e4-447e-8b5e-8a9ce211c12e"
            ],
            "tags": null,
            "tenant_id": "efa204b141a74532b47688871dabb69a",
            "timeouts": null,
            "value_specs": null
          },
          "private": "eyJlMmJmYjczMC1lY2FhLTExZTYtOGY4OC0zNDM2M2JjN2M0YzAiOnsiY3JlYXRlIjo2MDAwMDAwMDAwMDAsImRlbGV0ZSI6NjAwMDAwMDAwMDAwfX0=",
          "dependencies": [
            "openstack_networking_network_v2.vpc",
            "openstack_networking_subnet_v2.external"
          ]
        }
      ]
    },
    {
      "mode": "managed",
      "type": "openstack_networking_port_v2",
      "name": "ex-K8s-worker",
      "each": "list",
      "provider": "provider.openstack",
      "instances": [
        {
          "index_key": 0,
          "schema_version": 0,
          "attributes": {
            "admin_state_up": true,
            "all_fixed_ips": [
              "55.55.55.156"
            ],
            "all_security_group_ids": [
              "7032396a-b6fe-4a21-9ad2-e5231a00b38c",
              "e755801b-c8e4-447e-8b5e-8a9ce211c12e"
            ],
            "all_tags": [],
            "allowed_address_pairs": [],
            "binding": [
              {
                "host_id": "",
                "profile": "null",
                "vif_details": {},
                "vif_type": "",
                "vnic_type": "normal"
              }
            ],
            "description": "",
            "device_id": "",
            "device_owner": "",
            "dns_assignment": [],
            "dns_name": "",
            "extra_dhcp_option": [],
            "fixed_ip": [
              {
                "ip_address": "",
                "subnet_id": "3c771076-91f8-4732-808b-6cb2361eff28"
              }
            ],
            "id": "00ea585c-d839-4895-9b18-8bfd6b0bd03d",
            "mac_address": "fa:16:3e:09:0e:de",
            "name": "external-K8s-worker-0",
            "network_id": "6674a998-cf07-4abb-baba-06b0eba40210",
            "no_fixed_ip": null,
            "no_security_groups": null,
            "port_security_enabled": true,
            "qos_policy_id": "",
            "region": "RegionOne",
            "security_group_ids": [
              "7032396a-b6fe-4a21-9ad2-e5231a00b38c",
              "e755801b-c8e4-447e-8b5e-8a9ce211c12e"
            ],
            "tags": null,
            "tenant_id": "efa204b141a74532b47688871dabb69a",
            "timeouts": null,
            "value_specs": null
          },
          "private": "eyJlMmJmYjczMC1lY2FhLTExZTYtOGY4OC0zNDM2M2JjN2M0YzAiOnsiY3JlYXRlIjo2MDAwMDAwMDAwMDAsImRlbGV0ZSI6NjAwMDAwMDAwMDAwfX0=",
          "dependencies": [
            "openstack_networking_network_v2.vpc",
            "openstack_networking_subnet_v2.external"
          ]
        },
        {
          "index_key": 1,
          "schema_version": 0,
          "attributes": {
            "admin_state_up": true,
            "all_fixed_ips": [
              "55.55.55.26"
            ],
            "all_security_group_ids": [
              "7032396a-b6fe-4a21-9ad2-e5231a00b38c",
              "e755801b-c8e4-447e-8b5e-8a9ce211c12e"
            ],
            "all_tags": [],
            "allowed_address_pairs": [],
            "binding": [
              {
                "host_id": "",
                "profile": "null",
                "vif_details": {},
                "vif_type": "",
                "vnic_type": "normal"
              }
            ],
            "description": "",
            "device_id": "",
            "device_owner": "",
            "dns_assignment": [],
            "dns_name": "",
            "extra_dhcp_option": [],
            "fixed_ip": [
              {
                "ip_address": "",
                "subnet_id": "3c771076-91f8-4732-808b-6cb2361eff28"
              }
            ],
            "id": "ea2d286b-bf4f-4a73-baf9-c4c5e11ae2d6",
            "mac_address": "fa:16:3e:f4:d9:78",
            "name": "external-K8s-worker-1",
            "network_id": "6674a998-cf07-4abb-baba-06b0eba40210",
            "no_fixed_ip": null,
            "no_security_groups": null,
            "port_security_enabled": true,
            "qos_policy_id": "",
            "region": "RegionOne",
            "security_group_ids": [
              "7032396a-b6fe-4a21-9ad2-e5231a00b38c",
              "e755801b-c8e4-447e-8b5e-8a9ce211c12e"
            ],
            "tags": null,
            "tenant_id": "efa204b141a74532b47688871dabb69a",
            "timeouts": null,
            "value_specs": null
          },
          "private": "eyJlMmJmYjczMC1lY2FhLTExZTYtOGY4OC0zNDM2M2JjN2M0YzAiOnsiY3JlYXRlIjo2MDAwMDAwMDAwMDAsImRlbGV0ZSI6NjAwMDAwMDAwMDAwfX0=",
          "dependencies": [
            "openstack_networking_network_v2.vpc",
            "openstack_networking_subnet_v2.external"
          ]
        },
        {
          "index_key": 2,
          "schema_version": 0,
          "attributes": {
            "admin_state_up": true,
            "all_fixed_ips": [
              "55.55.55.106"
            ],
            "all_security_group_ids": [
              "7032396a-b6fe-4a21-9ad2-e5231a00b38c",
              "e755801b-c8e4-447e-8b5e-8a9ce211c12e"
            ],
            "all_tags": [],
            "allowed_address_pairs": [],
            "binding": [
              {
                "host_id": "",
                "profile": "null",
                "vif_details": {},
                "vif_type": "",
                "vnic_type": "normal"
              }
            ],
            "description": "",
            "device_id": "",
            "device_owner": "",
            "dns_assignment": [],
            "dns_name": "",
            "extra_dhcp_option": [],
            "fixed_ip": [
              {
                "ip_address": "",
                "subnet_id": "3c771076-91f8-4732-808b-6cb2361eff28"
              }
            ],
            "id": "2a4afbd2-ed8f-4d6b-8111-ece4ccf5e21e",
            "mac_address": "fa:16:3e:7c:73:ea",
            "name": "external-K8s-worker-2",
            "network_id": "6674a998-cf07-4abb-baba-06b0eba40210",
            "no_fixed_ip": null,
            "no_security_groups": null,
            "port_security_enabled": true,
            "qos_policy_id": "",
            "region": "RegionOne",
            "security_group_ids": [
              "7032396a-b6fe-4a21-9ad2-e5231a00b38c",
              "e755801b-c8e4-447e-8b5e-8a9ce211c12e"
            ],
            "tags": null,
            "tenant_id": "efa204b141a74532b47688871dabb69a",
            "timeouts": null,
            "value_specs": null
          },
          "private": "eyJlMmJmYjczMC1lY2FhLTExZTYtOGY4OC0zNDM2M2JjN2M0YzAiOnsiY3JlYXRlIjo2MDAwMDAwMDAwMDAsImRlbGV0ZSI6NjAwMDAwMDAwMDAwfX0=",
          "dependencies": [
            "openstack_networking_network_v2.vpc",
            "openstack_networking_subnet_v2.external"
          ]
        },
        {
          "index_key": 3,
          "schema_version": 0,
          "attributes": {
            "admin_state_up": true,
            "all_fixed_ips": [
              "55.55.55.244"
            ],
            "all_security_group_ids": [
              "7032396a-b6fe-4a21-9ad2-e5231a00b38c",
              "e755801b-c8e4-447e-8b5e-8a9ce211c12e"
            ],
            "all_tags": [],
            "allowed_address_pairs": [],
            "binding": [
              {
                "host_id": "",
                "profile": "null",
                "vif_details": {},
                "vif_type": "",
                "vnic_type": "normal"
              }
            ],
            "description": "",
            "device_id": "",
            "device_owner": "",
            "dns_assignment": [],
            "dns_name": "",
            "extra_dhcp_option": [],
            "fixed_ip": [
              {
                "ip_address": "",
                "subnet_id": "3c771076-91f8-4732-808b-6cb2361eff28"
              }
            ],
            "id": "9db4f067-da5f-402e-9bcb-0f1a5ebe658f",
            "mac_address": "fa:16:3e:b9:c7:53",
            "name": "external-K8s-worker-3",
            "network_id": "6674a998-cf07-4abb-baba-06b0eba40210",
            "no_fixed_ip": null,
            "no_security_groups": null,
            "port_security_enabled": true,
            "qos_policy_id": "",
            "region": "RegionOne",
            "security_group_ids": [
              "7032396a-b6fe-4a21-9ad2-e5231a00b38c",
              "e755801b-c8e4-447e-8b5e-8a9ce211c12e"
            ],
            "tags": null,
            "tenant_id": "efa204b141a74532b47688871dabb69a",
            "timeouts": null,
            "value_specs": null
          },
          "private": "eyJlMmJmYjczMC1lY2FhLTExZTYtOGY4OC0zNDM2M2JjN2M0YzAiOnsiY3JlYXRlIjo2MDAwMDAwMDAwMDAsImRlbGV0ZSI6NjAwMDAwMDAwMDAwfX0=",
          "dependencies": [
            "openstack_networking_network_v2.vpc",
            "openstack_networking_subnet_v2.external"
          ]
        }
      ]
    },
    {
      "mode": "managed",
      "type": "openstack_networking_port_v2",
      "name": "in-Admin",
      "each": "list",
      "provider": "provider.openstack",
      "instances": [
        {
          "index_key": 0,
          "schema_version": 0,
          "attributes": {
            "admin_state_up": true,
            "all_fixed_ips": [
              "10.10.10.21"
            ],
            "all_security_group_ids": [
              "652547ed-9e4b-45ed-8c8e-91a4bed5d511",
              "7032396a-b6fe-4a21-9ad2-e5231a00b38c"
            ],
            "all_tags": [],
            "allowed_address_pairs": [],
            "binding": [
              {
                "host_id": "",
                "profile": "null",
                "vif_details": {},
                "vif_type": "",
                "vnic_type": "normal"
              }
            ],
            "description": "",
            "device_id": "",
            "device_owner": "",
            "dns_assignment": [],
            "dns_name": "",
            "extra_dhcp_option": [],
            "fixed_ip": [
              {
                "ip_address": "",
                "subnet_id": "d5d0d4cb-45ae-4ad2-90a0-3aec2bb10e95"
              }
            ],
            "id": "e3682204-5dbf-4de1-b974-0946419d5aff",
            "mac_address": "fa:16:3e:cf:ac:0e",
            "name": "internal-Admin-0",
            "network_id": "6674a998-cf07-4abb-baba-06b0eba40210",
            "no_fixed_ip": null,
            "no_security_groups": null,
            "port_security_enabled": true,
            "qos_policy_id": "",
            "region": "RegionOne",
            "security_group_ids": [
              "652547ed-9e4b-45ed-8c8e-91a4bed5d511",
              "7032396a-b6fe-4a21-9ad2-e5231a00b38c"
            ],
            "tags": null,
            "tenant_id": "efa204b141a74532b47688871dabb69a",
            "timeouts": null,
            "value_specs": null
          },
          "private": "eyJlMmJmYjczMC1lY2FhLTExZTYtOGY4OC0zNDM2M2JjN2M0YzAiOnsiY3JlYXRlIjo2MDAwMDAwMDAwMDAsImRlbGV0ZSI6NjAwMDAwMDAwMDAwfX0=",
          "dependencies": [
            "openstack_networking_network_v2.vpc",
            "openstack_networking_subnet_v2.internal"
          ]
        }
      ]
    },
    {
      "mode": "managed",
      "type": "openstack_networking_port_v2",
      "name": "in-Ceph-storage",
      "each": "list",
      "provider": "provider.openstack",
      "instances": [
        {
          "index_key": 0,
          "schema_version": 0,
          "attributes": {
            "admin_state_up": true,
            "all_fixed_ips": [
              "10.10.10.87"
            ],
            "all_security_group_ids": [
              "652547ed-9e4b-45ed-8c8e-91a4bed5d511",
              "7032396a-b6fe-4a21-9ad2-e5231a00b38c"
            ],
            "all_tags": [],
            "allowed_address_pairs": [],
            "binding": [
              {
                "host_id": "",
                "profile": "null",
                "vif_details": {},
                "vif_type": "",
                "vnic_type": "normal"
              }
            ],
            "description": "",
            "device_id": "",
            "device_owner": "",
            "dns_assignment": [],
            "dns_name": "",
            "extra_dhcp_option": [],
            "fixed_ip": [
              {
                "ip_address": "",
                "subnet_id": "d5d0d4cb-45ae-4ad2-90a0-3aec2bb10e95"
              }
            ],
            "id": "8a71df07-051d-49dc-818f-9f1c52a6af0a",
            "mac_address": "fa:16:3e:e6:32:d7",
            "name": "internal-Ceph-storage-0",
            "network_id": "6674a998-cf07-4abb-baba-06b0eba40210",
            "no_fixed_ip": null,
            "no_security_groups": null,
            "port_security_enabled": true,
            "qos_policy_id": "",
            "region": "RegionOne",
            "security_group_ids": [
              "652547ed-9e4b-45ed-8c8e-91a4bed5d511",
              "7032396a-b6fe-4a21-9ad2-e5231a00b38c"
            ],
            "tags": null,
            "tenant_id": "efa204b141a74532b47688871dabb69a",
            "timeouts": null,
            "value_specs": null
          },
          "private": "eyJlMmJmYjczMC1lY2FhLTExZTYtOGY4OC0zNDM2M2JjN2M0YzAiOnsiY3JlYXRlIjo2MDAwMDAwMDAwMDAsImRlbGV0ZSI6NjAwMDAwMDAwMDAwfX0=",
          "dependencies": [
            "openstack_networking_network_v2.vpc",
            "openstack_networking_subnet_v2.internal"
          ]
        },
        {
          "index_key": 1,
          "schema_version": 0,
          "attributes": {
            "admin_state_up": true,
            "all_fixed_ips": [
              "10.10.10.13"
            ],
            "all_security_group_ids": [
              "652547ed-9e4b-45ed-8c8e-91a4bed5d511",
              "7032396a-b6fe-4a21-9ad2-e5231a00b38c"
            ],
            "all_tags": [],
            "allowed_address_pairs": [],
            "binding": [
              {
                "host_id": "",
                "profile": "null",
                "vif_details": {},
                "vif_type": "",
                "vnic_type": "normal"
              }
            ],
            "description": "",
            "device_id": "",
            "device_owner": "",
            "dns_assignment": [],
            "dns_name": "",
            "extra_dhcp_option": [],
            "fixed_ip": [
              {
                "ip_address": "",
                "subnet_id": "d5d0d4cb-45ae-4ad2-90a0-3aec2bb10e95"
              }
            ],
            "id": "f5344e48-f24e-44c6-8633-fbf9697918bb",
            "mac_address": "fa:16:3e:04:c6:1a",
            "name": "internal-Ceph-storage-1",
            "network_id": "6674a998-cf07-4abb-baba-06b0eba40210",
            "no_fixed_ip": null,
            "no_security_groups": null,
            "port_security_enabled": true,
            "qos_policy_id": "",
            "region": "RegionOne",
            "security_group_ids": [
              "652547ed-9e4b-45ed-8c8e-91a4bed5d511",
              "7032396a-b6fe-4a21-9ad2-e5231a00b38c"
            ],
            "tags": null,
            "tenant_id": "efa204b141a74532b47688871dabb69a",
            "timeouts": null,
            "value_specs": null
          },
          "private": "eyJlMmJmYjczMC1lY2FhLTExZTYtOGY4OC0zNDM2M2JjN2M0YzAiOnsiY3JlYXRlIjo2MDAwMDAwMDAwMDAsImRlbGV0ZSI6NjAwMDAwMDAwMDAwfX0=",
          "dependencies": [
            "openstack_networking_network_v2.vpc",
            "openstack_networking_subnet_v2.internal"
          ]
        }
      ]
    },
    {
      "mode": "managed",
      "type": "openstack_networking_port_v2",
      "name": "in-K8s-master",
      "each": "list",
      "provider": "provider.openstack",
      "instances": [
        {
          "index_key": 0,
          "schema_version": 0,
          "attributes": {
            "admin_state_up": true,
            "all_fixed_ips": [
              "10.10.10.126"
            ],
            "all_security_group_ids": [
              "652547ed-9e4b-45ed-8c8e-91a4bed5d511",
              "7032396a-b6fe-4a21-9ad2-e5231a00b38c"
            ],
            "all_tags": [],
            "allowed_address_pairs": [],
            "binding": [
              {
                "host_id": "",
                "profile": "null",
                "vif_details": {},
                "vif_type": "",
                "vnic_type": "normal"
              }
            ],
            "description": "",
            "device_id": "",
            "device_owner": "",
            "dns_assignment": [],
            "dns_name": "",
            "extra_dhcp_option": [],
            "fixed_ip": [
              {
                "ip_address": "",
                "subnet_id": "d5d0d4cb-45ae-4ad2-90a0-3aec2bb10e95"
              }
            ],
            "id": "a547d851-6d33-4633-8132-41a5a367decc",
            "mac_address": "fa:16:3e:af:7c:fa",
            "name": "internal-K8s-master-0",
            "network_id": "6674a998-cf07-4abb-baba-06b0eba40210",
            "no_fixed_ip": null,
            "no_security_groups": null,
            "port_security_enabled": true,
            "qos_policy_id": "",
            "region": "RegionOne",
            "security_group_ids": [
              "652547ed-9e4b-45ed-8c8e-91a4bed5d511",
              "7032396a-b6fe-4a21-9ad2-e5231a00b38c"
            ],
            "tags": null,
            "tenant_id": "efa204b141a74532b47688871dabb69a",
            "timeouts": null,
            "value_specs": null
          },
          "private": "eyJlMmJmYjczMC1lY2FhLTExZTYtOGY4OC0zNDM2M2JjN2M0YzAiOnsiY3JlYXRlIjo2MDAwMDAwMDAwMDAsImRlbGV0ZSI6NjAwMDAwMDAwMDAwfX0=",
          "dependencies": [
            "openstack_networking_network_v2.vpc",
            "openstack_networking_subnet_v2.internal"
          ]
        }
      ]
    },
    {
      "mode": "managed",
      "type": "openstack_networking_port_v2",
      "name": "in-K8s-worker",
      "each": "list",
      "provider": "provider.openstack",
      "instances": [
        {
          "index_key": 0,
          "schema_version": 0,
          "attributes": {
            "admin_state_up": true,
            "all_fixed_ips": [
              "10.10.10.6"
            ],
            "all_security_group_ids": [
              "652547ed-9e4b-45ed-8c8e-91a4bed5d511",
              "7032396a-b6fe-4a21-9ad2-e5231a00b38c"
            ],
            "all_tags": [],
            "allowed_address_pairs": [],
            "binding": [
              {
                "host_id": "",
                "profile": "null",
                "vif_details": {},
                "vif_type": "",
                "vnic_type": "normal"
              }
            ],
            "description": "",
            "device_id": "",
            "device_owner": "",
            "dns_assignment": [],
            "dns_name": "",
            "extra_dhcp_option": [],
            "fixed_ip": [
              {
                "ip_address": "",
                "subnet_id": "d5d0d4cb-45ae-4ad2-90a0-3aec2bb10e95"
              }
            ],
            "id": "fba07e24-37e2-4035-9d29-41aac6bb3f05",
            "mac_address": "fa:16:3e:38:4e:11",
            "name": "internal-K8s-worker-0",
            "network_id": "6674a998-cf07-4abb-baba-06b0eba40210",
            "no_fixed_ip": null,
            "no_security_groups": null,
            "port_security_enabled": true,
            "qos_policy_id": "",
            "region": "RegionOne",
            "security_group_ids": [
              "652547ed-9e4b-45ed-8c8e-91a4bed5d511",
              "7032396a-b6fe-4a21-9ad2-e5231a00b38c"
            ],
            "tags": null,
            "tenant_id": "efa204b141a74532b47688871dabb69a",
            "timeouts": null,
            "value_specs": null
          },
          "private": "eyJlMmJmYjczMC1lY2FhLTExZTYtOGY4OC0zNDM2M2JjN2M0YzAiOnsiY3JlYXRlIjo2MDAwMDAwMDAwMDAsImRlbGV0ZSI6NjAwMDAwMDAwMDAwfX0=",
          "dependencies": [
            "openstack_networking_network_v2.vpc",
            "openstack_networking_subnet_v2.internal"
          ]
        },
        {
          "index_key": 1,
          "schema_version": 0,
          "attributes": {
            "admin_state_up": true,
            "all_fixed_ips": [
              "10.10.10.116"
            ],
            "all_security_group_ids": [
              "652547ed-9e4b-45ed-8c8e-91a4bed5d511",
              "7032396a-b6fe-4a21-9ad2-e5231a00b38c"
            ],
            "all_tags": [],
            "allowed_address_pairs": [],
            "binding": [
              {
                "host_id": "",
                "profile": "null",
                "vif_details": {},
                "vif_type": "",
                "vnic_type": "normal"
              }
            ],
            "description": "",
            "device_id": "",
            "device_owner": "",
            "dns_assignment": [],
            "dns_name": "",
            "extra_dhcp_option": [],
            "fixed_ip": [
              {
                "ip_address": "",
                "subnet_id": "d5d0d4cb-45ae-4ad2-90a0-3aec2bb10e95"
              }
            ],
            "id": "8025ff0b-fe96-4427-a653-e0a4de68bc0f",
            "mac_address": "fa:16:3e:d9:04:c2",
            "name": "internal-K8s-worker-1",
            "network_id": "6674a998-cf07-4abb-baba-06b0eba40210",
            "no_fixed_ip": null,
            "no_security_groups": null,
            "port_security_enabled": true,
            "qos_policy_id": "",
            "region": "RegionOne",
            "security_group_ids": [
              "652547ed-9e4b-45ed-8c8e-91a4bed5d511",
              "7032396a-b6fe-4a21-9ad2-e5231a00b38c"
            ],
            "tags": null,
            "tenant_id": "efa204b141a74532b47688871dabb69a",
            "timeouts": null,
            "value_specs": null
          },
          "private": "eyJlMmJmYjczMC1lY2FhLTExZTYtOGY4OC0zNDM2M2JjN2M0YzAiOnsiY3JlYXRlIjo2MDAwMDAwMDAwMDAsImRlbGV0ZSI6NjAwMDAwMDAwMDAwfX0=",
          "dependencies": [
            "openstack_networking_network_v2.vpc",
            "openstack_networking_subnet_v2.internal"
          ]
        },
        {
          "index_key": 2,
          "schema_version": 0,
          "attributes": {
            "admin_state_up": true,
            "all_fixed_ips": [
              "10.10.10.243"
            ],
            "all_security_group_ids": [
              "652547ed-9e4b-45ed-8c8e-91a4bed5d511",
              "7032396a-b6fe-4a21-9ad2-e5231a00b38c"
            ],
            "all_tags": [],
            "allowed_address_pairs": [],
            "binding": [
              {
                "host_id": "",
                "profile": "null",
                "vif_details": {},
                "vif_type": "",
                "vnic_type": "normal"
              }
            ],
            "description": "",
            "device_id": "",
            "device_owner": "",
            "dns_assignment": [],
            "dns_name": "",
            "extra_dhcp_option": [],
            "fixed_ip": [
              {
                "ip_address": "",
                "subnet_id": "d5d0d4cb-45ae-4ad2-90a0-3aec2bb10e95"
              }
            ],
            "id": "1fe52729-16e2-4309-98f4-dae52520e8ad",
            "mac_address": "fa:16:3e:3e:c1:32",
            "name": "internal-K8s-worker-2",
            "network_id": "6674a998-cf07-4abb-baba-06b0eba40210",
            "no_fixed_ip": null,
            "no_security_groups": null,
            "port_security_enabled": true,
            "qos_policy_id": "",
            "region": "RegionOne",
            "security_group_ids": [
              "652547ed-9e4b-45ed-8c8e-91a4bed5d511",
              "7032396a-b6fe-4a21-9ad2-e5231a00b38c"
            ],
            "tags": null,
            "tenant_id": "efa204b141a74532b47688871dabb69a",
            "timeouts": null,
            "value_specs": null
          },
          "private": "eyJlMmJmYjczMC1lY2FhLTExZTYtOGY4OC0zNDM2M2JjN2M0YzAiOnsiY3JlYXRlIjo2MDAwMDAwMDAwMDAsImRlbGV0ZSI6NjAwMDAwMDAwMDAwfX0=",
          "dependencies": [
            "openstack_networking_network_v2.vpc",
            "openstack_networking_subnet_v2.internal"
          ]
        },
        {
          "index_key": 3,
          "schema_version": 0,
          "attributes": {
            "admin_state_up": true,
            "all_fixed_ips": [
              "10.10.10.58"
            ],
            "all_security_group_ids": [
              "652547ed-9e4b-45ed-8c8e-91a4bed5d511",
              "7032396a-b6fe-4a21-9ad2-e5231a00b38c"
            ],
            "all_tags": [],
            "allowed_address_pairs": [],
            "binding": [
              {
                "host_id": "",
                "profile": "null",
                "vif_details": {},
                "vif_type": "",
                "vnic_type": "normal"
              }
            ],
            "description": "",
            "device_id": "",
            "device_owner": "",
            "dns_assignment": [],
            "dns_name": "",
            "extra_dhcp_option": [],
            "fixed_ip": [
              {
                "ip_address": "",
                "subnet_id": "d5d0d4cb-45ae-4ad2-90a0-3aec2bb10e95"
              }
            ],
            "id": "038133e3-2388-4095-8f5f-9e99c40c3c3e",
            "mac_address": "fa:16:3e:a8:c1:d3",
            "name": "internal-K8s-worker-3",
            "network_id": "6674a998-cf07-4abb-baba-06b0eba40210",
            "no_fixed_ip": null,
            "no_security_groups": null,
            "port_security_enabled": true,
            "qos_policy_id": "",
            "region": "RegionOne",
            "security_group_ids": [
              "652547ed-9e4b-45ed-8c8e-91a4bed5d511",
              "7032396a-b6fe-4a21-9ad2-e5231a00b38c"
            ],
            "tags": null,
            "tenant_id": "efa204b141a74532b47688871dabb69a",
            "timeouts": null,
            "value_specs": null
          },
          "private": "eyJlMmJmYjczMC1lY2FhLTExZTYtOGY4OC0zNDM2M2JjN2M0YzAiOnsiY3JlYXRlIjo2MDAwMDAwMDAwMDAsImRlbGV0ZSI6NjAwMDAwMDAwMDAwfX0=",
          "dependencies": [
            "openstack_networking_network_v2.vpc",
            "openstack_networking_subnet_v2.internal"
          ]
        }
      ]
    },
    {
      "mode": "managed",
      "type": "openstack_networking_router_interface_v2",
      "name": "external",
      "provider": "provider.openstack",
      "instances": [
        {
          "schema_version": 0,
          "attributes": {
            "id": "af5c3bfc-22af-47a5-beb6-bb6e969542d8",
            "port_id": "af5c3bfc-22af-47a5-beb6-bb6e969542d8",
            "region": "RegionOne",
            "router_id": "58a4ec80-45da-424c-9803-df481ef36895",
            "subnet_id": "3c771076-91f8-4732-808b-6cb2361eff28",
            "timeouts": null
          },
          "private": "eyJlMmJmYjczMC1lY2FhLTExZTYtOGY4OC0zNDM2M2JjN2M0YzAiOnsiY3JlYXRlIjo2MDAwMDAwMDAwMDAsImRlbGV0ZSI6NjAwMDAwMDAwMDAwfX0=",
          "dependencies": [
            "openstack_networking_network_v2.vpc",
            "openstack_networking_subnet_v2.external"
          ]
        }
      ]
    },
    {
      "mode": "managed",
      "type": "openstack_networking_subnet_v2",
      "name": "external",
      "provider": "provider.openstack",
      "instances": [
        {
          "schema_version": 0,
          "attributes": {
            "all_tags": [],
            "allocation_pool": [
              {
                "end": "55.55.55.254",
                "start": "55.55.55.2"
              }
            ],
            "allocation_pools": [
              {
                "end": "55.55.55.254",
                "start": "55.55.55.2"
              }
            ],
            "cidr": "55.55.55.0/24",
            "description": "",
            "dns_nameservers": [
              "8.8.8.8",
              "8.8.8.4"
            ],
            "enable_dhcp": true,
            "gateway_ip": "55.55.55.1",
            "host_routes": [],
            "id": "3c771076-91f8-4732-808b-6cb2361eff28",
            "ip_version": 4,
            "ipv6_address_mode": "",
            "ipv6_ra_mode": "",
            "name": "external-subnet",
            "network_id": "6674a998-cf07-4abb-baba-06b0eba40210",
            "no_gateway": false,
            "prefix_length": null,
            "region": "RegionOne",
            "subnetpool_id": "",
            "tags": null,
            "tenant_id": "efa204b141a74532b47688871dabb69a",
            "timeouts": null,
            "value_specs": null
          },
          "private": "eyJlMmJmYjczMC1lY2FhLTExZTYtOGY4OC0zNDM2M2JjN2M0YzAiOnsiY3JlYXRlIjo2MDAwMDAwMDAwMDAsImRlbGV0ZSI6NjAwMDAwMDAwMDAwfX0=",
          "dependencies": [
            "openstack_networking_network_v2.vpc"
          ]
        }
      ]
    },
    {
      "mode": "managed",
      "type": "openstack_networking_subnet_v2",
      "name": "internal",
      "provider": "provider.openstack",
      "instances": [
        {
          "schema_version": 0,
          "attributes": {
            "all_tags": [],
            "allocation_pool": [
              {
                "end": "10.10.10.254",
                "start": "10.10.10.2"
              }
            ],
            "allocation_pools": [
              {
                "end": "10.10.10.254",
                "start": "10.10.10.2"
              }
            ],
            "cidr": "10.10.10.0/24",
            "description": "",
            "dns_nameservers": [
              "8.8.8.8",
              "8.8.8.4"
            ],
            "enable_dhcp": true,
            "gateway_ip": "10.10.10.1",
            "host_routes": [],
            "id": "d5d0d4cb-45ae-4ad2-90a0-3aec2bb10e95",
            "ip_version": 4,
            "ipv6_address_mode": "",
            "ipv6_ra_mode": "",
            "name": "internal-subnet",
            "network_id": "6674a998-cf07-4abb-baba-06b0eba40210",
            "no_gateway": false,
            "prefix_length": null,
            "region": "RegionOne",
            "subnetpool_id": "",
            "tags": null,
            "tenant_id": "efa204b141a74532b47688871dabb69a",
            "timeouts": null,
            "value_specs": null
          },
          "private": "eyJlMmJmYjczMC1lY2FhLTExZTYtOGY4OC0zNDM2M2JjN2M0YzAiOnsiY3JlYXRlIjo2MDAwMDAwMDAwMDAsImRlbGV0ZSI6NjAwMDAwMDAwMDAwfX0=",
          "dependencies": [
            "openstack_networking_network_v2.vpc"
          ]
        }
      ]
    }
  ]
}
